// !$*UTF8*$!
{
	archiveVersion = 1;
	classes = {
	};
	objectVersion = 46;
	objects = {

/* Begin PBXBuildFile section */
		2800ED721D89A6BE00718706 /* AdSupport.framework in Frameworks */ = {isa = PBXBuildFile; fileRef = 2800ED711D89A6BE00718706 /* AdSupport.framework */; };
		28167C4F1D8E943C00257826 /* iOSMobFoxPluginLibWrapper.m in Sources */ = {isa = PBXBuildFile; fileRef = 28167C4E1D8E943C00257826 /* iOSMobFoxPluginLibWrapper.m */; };
		281C43961D8719DE005E11F6 /* iOSMobFoxPluginLib.m in Sources */ = {isa = PBXBuildFile; fileRef = 281C43951D8719DE005E11F6 /* iOSMobFoxPluginLib.m */; };
		282B6F611D8EAC430073EF2B /* iToast.m in Sources */ = {isa = PBXBuildFile; fileRef = 282B6F5F1D8EAC430073EF2B /* iToast.m */; };
		283C5EDA1E07BEA30013C6FF /* MobFoxSDKCore.framework in Frameworks */ = {isa = PBXBuildFile; fileRef = 283C5ED81E07BEA30013C6FF /* MobFoxSDKCore.framework */; };
		283C5EDB1E07BEA30013C6FF /* MobFoxSDKCore.bundle in Resources */ = {isa = PBXBuildFile; fileRef = 283C5ED91E07BEA30013C6FF /* MobFoxSDKCore.bundle */; };
/* End PBXBuildFile section */

/* Begin PBXCopyFilesBuildPhase section */
		281C438E1D8719DE005E11F6 /* CopyFiles */ = {
			isa = PBXCopyFilesBuildPhase;
			buildActionMask = 2147483647;
			dstPath = "include/$(PRODUCT_NAME)";
			dstSubfolderSpec = 16;
			files = (
			);
			runOnlyForDeploymentPostprocessing = 0;
		};
/* End PBXCopyFilesBuildPhase section */

/* Begin PBXFileReference section */
		2800ED711D89A6BE00718706 /* AdSupport.framework */ = {isa = PBXFileReference; lastKnownFileType = wrapper.framework; name = AdSupport.framework; path = System/Library/Frameworks/AdSupport.framework; sourceTree = SDKROOT; };
		28167C4D1D8E943C00257826 /* iOSMobFoxPluginLibWrapper.h */ = {isa = PBXFileReference; fileEncoding = 4; lastKnownFileType = sourcecode.c.h; path = iOSMobFoxPluginLibWrapper.h; sourceTree = "<group>"; };
		28167C4E1D8E943C00257826 /* iOSMobFoxPluginLibWrapper.m */ = {isa = PBXFileReference; fileEncoding = 4; lastKnownFileType = sourcecode.c.objc; path = iOSMobFoxPluginLibWrapper.m; sourceTree = "<group>"; };
		281C43901D8719DE005E11F6 /* libiOSMobFoxPluginLib.a */ = {isa = PBXFileReference; explicitFileType = archive.ar; includeInIndex = 0; path = libiOSMobFoxPluginLib.a; sourceTree = BUILT_PRODUCTS_DIR; };
		281C43951D8719DE005E11F6 /* iOSMobFoxPluginLib.m */ = {isa = PBXFileReference; lastKnownFileType = sourcecode.c.objc; path = iOSMobFoxPluginLib.m; sourceTree = "<group>"; };
		281C439C1D871C42005E11F6 /* FlashRuntimeExtensions.h */ = {isa = PBXFileReference; fileEncoding = 4; lastKnownFileType = sourcecode.c.h; path = FlashRuntimeExtensions.h; sourceTree = "<group>"; };
		282B6F5F1D8EAC430073EF2B /* iToast.m */ = {isa = PBXFileReference; fileEncoding = 4; lastKnownFileType = sourcecode.c.objc; path = iToast.m; sourceTree = "<group>"; };
		282B6F601D8EAC430073EF2B /* iToast.h */ = {isa = PBXFileReference; fileEncoding = 4; lastKnownFileType = sourcecode.c.h; path = iToast.h; sourceTree = "<group>"; };
		283C5ED81E07BEA30013C6FF /* MobFoxSDKCore.framework */ = {isa = PBXFileReference; lastKnownFileType = wrapper.framework; name = MobFoxSDKCore.framework; path = iOSMobFoxPluginLib/MobFoxSDKCore.embeddedframework/MobFoxSDKCore.framework; sourceTree = "<group>"; };
		283C5ED91E07BEA30013C6FF /* MobFoxSDKCore.bundle */ = {isa = PBXFileReference; lastKnownFileType = "wrapper.plug-in"; name = MobFoxSDKCore.bundle; path = iOSMobFoxPluginLib/MobFoxSDKCore.embeddedframework/MobFoxSDKCore.bundle; sourceTree = "<group>"; };
/* End PBXFileReference section */

/* Begin PBXFrameworksBuildPhase section */
		281C438D1D8719DE005E11F6 /* Frameworks */ = {
			isa = PBXFrameworksBuildPhase;
			buildActionMask = 2147483647;
			files = (
				2800ED721D89A6BE00718706 /* AdSupport.framework in Frameworks */,
				283C5EDA1E07BEA30013C6FF /* MobFoxSDKCore.framework in Frameworks */,
			);
			runOnlyForDeploymentPostprocessing = 0;
		};
/* End PBXFrameworksBuildPhase section */

/* Begin PBXGroup section */
		281C43871D8719DE005E11F6 = {
			isa = PBXGroup;
			children = (
				283C5ED71E07BE870013C6FF /* MobFoxSDKCore.embeddedframework */,
				2800ED711D89A6BE00718706 /* AdSupport.framework */,
				281C43921D8719DE005E11F6 /* iOSMobFoxPluginLib */,
				281C43911D8719DE005E11F6 /* Products */,
				289969991D91061D009A0C78 /* Frameworks */,
			);
			sourceTree = "<group>";
		};
		281C43911D8719DE005E11F6 /* Products */ = {
			isa = PBXGroup;
			children = (
				281C43901D8719DE005E11F6 /* libiOSMobFoxPluginLib.a */,
			);
			name = Products;
			sourceTree = "<group>";
		};
		281C43921D8719DE005E11F6 /* iOSMobFoxPluginLib */ = {
			isa = PBXGroup;
			children = (
				282B6F5F1D8EAC430073EF2B /* iToast.m */,
				282B6F601D8EAC430073EF2B /* iToast.h */,
				281C439C1D871C42005E11F6 /* FlashRuntimeExtensions.h */,
				281C43951D8719DE005E11F6 /* iOSMobFoxPluginLib.m */,
				28167C4D1D8E943C00257826 /* iOSMobFoxPluginLibWrapper.h */,
				28167C4E1D8E943C00257826 /* iOSMobFoxPluginLibWrapper.m */,
			);
			path = iOSMobFoxPluginLib;
			sourceTree = "<group>";
		};
		283C5ED71E07BE870013C6FF /* MobFoxSDKCore.embeddedframework */ = {
			isa = PBXGroup;
			children = (
				283C5ED81E07BEA30013C6FF /* MobFoxSDKCore.framework */,
				283C5ED91E07BEA30013C6FF /* MobFoxSDKCore.bundle */,
			);
			name = MobFoxSDKCore.embeddedframework;
			sourceTree = "<group>";
		};
		289969991D91061D009A0C78 /* Frameworks */ = {
			isa = PBXGroup;
			children = (
			);
			name = Frameworks;
			sourceTree = "<group>";
		};
/* End PBXGroup section */

/* Begin PBXNativeTarget section */
		281C438F1D8719DE005E11F6 /* iOSMobFoxPluginLib */ = {
			isa = PBXNativeTarget;
			buildConfigurationList = 281C43991D8719DE005E11F6 /* Build configuration list for PBXNativeTarget "iOSMobFoxPluginLib" */;
			buildPhases = (
				281C438C1D8719DE005E11F6 /* Sources */,
				281C438D1D8719DE005E11F6 /* Frameworks */,
				281C438E1D8719DE005E11F6 /* CopyFiles */,
				289969981D910600009A0C78 /* Resources */,
			);
			buildRules = (
			);
			dependencies = (
			);
			name = iOSMobFoxPluginLib;
			productName = iOSMobFoxPluginLib;
			productReference = 281C43901D8719DE005E11F6 /* libiOSMobFoxPluginLib.a */;
			productType = "com.apple.product-type.library.static";
		};
/* End PBXNativeTarget section */

/* Begin PBXProject section */
		281C43881D8719DE005E11F6 /* Project object */ = {
			isa = PBXProject;
			attributes = {
				LastUpgradeCheck = 0800;
				ORGANIZATIONNAME = "Shimon Shnitzer";
				TargetAttributes = {
					281C438F1D8719DE005E11F6 = {
						CreatedOnToolsVersion = 7.3.1;
					};
				};
			};
			buildConfigurationList = 281C438B1D8719DE005E11F6 /* Build configuration list for PBXProject "iOSMobFoxPluginLib" */;
			compatibilityVersion = "Xcode 3.2";
			developmentRegion = English;
			hasScannedForEncodings = 0;
			knownRegions = (
				en,
			);
			mainGroup = 281C43871D8719DE005E11F6;
			productRefGroup = 281C43911D8719DE005E11F6 /* Products */;
			projectDirPath = "";
			projectRoot = "";
			targets = (
				281C438F1D8719DE005E11F6 /* iOSMobFoxPluginLib */,
			);
		};
/* End PBXProject section */

/* Begin PBXResourcesBuildPhase section */
		289969981D910600009A0C78 /* Resources */ = {
			isa = PBXResourcesBuildPhase;
			buildActionMask = 2147483647;
			files = (
				283C5EDB1E07BEA30013C6FF /* MobFoxSDKCore.bundle in Resources */,
			);
			runOnlyForDeploymentPostprocessing = 0;
		};
/* End PBXResourcesBuildPhase section */

/* Begin PBXSourcesBuildPhase section */
		281C438C1D8719DE005E11F6 /* Sources */ = {
			isa = PBXSourcesBuildPhase;
			buildActionMask = 2147483647;
			files = (
				282B6F611D8EAC430073EF2B /* iToast.m in Sources */,
				281C43961D8719DE005E11F6 /* iOSMobFoxPluginLib.m in Sources */,
				28167C4F1D8E943C00257826 /* iOSMobFoxPluginLibWrapper.m in Sources */,
			);
			runOnlyForDeploymentPostprocessing = 0;
		};
/* End PBXSourcesBuildPhase section */

/* Begin XCBuildConfiguration section */
		281C43971D8719DE005E11F6 /* Debug */ = {
			isa = XCBuildConfiguration;
			buildSettings = {
				ALWAYS_SEARCH_USER_PATHS = NO;
				CLANG_ANALYZER_NONNULL = YES;
				CLANG_CXX_LANGUAGE_STANDARD = "gnu++0x";
				CLANG_CXX_LIBRARY = "libc++";
				CLANG_ENABLE_MODULES = YES;
				CLANG_ENABLE_OBJC_ARC = YES;
				CLANG_WARN_BOOL_CONVERSION = YES;
				CLANG_WARN_CONSTANT_CONVERSION = YES;
				CLANG_WARN_DIRECT_OBJC_ISA_USAGE = YES_ERROR;
				CLANG_WARN_EMPTY_BODY = YES;
				CLANG_WARN_ENUM_CONVERSION = YES;
				CLANG_WARN_INFINITE_RECURSION = YES;
				CLANG_WARN_INT_CONVERSION = YES;
				CLANG_WARN_OBJC_ROOT_CLASS = YES_ERROR;
				CLANG_WARN_SUSPICIOUS_MOVE = YES;
				CLANG_WARN_UNREACHABLE_CODE = YES;
				CLANG_WARN__DUPLICATE_METHOD_MATCH = YES;
				"CODE_SIGN_IDENTITY[sdk=iphoneos*]" = "iPhone Developer";
				COPY_PHASE_STRIP = NO;
				DEBUG_INFORMATION_FORMAT = dwarf;
				ENABLE_STRICT_OBJC_MSGSEND = YES;
				ENABLE_TESTABILITY = YES;
				GCC_C_LANGUAGE_STANDARD = gnu99;
				GCC_DYNAMIC_NO_PIC = NO;
				GCC_NO_COMMON_BLOCKS = YES;
				GCC_OPTIMIZATION_LEVEL = 0;
				GCC_PREPROCESSOR_DEFINITIONS = (
					"DEBUG=1",
					"$(inherited)",
				);
				GCC_WARN_64_TO_32_BIT_CONVERSION = YES;
				GCC_WARN_ABOUT_RETURN_TYPE = YES_ERROR;
				GCC_WARN_UNDECLARED_SELECTOR = YES;
				GCC_WARN_UNINITIALIZED_AUTOS = YES_AGGRESSIVE;
				GCC_WARN_UNUSED_FUNCTION = YES;
				GCC_WARN_UNUSED_VARIABLE = YES;
				IPHONEOS_DEPLOYMENT_TARGET = 9.3;
				MTL_ENABLE_DEBUG_INFO = YES;
				ONLY_ACTIVE_ARCH = YES;
				SDKROOT = iphoneos;
			};
			name = Debug;
		};
		281C43981D8719DE005E11F6 /* Release */ = {
			isa = XCBuildConfiguration;
			buildSettings = {
				ALWAYS_SEARCH_USER_PATHS = NO;
				CLANG_ANALYZER_NONNULL = YES;
				CLANG_CXX_LANGUAGE_STANDARD = "gnu++0x";
				CLANG_CXX_LIBRARY = "libc++";
				CLANG_ENABLE_MODULES = YES;
				CLANG_ENABLE_OBJC_ARC = YES;
				CLANG_WARN_BOOL_CONVERSION = YES;
				CLANG_WARN_CONSTANT_CONVERSION = YES;
				CLANG_WARN_DIRECT_OBJC_ISA_USAGE = YES_ERROR;
				CLANG_WARN_EMPTY_BODY = YES;
				CLANG_WARN_ENUM_CONVERSION = YES;
				CLANG_WARN_INFINITE_RECURSION = YES;
				CLANG_WARN_INT_CONVERSION = YES;
				CLANG_WARN_OBJC_ROOT_CLASS = YES_ERROR;
				CLANG_WARN_SUSPICIOUS_MOVE = YES;
				CLANG_WARN_UNREACHABLE_CODE = YES;
				CLANG_WARN__DUPLICATE_METHOD_MATCH = YES;
				"CODE_SIGN_IDENTITY[sdk=iphoneos*]" = "iPhone Developer";
				COPY_PHASE_STRIP = NO;
				DEBUG_INFORMATION_FORMAT = "dwarf-with-dsym";
				ENABLE_NS_ASSERTIONS = NO;
				ENABLE_STRICT_OBJC_MSGSEND = YES;
				GCC_C_LANGUAGE_STANDARD = gnu99;
				GCC_NO_COMMON_BLOCKS = YES;
				GCC_WARN_64_TO_32_BIT_CONVERSION = YES;
				GCC_WARN_ABOUT_RETURN_TYPE = YES_ERROR;
				GCC_WARN_UNDECLARED_SELECTOR = YES;
				GCC_WARN_UNINITIALIZED_AUTOS = YES_AGGRESSIVE;
				GCC_WARN_UNUSED_FUNCTION = YES;
				GCC_WARN_UNUSED_VARIABLE = YES;
				IPHONEOS_DEPLOYMENT_TARGET = 9.3;
				MTL_ENABLE_DEBUG_INFO = NO;
				SDKROOT = iphoneos;
				VALIDATE_PRODUCT = YES;
			};
			name = Release;
		};
		281C439A1D8719DE005E11F6 /* Debug */ = {
			isa = XCBuildConfiguration;
			buildSettings = {
				ALWAYS_EMBED_SWIFT_STANDARD_LIBRARIES = NO;
				CONFIGURATION_BUILD_DIR = ../build/debug;
				FRAMEWORK_SEARCH_PATHS = (
					"$(inherited)",
					"$(PROJECT_DIR)/iOSMobFoxPluginLib",
					"$(PROJECT_DIR)/iOSMobFoxPluginLib/MobFoxSDKCore.embeddedframework",
				);
				IPHONEOS_DEPLOYMENT_TARGET = 8.0;
				ONLY_ACTIVE_ARCH = NO;
				OTHER_LDFLAGS = "-ObjC";
				PRODUCT_NAME = "$(TARGET_NAME)";
				SKIP_INSTALL = YES;
				VALID_ARCHS = "arm64 armv7";
			};
			name = Debug;
		};
		281C439B1D8719DE005E11F6 /* Release */ = {
			isa = XCBuildConfiguration;
			buildSettings = {
				ALWAYS_EMBED_SWIFT_STANDARD_LIBRARIES = NO;
				CONFIGURATION_BUILD_DIR = ../build/ios;
				FRAMEWORK_SEARCH_PATHS = (
					"$(inherited)",
					"$(PROJECT_DIR)/iOSMobFoxPluginLib",
					"$(PROJECT_DIR)/iOSMobFoxPluginLib/MobFoxSDKCore.embeddedframework",
				);
				IPHONEOS_DEPLOYMENT_TARGET = 8.0;
				OTHER_LDFLAGS = "-ObjC";
				PRODUCT_NAME = "$(TARGET_NAME)";
				SKIP_INSTALL = YES;
				VALID_ARCHS = "arm64 armv7";
			};
			name = Release;
		};
/* End XCBuildConfiguration section */

/* Begin XCConfigurationList section */
		281C438B1D8719DE005E11F6 /* Build configuration list for PBXProject "iOSMobFoxPluginLib" */ = {
			isa = XCConfigurationList;
			buildConfigurations = (
				281C43971D8719DE005E11F6 /* Debug */,
				281C43981D8719DE005E11F6 /* Release */,
			);
			defaultConfigurationIsVisible = 0;
			defaultConfigurationName = Release;
		};
		281C43991D8719DE005E11F6 /* Build configuration list for PBXNativeTarget "iOSMobFoxPluginLib" */ = {
			isa = XCConfigurationList;
			buildConfigurations = (
				281C439A1D8719DE005E11F6 /* Debug */,
				281C439B1D8719DE005E11F6 /* Release */,
			);
			defaultConfigurationIsVisible = 0;
			defaultConfigurationName = Release;
		};
/* End XCConfigurationList section */
	};
	rootObject = 281C43881D8719DE005E11F6 /* Project object */;
}
