// !$*UTF8*$!
{
	archiveVersion = 1;
	classes = {
	};
	objectVersion = 46;
	objects = {

/* Begin PBXAggregateTarget section */
		28F8C82A1EBB7F4500649F35 /* UniversalLib */ = {
			isa = PBXAggregateTarget;
			buildConfigurationList = 28F8C82D1EBB7F4500649F35 /* Build configuration list for PBXAggregateTarget "UniversalLib" */;
			buildPhases = (
				28F8C82E1EBB7F6200649F35 /* ShellScript */,
			);
			dependencies = (
			);
			name = UniversalLib;
			productName = UniversalLib;
		};
/* End PBXAggregateTarget section */

/* Begin PBXBuildFile section */
		287AD3791EC2201900E2A189 /* AdSupport.framework in Frameworks */ = {isa = PBXBuildFile; fileRef = 287AD3781EC2201900E2A189 /* AdSupport.framework */; };
		28F8C79B1EBB754000649F35 /* MobFoxSDKCore.h in CopyFiles */ = {isa = PBXBuildFile; fileRef = 28F8C7981EBB754000649F35 /* MobFoxSDKCore.h */; };
		28F8C7A61EBB75D700649F35 /* NSString+Converter.m in Sources */ = {isa = PBXBuildFile; fileRef = 28F8C7A31EBB75D700649F35 /* NSString+Converter.m */; };
		28F8C7A71EBB75D700649F35 /* UIDevice+DeviceType.m in Sources */ = {isa = PBXBuildFile; fileRef = 28F8C7A51EBB75D700649F35 /* UIDevice+DeviceType.m */; };
		28F8C7C81EBB770000649F35 /* MFDeviceExtention.m in Sources */ = {isa = PBXBuildFile; fileRef = 28F8C7C51EBB770000649F35 /* MFDeviceExtention.m */; };
		28F8C7C91EBB770000649F35 /* MFStringExtention.m in Sources */ = {isa = PBXBuildFile; fileRef = 28F8C7C71EBB770000649F35 /* MFStringExtention.m */; };
		28F8C7CC1EBB771A00649F35 /* CoreLocation.framework in Frameworks */ = {isa = PBXBuildFile; fileRef = 28F8C7CB1EBB771A00649F35 /* CoreLocation.framework */; };
		28F8C7D01EBB775000649F35 /* MobFoxClickableView.m in Sources */ = {isa = PBXBuildFile; fileRef = 28F8C7CF1EBB775000649F35 /* MobFoxClickableView.m */; };
		28F8C7E41EBB788D00649F35 /* MFWebViewJavascriptBridge_JS.m in Sources */ = {isa = PBXBuildFile; fileRef = 28F8C7DD1EBB788D00649F35 /* MFWebViewJavascriptBridge_JS.m */; };
		28F8C7E51EBB788D00649F35 /* MFWebViewJavascriptBridge.m in Sources */ = {isa = PBXBuildFile; fileRef = 28F8C7DF1EBB788D00649F35 /* MFWebViewJavascriptBridge.m */; };
		28F8C7E61EBB788D00649F35 /* MFWebViewJavascriptBridgeBase.m in Sources */ = {isa = PBXBuildFile; fileRef = 28F8C7E11EBB788D00649F35 /* MFWebViewJavascriptBridgeBase.m */; };
		28F8C7E71EBB788D00649F35 /* MFWKWebViewJavascriptBridge.m in Sources */ = {isa = PBXBuildFile; fileRef = 28F8C7E31EBB788D00649F35 /* MFWKWebViewJavascriptBridge.m */; };
		28F8C7F91EBB794E00649F35 /* MobFoxAd.m in Sources */ = {isa = PBXBuildFile; fileRef = 28F8C7F41EBB794E00649F35 /* MobFoxAd.m */; };
		28F8C7FA1EBB794E00649F35 /* MobFoxInterstitialAd.m in Sources */ = {isa = PBXBuildFile; fileRef = 28F8C7F61EBB794E00649F35 /* MobFoxInterstitialAd.m */; };
		28F8C7FB1EBB794E00649F35 /* MobFoxNativeAd.m in Sources */ = {isa = PBXBuildFile; fileRef = 28F8C7F81EBB794E00649F35 /* MobFoxNativeAd.m */; };
		28F8C7FE1EBB796200649F35 /* MFEventsHandler.m in Sources */ = {isa = PBXBuildFile; fileRef = 28F8C7FD1EBB796200649F35 /* MFEventsHandler.m */; };
		28F8C8011EBB796D00649F35 /* MFAdSize.m in Sources */ = {isa = PBXBuildFile; fileRef = 28F8C8001EBB796D00649F35 /* MFAdSize.m */; };
		28F8C8041EBB797B00649F35 /* MFTimerHandler.m in Sources */ = {isa = PBXBuildFile; fileRef = 28F8C8031EBB797B00649F35 /* MFTimerHandler.m */; };
		28F8C8091EBB799100649F35 /* MFExceptionHandler.m in Sources */ = {isa = PBXBuildFile; fileRef = 28F8C8061EBB799100649F35 /* MFExceptionHandler.m */; };
		28F8C80A1EBB799100649F35 /* MFReport.m in Sources */ = {isa = PBXBuildFile; fileRef = 28F8C8081EBB799100649F35 /* MFReport.m */; };
		28F8C80D1EBB799D00649F35 /* MFAdvertisingManager.m in Sources */ = {isa = PBXBuildFile; fileRef = 28F8C80C1EBB799D00649F35 /* MFAdvertisingManager.m */; };
		28F8C8101EBB79A900649F35 /* MFSDKManager.m in Sources */ = {isa = PBXBuildFile; fileRef = 28F8C80F1EBB79A900649F35 /* MFSDKManager.m */; };
		28F8C8131EBB79B600649F35 /* MFLocationServicesManager.m in Sources */ = {isa = PBXBuildFile; fileRef = 28F8C8121EBB79B600649F35 /* MFLocationServicesManager.m */; };
		28F8C8161EBB79C500649F35 /* MobFoxInterstitialViewController.m in Sources */ = {isa = PBXBuildFile; fileRef = 28F8C8151EBB79C500649F35 /* MobFoxInterstitialViewController.m */; };
		28F8C8191EBB79D800649F35 /* MobFoxNativeData.m in Sources */ = {isa = PBXBuildFile; fileRef = 28F8C8181EBB79D800649F35 /* MobFoxNativeData.m */; };
		28F8C8211EBB79FC00649F35 /* MobFoxCustomEvent.m in Sources */ = {isa = PBXBuildFile; fileRef = 28F8C81B1EBB79FC00649F35 /* MobFoxCustomEvent.m */; };
		28F8C8221EBB79FC00649F35 /* MobFoxInterstitialCustomEvent.m in Sources */ = {isa = PBXBuildFile; fileRef = 28F8C81D1EBB79FC00649F35 /* MobFoxInterstitialCustomEvent.m */; };
		28F8C8231EBB79FC00649F35 /* MobFoxNativeCustomEvent.m in Sources */ = {isa = PBXBuildFile; fileRef = 28F8C81F1EBB79FC00649F35 /* MobFoxNativeCustomEvent.m */; };
		28F8C8291EBB7A2E00649F35 /* MFConstants.m in Sources */ = {isa = PBXBuildFile; fileRef = 28F8C8271EBB7A2E00649F35 /* MFConstants.m */; };
/* End PBXBuildFile section */

/* Begin PBXCopyFilesBuildPhase section */
		28F8C7931EBB754000649F35 /* CopyFiles */ = {
			isa = PBXCopyFilesBuildPhase;
			buildActionMask = 2147483647;
			dstPath = "include/$(PRODUCT_NAME)";
			dstSubfolderSpec = 16;
			files = (
				28F8C79B1EBB754000649F35 /* MobFoxSDKCore.h in CopyFiles */,
			);
			runOnlyForDeploymentPostprocessing = 0;
		};
/* End PBXCopyFilesBuildPhase section */

/* Begin PBXFileReference section */
		287AD3781EC2201900E2A189 /* AdSupport.framework */ = {isa = PBXFileReference; lastKnownFileType = wrapper.framework; name = AdSupport.framework; path = System/Library/Frameworks/AdSupport.framework; sourceTree = SDKROOT; };
		28F8C7951EBB754000649F35 /* libMobFoxSDKCore.a */ = {isa = PBXFileReference; explicitFileType = archive.ar; includeInIndex = 0; path = libMobFoxSDKCore.a; sourceTree = BUILT_PRODUCTS_DIR; };
		28F8C7981EBB754000649F35 /* MobFoxSDKCore.h */ = {isa = PBXFileReference; lastKnownFileType = sourcecode.c.h; path = MobFoxSDKCore.h; sourceTree = "<group>"; };
		28F8C7991EBB754000649F35 /* MobFoxSDKCore.m */ = {isa = PBXFileReference; lastKnownFileType = sourcecode.c.objc; path = MobFoxSDKCore.m; sourceTree = "<group>"; };
		28F8C7A21EBB75D700649F35 /* NSString+Converter.h */ = {isa = PBXFileReference; fileEncoding = 4; lastKnownFileType = sourcecode.c.h; name = "NSString+Converter.h"; path = "MobFoxSDKCore/NSString+Converter.h"; sourceTree = "<group>"; };
		28F8C7A31EBB75D700649F35 /* NSString+Converter.m */ = {isa = PBXFileReference; fileEncoding = 4; lastKnownFileType = sourcecode.c.objc; name = "NSString+Converter.m"; path = "MobFoxSDKCore/NSString+Converter.m"; sourceTree = "<group>"; };
		28F8C7A41EBB75D700649F35 /* UIDevice+DeviceType.h */ = {isa = PBXFileReference; fileEncoding = 4; lastKnownFileType = sourcecode.c.h; name = "UIDevice+DeviceType.h"; path = "MobFoxSDKCore/UIDevice+DeviceType.h"; sourceTree = "<group>"; };
		28F8C7A51EBB75D700649F35 /* UIDevice+DeviceType.m */ = {isa = PBXFileReference; fileEncoding = 4; lastKnownFileType = sourcecode.c.objc; name = "UIDevice+DeviceType.m"; path = "MobFoxSDKCore/UIDevice+DeviceType.m"; sourceTree = "<group>"; };
		28F8C7C01EBB76E700649F35 /* MFURLProtocol.h */ = {isa = PBXFileReference; fileEncoding = 4; lastKnownFileType = sourcecode.c.h; path = MFURLProtocol.h; sourceTree = "<group>"; };
		28F8C7C11EBB76E700649F35 /* MFURLProtocol.m */ = {isa = PBXFileReference; fileEncoding = 4; lastKnownFileType = sourcecode.c.objc; path = MFURLProtocol.m; sourceTree = "<group>"; };
		28F8C7C41EBB770000649F35 /* MFDeviceExtention.h */ = {isa = PBXFileReference; fileEncoding = 4; lastKnownFileType = sourcecode.c.h; path = MFDeviceExtention.h; sourceTree = "<group>"; };
		28F8C7C51EBB770000649F35 /* MFDeviceExtention.m */ = {isa = PBXFileReference; fileEncoding = 4; lastKnownFileType = sourcecode.c.objc; path = MFDeviceExtention.m; sourceTree = "<group>"; };
		28F8C7C61EBB770000649F35 /* MFStringExtention.h */ = {isa = PBXFileReference; fileEncoding = 4; lastKnownFileType = sourcecode.c.h; path = MFStringExtention.h; sourceTree = "<group>"; };
		28F8C7C71EBB770000649F35 /* MFStringExtention.m */ = {isa = PBXFileReference; fileEncoding = 4; lastKnownFileType = sourcecode.c.objc; path = MFStringExtention.m; sourceTree = "<group>"; };
		28F8C7CB1EBB771A00649F35 /* CoreLocation.framework */ = {isa = PBXFileReference; lastKnownFileType = wrapper.framework; name = CoreLocation.framework; path = System/Library/Frameworks/CoreLocation.framework; sourceTree = SDKROOT; };
		28F8C7CF1EBB775000649F35 /* MobFoxClickableView.m */ = {isa = PBXFileReference; fileEncoding = 4; lastKnownFileType = sourcecode.c.objc; name = MobFoxClickableView.m; path = MobFoxSDKCore/MobFoxClickableView.m; sourceTree = "<group>"; };
		28F8C7D21EBB780A00649F35 /* MobFoxSDKCore-Bridging-Header.h */ = {isa = PBXFileReference; fileEncoding = 4; lastKnownFileType = sourcecode.c.h; path = "MobFoxSDKCore-Bridging-Header.h"; sourceTree = "<group>"; };
		28F8C7D31EBB780A00649F35 /* MobFoxSDKCoreBitCode-Bridging-Header.h */ = {isa = PBXFileReference; fileEncoding = 4; lastKnownFileType = sourcecode.c.h; path = "MobFoxSDKCoreBitCode-Bridging-Header.h"; sourceTree = "<group>"; };
		28F8C7D41EBB780A00649F35 /* MobFoxSDKCoreBitCode.h */ = {isa = PBXFileReference; fileEncoding = 4; lastKnownFileType = sourcecode.c.h; path = MobFoxSDKCoreBitCode.h; sourceTree = "<group>"; };
		28F8C7D51EBB780A00649F35 /* MobFoxSDKCoreDynamic-Bridging-Header.h */ = {isa = PBXFileReference; fileEncoding = 4; lastKnownFileType = sourcecode.c.h; path = "MobFoxSDKCoreDynamic-Bridging-Header.h"; sourceTree = "<group>"; };
		28F8C7D61EBB780A00649F35 /* MobFoxSDKCoreDynamic.h */ = {isa = PBXFileReference; fileEncoding = 4; lastKnownFileType = sourcecode.c.h; path = MobFoxSDKCoreDynamic.h; sourceTree = "<group>"; };
		28F8C7D71EBB780A00649F35 /* MobFoxSDKCoreDynamicBitCode-Bridging-Header.h */ = {isa = PBXFileReference; fileEncoding = 4; lastKnownFileType = sourcecode.c.h; path = "MobFoxSDKCoreDynamicBitCode-Bridging-Header.h"; sourceTree = "<group>"; };
		28F8C7D81EBB780A00649F35 /* MobFoxSDKCoreDynamicBitCode.h */ = {isa = PBXFileReference; fileEncoding = 4; lastKnownFileType = sourcecode.c.h; path = MobFoxSDKCoreDynamicBitCode.h; sourceTree = "<group>"; };
		28F8C7D91EBB781B00649F35 /* LICENSE */ = {isa = PBXFileReference; fileEncoding = 4; lastKnownFileType = text; path = LICENSE; sourceTree = "<group>"; };
		28F8C7DA1EBB781B00649F35 /* MobFoxSDKCore-Prefix.pch */ = {isa = PBXFileReference; fileEncoding = 4; lastKnownFileType = sourcecode.c.h; path = "MobFoxSDKCore-Prefix.pch"; sourceTree = "<group>"; };
		28F8C7DC1EBB788D00649F35 /* MFWebViewJavascriptBridge_JS.h */ = {isa = PBXFileReference; fileEncoding = 4; lastKnownFileType = sourcecode.c.h; name = MFWebViewJavascriptBridge_JS.h; path = WebViewJavascriptBridge/MFWebViewJavascriptBridge_JS.h; sourceTree = "<group>"; };
		28F8C7DD1EBB788D00649F35 /* MFWebViewJavascriptBridge_JS.m */ = {isa = PBXFileReference; fileEncoding = 4; lastKnownFileType = sourcecode.c.objc; name = MFWebViewJavascriptBridge_JS.m; path = WebViewJavascriptBridge/MFWebViewJavascriptBridge_JS.m; sourceTree = "<group>"; };
		28F8C7DE1EBB788D00649F35 /* MFWebViewJavascriptBridge.h */ = {isa = PBXFileReference; fileEncoding = 4; lastKnownFileType = sourcecode.c.h; name = MFWebViewJavascriptBridge.h; path = WebViewJavascriptBridge/MFWebViewJavascriptBridge.h; sourceTree = "<group>"; };
		28F8C7DF1EBB788D00649F35 /* MFWebViewJavascriptBridge.m */ = {isa = PBXFileReference; fileEncoding = 4; lastKnownFileType = sourcecode.c.objc; name = MFWebViewJavascriptBridge.m; path = WebViewJavascriptBridge/MFWebViewJavascriptBridge.m; sourceTree = "<group>"; };
		28F8C7E01EBB788D00649F35 /* MFWebViewJavascriptBridgeBase.h */ = {isa = PBXFileReference; fileEncoding = 4; lastKnownFileType = sourcecode.c.h; name = MFWebViewJavascriptBridgeBase.h; path = WebViewJavascriptBridge/MFWebViewJavascriptBridgeBase.h; sourceTree = "<group>"; };
		28F8C7E11EBB788D00649F35 /* MFWebViewJavascriptBridgeBase.m */ = {isa = PBXFileReference; fileEncoding = 4; lastKnownFileType = sourcecode.c.objc; name = MFWebViewJavascriptBridgeBase.m; path = WebViewJavascriptBridge/MFWebViewJavascriptBridgeBase.m; sourceTree = "<group>"; };
		28F8C7E21EBB788D00649F35 /* MFWKWebViewJavascriptBridge.h */ = {isa = PBXFileReference; fileEncoding = 4; lastKnownFileType = sourcecode.c.h; name = MFWKWebViewJavascriptBridge.h; path = WebViewJavascriptBridge/MFWKWebViewJavascriptBridge.h; sourceTree = "<group>"; };
		28F8C7E31EBB788D00649F35 /* MFWKWebViewJavascriptBridge.m */ = {isa = PBXFileReference; fileEncoding = 4; lastKnownFileType = sourcecode.c.objc; name = MFWKWebViewJavascriptBridge.m; path = WebViewJavascriptBridge/MFWKWebViewJavascriptBridge.m; sourceTree = "<group>"; };
		28F8C7F31EBB794E00649F35 /* MobFoxAd.h */ = {isa = PBXFileReference; fileEncoding = 4; lastKnownFileType = sourcecode.c.h; name = MobFoxAd.h; path = ads/MobFoxAd.h; sourceTree = "<group>"; };
		28F8C7F41EBB794E00649F35 /* MobFoxAd.m */ = {isa = PBXFileReference; fileEncoding = 4; lastKnownFileType = sourcecode.c.objc; name = MobFoxAd.m; path = ads/MobFoxAd.m; sourceTree = "<group>"; };
		28F8C7F51EBB794E00649F35 /* MobFoxInterstitialAd.h */ = {isa = PBXFileReference; fileEncoding = 4; lastKnownFileType = sourcecode.c.h; name = MobFoxInterstitialAd.h; path = ads/MobFoxInterstitialAd.h; sourceTree = "<group>"; };
		28F8C7F61EBB794E00649F35 /* MobFoxInterstitialAd.m */ = {isa = PBXFileReference; fileEncoding = 4; lastKnownFileType = sourcecode.c.objc; name = MobFoxInterstitialAd.m; path = ads/MobFoxInterstitialAd.m; sourceTree = "<group>"; };
		28F8C7F71EBB794E00649F35 /* MobFoxNativeAd.h */ = {isa = PBXFileReference; fileEncoding = 4; lastKnownFileType = sourcecode.c.h; name = MobFoxNativeAd.h; path = ads/MobFoxNativeAd.h; sourceTree = "<group>"; };
		28F8C7F81EBB794E00649F35 /* MobFoxNativeAd.m */ = {isa = PBXFileReference; fileEncoding = 4; lastKnownFileType = sourcecode.c.objc; name = MobFoxNativeAd.m; path = ads/MobFoxNativeAd.m; sourceTree = "<group>"; };
		28F8C7FC1EBB796200649F35 /* MFEventsHandler.h */ = {isa = PBXFileReference; fileEncoding = 4; lastKnownFileType = sourcecode.c.h; name = MFEventsHandler.h; path = ads/MFEventsHandler.h; sourceTree = "<group>"; };
		28F8C7FD1EBB796200649F35 /* MFEventsHandler.m */ = {isa = PBXFileReference; fileEncoding = 4; lastKnownFileType = sourcecode.c.objc; name = MFEventsHandler.m; path = ads/MFEventsHandler.m; sourceTree = "<group>"; };
		28F8C7FF1EBB796D00649F35 /* MFAdSize.h */ = {isa = PBXFileReference; fileEncoding = 4; lastKnownFileType = sourcecode.c.h; name = MFAdSize.h; path = ads/MFAdSize.h; sourceTree = "<group>"; };
		28F8C8001EBB796D00649F35 /* MFAdSize.m */ = {isa = PBXFileReference; fileEncoding = 4; lastKnownFileType = sourcecode.c.objc; name = MFAdSize.m; path = ads/MFAdSize.m; sourceTree = "<group>"; };
		28F8C8021EBB797B00649F35 /* MFTimerHandler.h */ = {isa = PBXFileReference; fileEncoding = 4; lastKnownFileType = sourcecode.c.h; name = MFTimerHandler.h; path = ads/MFTimerHandler.h; sourceTree = "<group>"; };
		28F8C8031EBB797B00649F35 /* MFTimerHandler.m */ = {isa = PBXFileReference; fileEncoding = 4; lastKnownFileType = sourcecode.c.objc; name = MFTimerHandler.m; path = ads/MFTimerHandler.m; sourceTree = "<group>"; };
		28F8C8051EBB799100649F35 /* MFExceptionHandler.h */ = {isa = PBXFileReference; fileEncoding = 4; lastKnownFileType = sourcecode.c.h; name = MFExceptionHandler.h; path = ads/MFExceptionHandler.h; sourceTree = "<group>"; };
		28F8C8061EBB799100649F35 /* MFExceptionHandler.m */ = {isa = PBXFileReference; fileEncoding = 4; lastKnownFileType = sourcecode.c.objc; name = MFExceptionHandler.m; path = ads/MFExceptionHandler.m; sourceTree = "<group>"; };
		28F8C8071EBB799100649F35 /* MFReport.h */ = {isa = PBXFileReference; fileEncoding = 4; lastKnownFileType = sourcecode.c.h; name = MFReport.h; path = ads/MFReport.h; sourceTree = "<group>"; };
		28F8C8081EBB799100649F35 /* MFReport.m */ = {isa = PBXFileReference; fileEncoding = 4; lastKnownFileType = sourcecode.c.objc; name = MFReport.m; path = ads/MFReport.m; sourceTree = "<group>"; };
		28F8C80B1EBB799D00649F35 /* MFAdvertisingManager.h */ = {isa = PBXFileReference; fileEncoding = 4; lastKnownFileType = sourcecode.c.h; name = MFAdvertisingManager.h; path = ads/MFAdvertisingManager.h; sourceTree = "<group>"; };
		28F8C80C1EBB799D00649F35 /* MFAdvertisingManager.m */ = {isa = PBXFileReference; fileEncoding = 4; lastKnownFileType = sourcecode.c.objc; name = MFAdvertisingManager.m; path = ads/MFAdvertisingManager.m; sourceTree = "<group>"; };
		28F8C80E1EBB79A900649F35 /* MFSDKManager.h */ = {isa = PBXFileReference; fileEncoding = 4; lastKnownFileType = sourcecode.c.h; name = MFSDKManager.h; path = ads/MFSDKManager.h; sourceTree = "<group>"; };
		28F8C80F1EBB79A900649F35 /* MFSDKManager.m */ = {isa = PBXFileReference; fileEncoding = 4; lastKnownFileType = sourcecode.c.objc; name = MFSDKManager.m; path = ads/MFSDKManager.m; sourceTree = "<group>"; };
		28F8C8111EBB79B600649F35 /* MFLocationServicesManager.h */ = {isa = PBXFileReference; fileEncoding = 4; lastKnownFileType = sourcecode.c.h; name = MFLocationServicesManager.h; path = ads/MFLocationServicesManager.h; sourceTree = "<group>"; };
		28F8C8121EBB79B600649F35 /* MFLocationServicesManager.m */ = {isa = PBXFileReference; fileEncoding = 4; lastKnownFileType = sourcecode.c.objc; name = MFLocationServicesManager.m; path = ads/MFLocationServicesManager.m; sourceTree = "<group>"; };
		28F8C8141EBB79C500649F35 /* MobFoxInterstitialViewController.h */ = {isa = PBXFileReference; fileEncoding = 4; lastKnownFileType = sourcecode.c.h; name = MobFoxInterstitialViewController.h; path = ads/MobFoxInterstitialViewController.h; sourceTree = "<group>"; };
		28F8C8151EBB79C500649F35 /* MobFoxInterstitialViewController.m */ = {isa = PBXFileReference; fileEncoding = 4; lastKnownFileType = sourcecode.c.objc; name = MobFoxInterstitialViewController.m; path = ads/MobFoxInterstitialViewController.m; sourceTree = "<group>"; };
		28F8C8171EBB79D800649F35 /* MobFoxNativeData.h */ = {isa = PBXFileReference; fileEncoding = 4; lastKnownFileType = sourcecode.c.h; name = MobFoxNativeData.h; path = ads/MobFoxNativeData.h; sourceTree = "<group>"; };
		28F8C8181EBB79D800649F35 /* MobFoxNativeData.m */ = {isa = PBXFileReference; fileEncoding = 4; lastKnownFileType = sourcecode.c.objc; name = MobFoxNativeData.m; path = ads/MobFoxNativeData.m; sourceTree = "<group>"; };
		28F8C81A1EBB79FC00649F35 /* MobFoxCustomEvent.h */ = {isa = PBXFileReference; fileEncoding = 4; lastKnownFileType = sourcecode.c.h; name = MobFoxCustomEvent.h; path = ads/MobFoxCustomEvent.h; sourceTree = "<group>"; };
		28F8C81B1EBB79FC00649F35 /* MobFoxCustomEvent.m */ = {isa = PBXFileReference; fileEncoding = 4; lastKnownFileType = sourcecode.c.objc; name = MobFoxCustomEvent.m; path = ads/MobFoxCustomEvent.m; sourceTree = "<group>"; };
		28F8C81C1EBB79FC00649F35 /* MobFoxInterstitialCustomEvent.h */ = {isa = PBXFileReference; fileEncoding = 4; lastKnownFileType = sourcecode.c.h; name = MobFoxInterstitialCustomEvent.h; path = ads/MobFoxInterstitialCustomEvent.h; sourceTree = "<group>"; };
		28F8C81D1EBB79FC00649F35 /* MobFoxInterstitialCustomEvent.m */ = {isa = PBXFileReference; fileEncoding = 4; lastKnownFileType = sourcecode.c.objc; name = MobFoxInterstitialCustomEvent.m; path = ads/MobFoxInterstitialCustomEvent.m; sourceTree = "<group>"; };
		28F8C81E1EBB79FC00649F35 /* MobFoxNativeCustomEvent.h */ = {isa = PBXFileReference; fileEncoding = 4; lastKnownFileType = sourcecode.c.h; name = MobFoxNativeCustomEvent.h; path = ads/MobFoxNativeCustomEvent.h; sourceTree = "<group>"; };
		28F8C81F1EBB79FC00649F35 /* MobFoxNativeCustomEvent.m */ = {isa = PBXFileReference; fileEncoding = 4; lastKnownFileType = sourcecode.c.objc; name = MobFoxNativeCustomEvent.m; path = ads/MobFoxNativeCustomEvent.m; sourceTree = "<group>"; };
		28F8C8201EBB79FC00649F35 /* MobFoxClickableView.h */ = {isa = PBXFileReference; fileEncoding = 4; lastKnownFileType = sourcecode.c.h; path = MobFoxClickableView.h; sourceTree = "<group>"; };
		28F8C8251EBB7A2E00649F35 /* Info.plist */ = {isa = PBXFileReference; fileEncoding = 4; lastKnownFileType = text.plist.xml; path = Info.plist; sourceTree = "<group>"; };
		28F8C8261EBB7A2E00649F35 /* MFConstants.h */ = {isa = PBXFileReference; fileEncoding = 4; lastKnownFileType = sourcecode.c.h; path = MFConstants.h; sourceTree = "<group>"; };
		28F8C8271EBB7A2E00649F35 /* MFConstants.m */ = {isa = PBXFileReference; fileEncoding = 4; lastKnownFileType = sourcecode.c.objc; path = MFConstants.m; sourceTree = "<group>"; };
		28F8C8281EBB7A2E00649F35 /* response_export.txt */ = {isa = PBXFileReference; fileEncoding = 4; lastKnownFileType = text; path = response_export.txt; sourceTree = "<group>"; };
/* End PBXFileReference section */

/* Begin PBXFrameworksBuildPhase section */
		28F8C7921EBB754000649F35 /* Frameworks */ = {
			isa = PBXFrameworksBuildPhase;
			buildActionMask = 2147483647;
			files = (
				287AD3791EC2201900E2A189 /* AdSupport.framework in Frameworks */,
				28F8C7CC1EBB771A00649F35 /* CoreLocation.framework in Frameworks */,
			);
			runOnlyForDeploymentPostprocessing = 0;
		};
/* End PBXFrameworksBuildPhase section */

/* Begin PBXGroup section */
		28F8C78C1EBB754000649F35 = {
			isa = PBXGroup;
			children = (
				28F8C7BF1EBB76D500649F35 /* MFURLProtocol */,
				28F8C7C31EBB76EF00649F35 /* MFExtention */,
				28F8C7CA1EBB771A00649F35 /* Frameworks */,
				28F8C7A11EBB75C400649F35 /* Categories */,
				28F8C7CF1EBB775000649F35 /* MobFoxClickableView.m */,
				28F8C7971EBB754000649F35 /* MobFoxSDKCore */,
				28F8C7961EBB754000649F35 /* Products */,
			);
			sourceTree = "<group>";
		};
		28F8C7961EBB754000649F35 /* Products */ = {
			isa = PBXGroup;
			children = (
				28F8C7951EBB754000649F35 /* libMobFoxSDKCore.a */,
			);
			name = Products;
			sourceTree = "<group>";
		};
		28F8C7971EBB754000649F35 /* MobFoxSDKCore */ = {
			isa = PBXGroup;
			children = (
				28F8C8241EBB7A1100649F35 /* Supporting Files */,
				28F8C7E81EBB789800649F35 /* ads */,
				28F8C7DB1EBB784900649F35 /* MFWebViewJavascriptBridge */,
				28F8C7D11EBB77DD00649F35 /* MobFoxSDKCore Headers */,
				28F8C7991EBB754000649F35 /* MobFoxSDKCore.m */,
			);
			path = MobFoxSDKCore;
			sourceTree = "<group>";
		};
		28F8C7A11EBB75C400649F35 /* Categories */ = {
			isa = PBXGroup;
			children = (
				28F8C7A21EBB75D700649F35 /* NSString+Converter.h */,
				28F8C7A31EBB75D700649F35 /* NSString+Converter.m */,
				28F8C7A41EBB75D700649F35 /* UIDevice+DeviceType.h */,
				28F8C7A51EBB75D700649F35 /* UIDevice+DeviceType.m */,
			);
			name = Categories;
			sourceTree = "<group>";
		};
		28F8C7BF1EBB76D500649F35 /* MFURLProtocol */ = {
			isa = PBXGroup;
			children = (
				28F8C7C01EBB76E700649F35 /* MFURLProtocol.h */,
				28F8C7C11EBB76E700649F35 /* MFURLProtocol.m */,
			);
			name = MFURLProtocol;
			sourceTree = "<group>";
		};
		28F8C7C31EBB76EF00649F35 /* MFExtention */ = {
			isa = PBXGroup;
			children = (
				28F8C7C41EBB770000649F35 /* MFDeviceExtention.h */,
				28F8C7C51EBB770000649F35 /* MFDeviceExtention.m */,
				28F8C7C61EBB770000649F35 /* MFStringExtention.h */,
				28F8C7C71EBB770000649F35 /* MFStringExtention.m */,
			);
			name = MFExtention;
			sourceTree = "<group>";
		};
		28F8C7CA1EBB771A00649F35 /* Frameworks */ = {
			isa = PBXGroup;
			children = (
				287AD3781EC2201900E2A189 /* AdSupport.framework */,
				28F8C7CB1EBB771A00649F35 /* CoreLocation.framework */,
			);
			name = Frameworks;
			sourceTree = "<group>";
		};
		28F8C7D11EBB77DD00649F35 /* MobFoxSDKCore Headers */ = {
			isa = PBXGroup;
			children = (
				28F8C7981EBB754000649F35 /* MobFoxSDKCore.h */,
				28F8C7D91EBB781B00649F35 /* LICENSE */,
				28F8C7DA1EBB781B00649F35 /* MobFoxSDKCore-Prefix.pch */,
				28F8C7D21EBB780A00649F35 /* MobFoxSDKCore-Bridging-Header.h */,
				28F8C7D31EBB780A00649F35 /* MobFoxSDKCoreBitCode-Bridging-Header.h */,
				28F8C7D41EBB780A00649F35 /* MobFoxSDKCoreBitCode.h */,
				28F8C7D51EBB780A00649F35 /* MobFoxSDKCoreDynamic-Bridging-Header.h */,
				28F8C7D61EBB780A00649F35 /* MobFoxSDKCoreDynamic.h */,
				28F8C7D71EBB780A00649F35 /* MobFoxSDKCoreDynamicBitCode-Bridging-Header.h */,
				28F8C7D81EBB780A00649F35 /* MobFoxSDKCoreDynamicBitCode.h */,
			);
			name = "MobFoxSDKCore Headers";
			sourceTree = "<group>";
		};
		28F8C7DB1EBB784900649F35 /* MFWebViewJavascriptBridge */ = {
			isa = PBXGroup;
			children = (
				28F8C7DC1EBB788D00649F35 /* MFWebViewJavascriptBridge_JS.h */,
				28F8C7DD1EBB788D00649F35 /* MFWebViewJavascriptBridge_JS.m */,
				28F8C7DE1EBB788D00649F35 /* MFWebViewJavascriptBridge.h */,
				28F8C7DF1EBB788D00649F35 /* MFWebViewJavascriptBridge.m */,
				28F8C7E01EBB788D00649F35 /* MFWebViewJavascriptBridgeBase.h */,
				28F8C7E11EBB788D00649F35 /* MFWebViewJavascriptBridgeBase.m */,
				28F8C7E21EBB788D00649F35 /* MFWKWebViewJavascriptBridge.h */,
				28F8C7E31EBB788D00649F35 /* MFWKWebViewJavascriptBridge.m */,
			);
			name = MFWebViewJavascriptBridge;
			sourceTree = "<group>";
		};
		28F8C7E81EBB789800649F35 /* ads */ = {
			isa = PBXGroup;
			children = (
				28F8C7F31EBB794E00649F35 /* MobFoxAd.h */,
				28F8C7F41EBB794E00649F35 /* MobFoxAd.m */,
				28F8C7F51EBB794E00649F35 /* MobFoxInterstitialAd.h */,
				28F8C7F61EBB794E00649F35 /* MobFoxInterstitialAd.m */,
				28F8C7F71EBB794E00649F35 /* MobFoxNativeAd.h */,
				28F8C7F81EBB794E00649F35 /* MobFoxNativeAd.m */,
				28F8C7F21EBB792400649F35 /* custom event */,
				28F8C7F11EBB791D00649F35 /* Native Data */,
				28F8C7F01EBB791400649F35 /* Interstitial VC */,
				28F8C7EF1EBB790800649F35 /* MFLocation Manager */,
				28F8C7EE1EBB78FD00649F35 /* MFSDKManager */,
				28F8C7ED1EBB78EE00649F35 /* MFAdvertisingManager */,
				28F8C7EC1EBB78E300649F35 /* MFExceptionHandler */,
				28F8C7EB1EBB78D900649F35 /* MFTimerHandler */,
				28F8C7EA1EBB78D200649F35 /* MFAdSize */,
				28F8C7E91EBB78CA00649F35 /* MFEvent */,
			);
			name = ads;
			sourceTree = "<group>";
		};
		28F8C7E91EBB78CA00649F35 /* MFEvent */ = {
			isa = PBXGroup;
			children = (
				28F8C7FC1EBB796200649F35 /* MFEventsHandler.h */,
				28F8C7FD1EBB796200649F35 /* MFEventsHandler.m */,
			);
			name = MFEvent;
			sourceTree = "<group>";
		};
		28F8C7EA1EBB78D200649F35 /* MFAdSize */ = {
			isa = PBXGroup;
			children = (
				28F8C7FF1EBB796D00649F35 /* MFAdSize.h */,
				28F8C8001EBB796D00649F35 /* MFAdSize.m */,
			);
			name = MFAdSize;
			sourceTree = "<group>";
		};
		28F8C7EB1EBB78D900649F35 /* MFTimerHandler */ = {
			isa = PBXGroup;
			children = (
				28F8C8021EBB797B00649F35 /* MFTimerHandler.h */,
				28F8C8031EBB797B00649F35 /* MFTimerHandler.m */,
			);
			name = MFTimerHandler;
			sourceTree = "<group>";
		};
		28F8C7EC1EBB78E300649F35 /* MFExceptionHandler */ = {
			isa = PBXGroup;
			children = (
				28F8C8051EBB799100649F35 /* MFExceptionHandler.h */,
				28F8C8061EBB799100649F35 /* MFExceptionHandler.m */,
				28F8C8071EBB799100649F35 /* MFReport.h */,
				28F8C8081EBB799100649F35 /* MFReport.m */,
			);
			name = MFExceptionHandler;
			sourceTree = "<group>";
		};
		28F8C7ED1EBB78EE00649F35 /* MFAdvertisingManager */ = {
			isa = PBXGroup;
			children = (
				28F8C80B1EBB799D00649F35 /* MFAdvertisingManager.h */,
				28F8C80C1EBB799D00649F35 /* MFAdvertisingManager.m */,
			);
			name = MFAdvertisingManager;
			sourceTree = "<group>";
		};
		28F8C7EE1EBB78FD00649F35 /* MFSDKManager */ = {
			isa = PBXGroup;
			children = (
				28F8C80E1EBB79A900649F35 /* MFSDKManager.h */,
				28F8C80F1EBB79A900649F35 /* MFSDKManager.m */,
			);
			name = MFSDKManager;
			sourceTree = "<group>";
		};
		28F8C7EF1EBB790800649F35 /* MFLocation Manager */ = {
			isa = PBXGroup;
			children = (
				28F8C8111EBB79B600649F35 /* MFLocationServicesManager.h */,
				28F8C8121EBB79B600649F35 /* MFLocationServicesManager.m */,
			);
			name = "MFLocation Manager";
			sourceTree = "<group>";
		};
		28F8C7F01EBB791400649F35 /* Interstitial VC */ = {
			isa = PBXGroup;
			children = (
				28F8C8141EBB79C500649F35 /* MobFoxInterstitialViewController.h */,
				28F8C8151EBB79C500649F35 /* MobFoxInterstitialViewController.m */,
			);
			name = "Interstitial VC";
			sourceTree = "<group>";
		};
		28F8C7F11EBB791D00649F35 /* Native Data */ = {
			isa = PBXGroup;
			children = (
				28F8C8171EBB79D800649F35 /* MobFoxNativeData.h */,
				28F8C8181EBB79D800649F35 /* MobFoxNativeData.m */,
			);
			name = "Native Data";
			sourceTree = "<group>";
		};
		28F8C7F21EBB792400649F35 /* custom event */ = {
			isa = PBXGroup;
			children = (
				28F8C81A1EBB79FC00649F35 /* MobFoxCustomEvent.h */,
				28F8C81B1EBB79FC00649F35 /* MobFoxCustomEvent.m */,
				28F8C81C1EBB79FC00649F35 /* MobFoxInterstitialCustomEvent.h */,
				28F8C81D1EBB79FC00649F35 /* MobFoxInterstitialCustomEvent.m */,
				28F8C81E1EBB79FC00649F35 /* MobFoxNativeCustomEvent.h */,
				28F8C81F1EBB79FC00649F35 /* MobFoxNativeCustomEvent.m */,
				28F8C8201EBB79FC00649F35 /* MobFoxClickableView.h */,
			);
			name = "custom event";
			sourceTree = "<group>";
		};
		28F8C8241EBB7A1100649F35 /* Supporting Files */ = {
			isa = PBXGroup;
			children = (
				28F8C8251EBB7A2E00649F35 /* Info.plist */,
				28F8C8261EBB7A2E00649F35 /* MFConstants.h */,
				28F8C8271EBB7A2E00649F35 /* MFConstants.m */,
				28F8C8281EBB7A2E00649F35 /* response_export.txt */,
			);
			name = "Supporting Files";
			sourceTree = "<group>";
		};
/* End PBXGroup section */

/* Begin PBXNativeTarget section */
		28F8C7941EBB754000649F35 /* MobFoxSDKCore */ = {
			isa = PBXNativeTarget;
			buildConfigurationList = 28F8C79E1EBB754000649F35 /* Build configuration list for PBXNativeTarget "MobFoxSDKCore" */;
			buildPhases = (
				28F8C7911EBB754000649F35 /* Sources */,
				28F8C7921EBB754000649F35 /* Frameworks */,
				28F8C7931EBB754000649F35 /* CopyFiles */,
			);
			buildRules = (
			);
			dependencies = (
			);
			name = MobFoxSDKCore;
			productName = MobFoxSDKCore;
			productReference = 28F8C7951EBB754000649F35 /* libMobFoxSDKCore.a */;
			productType = "com.apple.product-type.library.static";
		};
/* End PBXNativeTarget section */

/* Begin PBXProject section */
		28F8C78D1EBB754000649F35 /* Project object */ = {
			isa = PBXProject;
			attributes = {
				LastUpgradeCheck = 0830;
				ORGANIZATIONNAME = MobFox;
				TargetAttributes = {
					28F8C7941EBB754000649F35 = {
						CreatedOnToolsVersion = 8.3.2;
						DevelopmentTeam = 9ZCN2N68LE;
						ProvisioningStyle = Automatic;
					};
					28F8C82A1EBB7F4500649F35 = {
						CreatedOnToolsVersion = 8.3.2;
						DevelopmentTeam = 9ZCN2N68LE;
						ProvisioningStyle = Automatic;
					};
				};
			};
			buildConfigurationList = 28F8C7901EBB754000649F35 /* Build configuration list for PBXProject "MobFoxSDKCore" */;
			compatibilityVersion = "Xcode 3.2";
			developmentRegion = English;
			hasScannedForEncodings = 0;
			knownRegions = (
				en,
			);
			mainGroup = 28F8C78C1EBB754000649F35;
			productRefGroup = 28F8C7961EBB754000649F35 /* Products */;
			projectDirPath = "";
			projectRoot = "";
			targets = (
				28F8C7941EBB754000649F35 /* MobFoxSDKCore */,
				28F8C82A1EBB7F4500649F35 /* UniversalLib */,
			);
		};
/* End PBXProject section */

/* Begin PBXShellScriptBuildPhase section */
		28F8C82E1EBB7F6200649F35 /* ShellScript */ = {
			isa = PBXShellScriptBuildPhase;
			buildActionMask = 2147483647;
			files = (
			);
			inputPaths = (
			);
			outputPaths = (
			);
			runOnlyForDeploymentPostprocessing = 0;
			shellPath = /bin/sh;
			shellScript = "# define output folder environment variable\nUNIVERSAL_OUTPUTFOLDER=${BUILD_DIR}/${CONFIGURATION}-universal\n# Build Device and Simulator versions\nxcodebuild -target ${PROJECT_NAME} ONLY_ACTIVE_ARCH=NO -configuration ${CONFIGURATION} -sdk iphoneos BUILD_DIR=\"${BUILD_DIR}\" BUILD_ROOT=\"${BUILD_ROOT}\"\nxcodebuild -target ${PROJECT_NAME} ONLY_ACTIVE_ARCH=NO -configuration ${CONFIGURATION} -sdk iphonesimulator -arch i386 -arch x86_64 BUILD_DIR=\"${BUILD_DIR}\" BUILD_ROOT=\"${BUILD_ROOT}\"\n# make sure the output directory exists\nmkdir -p \"${UNIVERSAL_OUTPUTFOLDER}\"\n# Create universal binary file using lipo\nlipo -create -output \"${UNIVERSAL_OUTPUTFOLDER}/lib${PROJECT_NAME}.a\" \"${BUILD_DIR}/${CONFIGURATION}-iphoneos/lib${PROJECT_NAME}.a\" \"${BUILD_DIR}/${CONFIGURATION}-iphonesimulator/lib${PROJECT_NAME}.a\"\n# copy the header files (just for convenience)\ncp -R \"${BUILD_DIR}/${CONFIGURATION}-iphoneos/include\" \"${UNIVERSAL_OUTPUTFOLDER}/\"\nopen \"${UNIVERSAL_OUTPUTFOLDER}\"";
		};
/* End PBXShellScriptBuildPhase section */

/* Begin PBXSourcesBuildPhase section */
		28F8C7911EBB754000649F35 /* Sources */ = {
			isa = PBXSourcesBuildPhase;
			buildActionMask = 2147483647;
			files = (
				28F8C7F91EBB794E00649F35 /* MobFoxAd.m in Sources */,
				28F8C7E61EBB788D00649F35 /* MFWebViewJavascriptBridgeBase.m in Sources */,
				28F8C7C81EBB770000649F35 /* MFDeviceExtention.m in Sources */,
				28F8C8231EBB79FC00649F35 /* MobFoxNativeCustomEvent.m in Sources */,
				28F8C80A1EBB799100649F35 /* MFReport.m in Sources */,
				28F8C8211EBB79FC00649F35 /* MobFoxCustomEvent.m in Sources */,
				28F8C7FA1EBB794E00649F35 /* MobFoxInterstitialAd.m in Sources */,
				28F8C7E51EBB788D00649F35 /* MFWebViewJavascriptBridge.m in Sources */,
				28F8C8091EBB799100649F35 /* MFExceptionHandler.m in Sources */,
				28F8C8041EBB797B00649F35 /* MFTimerHandler.m in Sources */,
				28F8C7FE1EBB796200649F35 /* MFEventsHandler.m in Sources */,
				28F8C7A61EBB75D700649F35 /* NSString+Converter.m in Sources */,
				28F8C8291EBB7A2E00649F35 /* MFConstants.m in Sources */,
				28F8C7C91EBB770000649F35 /* MFStringExtention.m in Sources */,
				28F8C8221EBB79FC00649F35 /* MobFoxInterstitialCustomEvent.m in Sources */,
				28F8C8161EBB79C500649F35 /* MobFoxInterstitialViewController.m in Sources */,
				28F8C8101EBB79A900649F35 /* MFSDKManager.m in Sources */,
				28F8C8011EBB796D00649F35 /* MFAdSize.m in Sources */,
				28F8C8131EBB79B600649F35 /* MFLocationServicesManager.m in Sources */,
				28F8C7E71EBB788D00649F35 /* MFWKWebViewJavascriptBridge.m in Sources */,
				28F8C80D1EBB799D00649F35 /* MFAdvertisingManager.m in Sources */,
				28F8C7D01EBB775000649F35 /* MobFoxClickableView.m in Sources */,
				28F8C7E41EBB788D00649F35 /* MFWebViewJavascriptBridge_JS.m in Sources */,
				28F8C7FB1EBB794E00649F35 /* MobFoxNativeAd.m in Sources */,
				28F8C8191EBB79D800649F35 /* MobFoxNativeData.m in Sources */,
				28F8C7A71EBB75D700649F35 /* UIDevice+DeviceType.m in Sources */,
			);
			runOnlyForDeploymentPostprocessing = 0;
		};
/* End PBXSourcesBuildPhase section */

/* Begin XCBuildConfiguration section */
		28F8C79C1EBB754000649F35 /* Debug */ = {
			isa = XCBuildConfiguration;
			buildSettings = {
				ALWAYS_SEARCH_USER_PATHS = NO;
				CLANG_ANALYZER_NONNULL = YES;
				CLANG_ANALYZER_NUMBER_OBJECT_CONVERSION = YES_AGGRESSIVE;
				CLANG_CXX_LANGUAGE_STANDARD = "gnu++0x";
				CLANG_CXX_LIBRARY = "libc++";
				CLANG_ENABLE_MODULES = YES;
				CLANG_ENABLE_OBJC_ARC = YES;
				CLANG_WARN_BOOL_CONVERSION = YES;
				CLANG_WARN_CONSTANT_CONVERSION = YES;
				CLANG_WARN_DIRECT_OBJC_ISA_USAGE = YES_ERROR;
				CLANG_WARN_DOCUMENTATION_COMMENTS = YES;
				CLANG_WARN_EMPTY_BODY = YES;
				CLANG_WARN_ENUM_CONVERSION = YES;
				CLANG_WARN_INFINITE_RECURSION = YES;
				CLANG_WARN_INT_CONVERSION = YES;
				CLANG_WARN_OBJC_ROOT_CLASS = YES_ERROR;
				CLANG_WARN_SUSPICIOUS_MOVE = YES;
				CLANG_WARN_UNREACHABLE_CODE = YES;
				CLANG_WARN__DUPLICATE_METHOD_MATCH = YES;
				"CODE_SIGN_IDENTITY[sdk=iphoneos*]" = "iPhone Developer";
				COPY_PHASE_STRIP = NO;
				DEBUG_INFORMATION_FORMAT = dwarf;
				ENABLE_STRICT_OBJC_MSGSEND = YES;
				ENABLE_TESTABILITY = YES;
				GCC_C_LANGUAGE_STANDARD = gnu99;
				GCC_DYNAMIC_NO_PIC = NO;
				GCC_NO_COMMON_BLOCKS = YES;
				GCC_OPTIMIZATION_LEVEL = 0;
				GCC_PREPROCESSOR_DEFINITIONS = (
					"DEBUG=1",
					"$(inherited)",
				);
				GCC_WARN_64_TO_32_BIT_CONVERSION = YES;
				GCC_WARN_ABOUT_RETURN_TYPE = YES_ERROR;
				GCC_WARN_UNDECLARED_SELECTOR = YES;
				GCC_WARN_UNINITIALIZED_AUTOS = YES_AGGRESSIVE;
				GCC_WARN_UNUSED_FUNCTION = YES;
				GCC_WARN_UNUSED_VARIABLE = YES;
				IPHONEOS_DEPLOYMENT_TARGET = 8.0;
				MTL_ENABLE_DEBUG_INFO = YES;
				ONLY_ACTIVE_ARCH = YES;
				SDKROOT = iphoneos;
			};
			name = Debug;
		};
		28F8C79D1EBB754000649F35 /* Release */ = {
			isa = XCBuildConfiguration;
			buildSettings = {
				ALWAYS_SEARCH_USER_PATHS = NO;
				CLANG_ANALYZER_NONNULL = YES;
				CLANG_ANALYZER_NUMBER_OBJECT_CONVERSION = YES_AGGRESSIVE;
				CLANG_CXX_LANGUAGE_STANDARD = "gnu++0x";
				CLANG_CXX_LIBRARY = "libc++";
				CLANG_ENABLE_MODULES = YES;
				CLANG_ENABLE_OBJC_ARC = YES;
				CLANG_WARN_BOOL_CONVERSION = YES;
				CLANG_WARN_CONSTANT_CONVERSION = YES;
				CLANG_WARN_DIRECT_OBJC_ISA_USAGE = YES_ERROR;
				CLANG_WARN_DOCUMENTATION_COMMENTS = YES;
				CLANG_WARN_EMPTY_BODY = YES;
				CLANG_WARN_ENUM_CONVERSION = YES;
				CLANG_WARN_INFINITE_RECURSION = YES;
				CLANG_WARN_INT_CONVERSION = YES;
				CLANG_WARN_OBJC_ROOT_CLASS = YES_ERROR;
				CLANG_WARN_SUSPICIOUS_MOVE = YES;
				CLANG_WARN_UNREACHABLE_CODE = YES;
				CLANG_WARN__DUPLICATE_METHOD_MATCH = YES;
				"CODE_SIGN_IDENTITY[sdk=iphoneos*]" = "iPhone Developer";
				COPY_PHASE_STRIP = NO;
				DEBUG_INFORMATION_FORMAT = "dwarf-with-dsym";
				ENABLE_NS_ASSERTIONS = NO;
				ENABLE_STRICT_OBJC_MSGSEND = YES;
				GCC_C_LANGUAGE_STANDARD = gnu99;
				GCC_NO_COMMON_BLOCKS = YES;
				GCC_WARN_64_TO_32_BIT_CONVERSION = YES;
				GCC_WARN_ABOUT_RETURN_TYPE = YES_ERROR;
				GCC_WARN_UNDECLARED_SELECTOR = YES;
				GCC_WARN_UNINITIALIZED_AUTOS = YES_AGGRESSIVE;
				GCC_WARN_UNUSED_FUNCTION = YES;
				GCC_WARN_UNUSED_VARIABLE = YES;
				IPHONEOS_DEPLOYMENT_TARGET = 8.0;
				MTL_ENABLE_DEBUG_INFO = NO;
				SDKROOT = iphoneos;
				VALIDATE_PRODUCT = YES;
			};
			name = Release;
		};
		28F8C79F1EBB754000649F35 /* Debug */ = {
			isa = XCBuildConfiguration;
			buildSettings = {
				DEVELOPMENT_TEAM = 9ZCN2N68LE;
				OTHER_LDFLAGS = "-ObjC";
				PRODUCT_NAME = "$(TARGET_NAME)";
				SKIP_INSTALL = YES;
			};
			name = Debug;
		};
		28F8C7A01EBB754000649F35 /* Release */ = {
			isa = XCBuildConfiguration;
			buildSettings = {
				DEVELOPMENT_TEAM = 9ZCN2N68LE;
				OTHER_LDFLAGS = "-ObjC";
				PRODUCT_NAME = "$(TARGET_NAME)";
				SKIP_INSTALL = YES;
			};
			name = Release;
		};
		28F8C82B1EBB7F4500649F35 /* Debug */ = {
			isa = XCBuildConfiguration;
			buildSettings = {
				DEVELOPMENT_TEAM = 9ZCN2N68LE;
				PRODUCT_NAME = "$(TARGET_NAME)";
			};
			name = Debug;
		};
		28F8C82C1EBB7F4500649F35 /* Release */ = {
			isa = XCBuildConfiguration;
			buildSettings = {
				DEVELOPMENT_TEAM = 9ZCN2N68LE;
				PRODUCT_NAME = "$(TARGET_NAME)";
			};
			name = Release;
		};
/* End XCBuildConfiguration section */

/* Begin XCConfigurationList section */
		28F8C7901EBB754000649F35 /* Build configuration list for PBXProject "MobFoxSDKCore" */ = {
			isa = XCConfigurationList;
			buildConfigurations = (
				28F8C79C1EBB754000649F35 /* Debug */,
				28F8C79D1EBB754000649F35 /* Release */,
			);
			defaultConfigurationIsVisible = 0;
			defaultConfigurationName = Release;
		};
		28F8C79E1EBB754000649F35 /* Build configuration list for PBXNativeTarget "MobFoxSDKCore" */ = {
			isa = XCConfigurationList;
			buildConfigurations = (
				28F8C79F1EBB754000649F35 /* Debug */,
				28F8C7A01EBB754000649F35 /* Release */,
			);
			defaultConfigurationIsVisible = 0;
			defaultConfigurationName = Release;
		};
		28F8C82D1EBB7F4500649F35 /* Build configuration list for PBXAggregateTarget "UniversalLib" */ = {
			isa = XCConfigurationList;
			buildConfigurations = (
				28F8C82B1EBB7F4500649F35 /* Debug */,
				28F8C82C1EBB7F4500649F35 /* Release */,
			);
			defaultConfigurationIsVisible = 0;
			defaultConfigurationName = Release;
		};
/* End XCConfigurationList section */
	};
	rootObject = 28F8C78D1EBB754000649F35 /* Project object */;
}
