// !$*UTF8*$!
{
	archiveVersion = 1;
	classes = {
	};
	objectVersion = 46;
	objects = {
/* Begin PBXBuildFile section */
		0207DA581B56EA530066E2B4 /* Images.xcassets in Resources */ = {isa = PBXBuildFile; fileRef = 0207DA571B56EA530066E2B4 /* Images.xcassets */; };
		1D3623260D0F684500981E51 /* AppDelegate.m in Sources */ = {isa = PBXBuildFile; fileRef = 1D3623250D0F684500981E51 /* AppDelegate.m */; };
		1D60589B0D05DD56006BFB54 /* main.m in Sources */ = {isa = PBXBuildFile; fileRef = 29B97316FDCFA39411CA2CEA /* main.m */; };
		301BF552109A68D80062928A /* libCordova.a in Frameworks */ = {isa = PBXBuildFile; fileRef = 301BF535109A57CC0062928A /* libCordova.a */; };
		302D95F114D2391D003F00A1 /* MainViewController.m in Sources */ = {isa = PBXBuildFile; fileRef = 302D95EF14D2391D003F00A1 /* MainViewController.m */; };
		302D95F214D2391D003F00A1 /* MainViewController.xib in Resources */ = {isa = PBXBuildFile; fileRef = 302D95F014D2391D003F00A1 /* MainViewController.xib */; };
		3047A5121AB8059700498E2A /* build-debug.xcconfig in Resources */ = {isa = PBXBuildFile; fileRef = 3047A50F1AB8059700498E2A /* build-debug.xcconfig */; };
		3047A5131AB8059700498E2A /* build-release.xcconfig in Resources */ = {isa = PBXBuildFile; fileRef = 3047A5101AB8059700498E2A /* build-release.xcconfig */; };
		3047A5141AB8059700498E2A /* build.xcconfig in Resources */ = {isa = PBXBuildFile; fileRef = 3047A5111AB8059700498E2A /* build.xcconfig */; };
		17D81D7E32F84D75A2450796 /* CFNetwork.framework in Frameworks */ = {isa = PBXBuildFile; fileRef = BF8C8344D21C4A3688AF6D1F /* CFNetwork.framework */; };
		2FE16E32D0564EC997224737 /* AdSupport.framework in Frameworks */ = {isa = PBXBuildFile; fileRef = 758AFB65FECA439994155A9E /* AdSupport.framework */; };
		A0AEE84505D1461E9ABD41E3 /* AudioToolbox.framework in Frameworks */ = {isa = PBXBuildFile; fileRef = F930009970B74A6692602F60 /* AudioToolbox.framework */; };
		6FD8BD2274F94E2AAFB3F279 /* AVFoundation.framework in Frameworks */ = {isa = PBXBuildFile; fileRef = 3A668449F9A14CE699B11F5F /* AVFoundation.framework */; };
		C1604C9F225A4E0A9A958A73 /* CoreBluetooth.framework in Frameworks */ = {isa = PBXBuildFile; fileRef = 3D5F9653CD294FFD9CAC9F5E /* CoreBluetooth.framework */; };
		810B28975ABD4F2C9A21FDD8 /* CoreLocation.framework in Frameworks */ = {isa = PBXBuildFile; fileRef = 0ED766A233A6481997AA3BEA /* CoreLocation.framework */; };
		7A3548A205CB47C48F8B67AE /* CoreMedia.framework in Frameworks */ = {isa = PBXBuildFile; fileRef = DA0A72BE57FB4919BCB5C7DD /* CoreMedia.framework */; };
		74602AF8E13841BEBF98313E /* CoreMotion.framework in Frameworks */ = {isa = PBXBuildFile; fileRef = 5488929934774E3D8860B7C6 /* CoreMotion.framework */; };
		ABE1F045DA4F448594CB501F /* CoreTelephony.framework in Frameworks */ = {isa = PBXBuildFile; fileRef = 14B836E791734EA9AA11B3FD /* CoreTelephony.framework */; };
		6DA3802F130546D5A5AEA368 /* CoreVideo.framework in Frameworks */ = {isa = PBXBuildFile; fileRef = 4081BFA30CC14104B38BBB01 /* CoreVideo.framework */; };
		831AFA76B16A4496AB7D8390 /* EventKit.framework in Frameworks */ = {isa = PBXBuildFile; fileRef = 110153A5056F4D6B9C678222 /* EventKit.framework */; };
		8BBD31FD0C3041D39F2B226C /* EventKitUI.framework in Frameworks */ = {isa = PBXBuildFile; fileRef = 9840263805E345ACA12AD874 /* EventKitUI.framework */; };
		E7185FCC81634E63924055FB /* Foundation.framework in Frameworks */ = {isa = PBXBuildFile; fileRef = DD90C58D8B574235A871E3EE /* Foundation.framework */; };
		F8165EC0F1E94EBC9235F4F6 /* GLKit.framework in Frameworks */ = {isa = PBXBuildFile; fileRef = 7346F2CE713B41ABBF65F7FF /* GLKit.framework */; };
		9A4E05640F9D4A4598AB0132 /* MediaPlayer.framework in Frameworks */ = {isa = PBXBuildFile; fileRef = 262F347962EE4A5EAE56CCF3 /* MediaPlayer.framework */; };
		A6A2A395B28A49E9A2269C6A /* MessageUI.framework in Frameworks */ = {isa = PBXBuildFile; fileRef = 8CDA9952751A45548733ACB8 /* MessageUI.framework */; };
		320E50878E9B4570B21D90D4 /* OpenGLES.framework in Frameworks */ = {isa = PBXBuildFile; fileRef = 80A049C4983C43CBB0610F37 /* OpenGLES.framework */; };
		ABC44DCF6FDF4336AF62271B /* SafariServices.framework in Frameworks */ = {isa = PBXBuildFile; fileRef = 0626011B7DA74DDF8626C045 /* SafariServices.framework */; };
		1966E0C8605741ACA14173B6 /* StoreKit.framework in Frameworks */ = {isa = PBXBuildFile; fileRef = 4EB9C8EFCF3842E7BFD316A0 /* StoreKit.framework */; };
		837940ED30E04CF4B92AE6CB /* SystemConfiguration.framework in Frameworks */ = {isa = PBXBuildFile; fileRef = 105957BEBEF643CBA1E07760 /* SystemConfiguration.framework */; };
		266D336CEF104012979AF822 /* UIKit.framework in Frameworks */ = {isa = PBXBuildFile; fileRef = 1612C5F0519F4A7B80A05783 /* UIKit.framework */; };
		8B633A285B8047E1BFD2E9AB /* iAd.framework in Frameworks */ = {isa = PBXBuildFile; fileRef = 229E49F685064A35A9F3F486 /* iAd.framework */; };
/* End PBXBuildFile section */

/* Begin PBXContainerItemProxy section */
		301BF534109A57CC0062928A /* PBXContainerItemProxy */ = {
			isa = PBXContainerItemProxy;
			containerPortal = 301BF52D109A57CC0062928A /* CordovaLib.xcodeproj */;
			proxyType = 2;
			remoteGlobalIDString = D2AAC07E0554694100DB518D;
			remoteInfo = CordovaLib;
		};
		301BF550109A68C00062928A /* PBXContainerItemProxy */ = {
			isa = PBXContainerItemProxy;
			containerPortal = 301BF52D109A57CC0062928A /* CordovaLib.xcodeproj */;
			proxyType = 1;
			remoteGlobalIDString = D2AAC07D0554694100DB518D;
			remoteInfo = CordovaLib;
		};
/* End PBXContainerItemProxy section */

/* Begin PBXFileReference section */
		0207DA571B56EA530066E2B4 /* Images.xcassets */ = {isa = PBXFileReference; lastKnownFileType = folder.assetcatalog; name = Images.xcassets; path = "MobFoxCor/Images.xcassets"; sourceTree = SOURCE_ROOT; };
		1D3623240D0F684500981E51 /* AppDelegate.h */ = {isa = PBXFileReference; fileEncoding = 4; lastKnownFileType = sourcecode.c.h; path = AppDelegate.h; sourceTree = "<group>"; };
		1D3623250D0F684500981E51 /* AppDelegate.m */ = {isa = PBXFileReference; fileEncoding = 4; lastKnownFileType = sourcecode.c.objc; path = AppDelegate.m; sourceTree = "<group>"; };
		1D6058910D05DD3D006BFB54 /* MobFoxCor.app */ = {isa = PBXFileReference; explicitFileType = wrapper.application; includeInIndex = 0; path = "MobFoxCor.app"; sourceTree = BUILT_PRODUCTS_DIR; };
		29B97316FDCFA39411CA2CEA /* main.m */ = {isa = PBXFileReference; fileEncoding = 4; lastKnownFileType = sourcecode.c.objc; path = main.m; sourceTree = "<group>"; };
		301BF52D109A57CC0062928A /* CordovaLib.xcodeproj */ = {isa = PBXFileReference; lastKnownFileType = "wrapper.pb-project"; name = CordovaLib.xcodeproj; path = CordovaLib/CordovaLib.xcodeproj; sourceTree = "<group>"; };
		301BF56E109A69640062928A /* www */ = {isa = PBXFileReference; lastKnownFileType = folder; path = www; sourceTree = SOURCE_ROOT; };
		302D95EE14D2391D003F00A1 /* MainViewController.h */ = {isa = PBXFileReference; fileEncoding = 4; lastKnownFileType = sourcecode.c.h; path = MainViewController.h; sourceTree = "<group>"; };
		302D95EF14D2391D003F00A1 /* MainViewController.m */ = {isa = PBXFileReference; fileEncoding = 4; lastKnownFileType = sourcecode.c.objc; path = MainViewController.m; sourceTree = "<group>"; };
		302D95F014D2391D003F00A1 /* MainViewController.xib */ = {isa = PBXFileReference; fileEncoding = 4; lastKnownFileType = file.xib; path = MainViewController.xib; sourceTree = "<group>"; };
		3047A50F1AB8059700498E2A /* build-debug.xcconfig */ = {isa = PBXFileReference; fileEncoding = 4; lastKnownFileType = text.xcconfig; name = "build-debug.xcconfig"; path = cordova/build-debug.xcconfig; sourceTree = SOURCE_ROOT; };
		3047A5101AB8059700498E2A /* build-release.xcconfig */ = {isa = PBXFileReference; fileEncoding = 4; lastKnownFileType = text.xcconfig; name = "build-release.xcconfig"; path = cordova/build-release.xcconfig; sourceTree = SOURCE_ROOT; };
		3047A5111AB8059700498E2A /* build.xcconfig */ = {isa = PBXFileReference; fileEncoding = 4; lastKnownFileType = text.xcconfig; name = build.xcconfig; path = cordova/build.xcconfig; sourceTree = SOURCE_ROOT; };
		32CA4F630368D1EE00C91783 /* MobFoxCor-Prefix.pch */ = {isa = PBXFileReference; fileEncoding = 4; lastKnownFileType = sourcecode.c.h; path = "MobFoxCor-Prefix.pch"; sourceTree = "<group>"; };
		8D1107310486CEB800E47090 /* MobFoxCor-Info.plist */ = {isa = PBXFileReference; fileEncoding = 4; lastKnownFileType = text.plist.xml; name = "MobFoxCor-Info.plist"; path = "MobFoxCor/MobFoxCor-Info.plist"; plistStructureDefinitionIdentifier = "com.apple.xcode.plist.structure-definition.iphone.info-plist"; sourceTree = SOURCE_ROOT; };
		EB87FDF31871DA8E0020F90C /* www */ = {isa = PBXFileReference; lastKnownFileType = folder; name = www; path = ../../www; sourceTree = "<group>"; };
		EB87FDF41871DAF40020F90C /* config.xml */ = {isa = PBXFileReference; lastKnownFileType = text.xml; name = config.xml; path = ../../config.xml; sourceTree = "<group>"; };
		F840E1F0165FE0F500CFE078 /* config.xml */ = {isa = PBXFileReference; lastKnownFileType = text.xml; name = config.xml; path = "MobFoxCor/config.xml"; sourceTree = "<group>"; };
		ED33DF2A687741AEAF9F8254 /* Bridging-Header.h */ = {isa = PBXFileReference; fileEncoding = 4; lastKnownFileType = sourcecode.c.h; name = "Bridging-Header.h"; path = "Bridging-Header.h"; sourceTree = "<group>"; };
		BF8C8344D21C4A3688AF6D1F /* CFNetwork.framework */ = {isa = PBXFileReference; name = "CFNetwork.framework"; path = "System/Library/Frameworks/CFNetwork.framework"; sourceTree = SDKROOT; fileEncoding = undefined; lastKnownFileType = wrapper.framework; explicitFileType = undefined; includeInIndex = 0; };
		758AFB65FECA439994155A9E /* AdSupport.framework */ = {isa = PBXFileReference; name = "AdSupport.framework"; path = "System/Library/Frameworks/AdSupport.framework"; sourceTree = SDKROOT; fileEncoding = undefined; lastKnownFileType = wrapper.framework; explicitFileType = undefined; includeInIndex = 0; };
		F930009970B74A6692602F60 /* AudioToolbox.framework */ = {isa = PBXFileReference; name = "AudioToolbox.framework"; path = "System/Library/Frameworks/AudioToolbox.framework"; sourceTree = SDKROOT; fileEncoding = undefined; lastKnownFileType = wrapper.framework; explicitFileType = undefined; includeInIndex = 0; };
		3A668449F9A14CE699B11F5F /* AVFoundation.framework */ = {isa = PBXFileReference; name = "AVFoundation.framework"; path = "System/Library/Frameworks/AVFoundation.framework"; sourceTree = SDKROOT; fileEncoding = undefined; lastKnownFileType = wrapper.framework; explicitFileType = undefined; includeInIndex = 0; };
		3D5F9653CD294FFD9CAC9F5E /* CoreBluetooth.framework */ = {isa = PBXFileReference; name = "CoreBluetooth.framework"; path = "System/Library/Frameworks/CoreBluetooth.framework"; sourceTree = SDKROOT; fileEncoding = undefined; lastKnownFileType = wrapper.framework; explicitFileType = undefined; includeInIndex = 0; };
		0ED766A233A6481997AA3BEA /* CoreLocation.framework */ = {isa = PBXFileReference; name = "CoreLocation.framework"; path = "System/Library/Frameworks/CoreLocation.framework"; sourceTree = SDKROOT; fileEncoding = undefined; lastKnownFileType = wrapper.framework; explicitFileType = undefined; includeInIndex = 0; };
		DA0A72BE57FB4919BCB5C7DD /* CoreMedia.framework */ = {isa = PBXFileReference; name = "CoreMedia.framework"; path = "System/Library/Frameworks/CoreMedia.framework"; sourceTree = SDKROOT; fileEncoding = undefined; lastKnownFileType = wrapper.framework; explicitFileType = undefined; includeInIndex = 0; };
		5488929934774E3D8860B7C6 /* CoreMotion.framework */ = {isa = PBXFileReference; name = "CoreMotion.framework"; path = "System/Library/Frameworks/CoreMotion.framework"; sourceTree = SDKROOT; fileEncoding = undefined; lastKnownFileType = wrapper.framework; explicitFileType = undefined; includeInIndex = 0; };
		14B836E791734EA9AA11B3FD /* CoreTelephony.framework */ = {isa = PBXFileReference; name = "CoreTelephony.framework"; path = "System/Library/Frameworks/CoreTelephony.framework"; sourceTree = SDKROOT; fileEncoding = undefined; lastKnownFileType = wrapper.framework; explicitFileType = undefined; includeInIndex = 0; };
		4081BFA30CC14104B38BBB01 /* CoreVideo.framework */ = {isa = PBXFileReference; name = "CoreVideo.framework"; path = "System/Library/Frameworks/CoreVideo.framework"; sourceTree = SDKROOT; fileEncoding = undefined; lastKnownFileType = wrapper.framework; explicitFileType = undefined; includeInIndex = 0; };
		110153A5056F4D6B9C678222 /* EventKit.framework */ = {isa = PBXFileReference; name = "EventKit.framework"; path = "System/Library/Frameworks/EventKit.framework"; sourceTree = SDKROOT; fileEncoding = undefined; lastKnownFileType = wrapper.framework; explicitFileType = undefined; includeInIndex = 0; };
		9840263805E345ACA12AD874 /* EventKitUI.framework */ = {isa = PBXFileReference; name = "EventKitUI.framework"; path = "System/Library/Frameworks/EventKitUI.framework"; sourceTree = SDKROOT; fileEncoding = undefined; lastKnownFileType = wrapper.framework; explicitFileType = undefined; includeInIndex = 0; };
		DD90C58D8B574235A871E3EE /* Foundation.framework */ = {isa = PBXFileReference; name = "Foundation.framework"; path = "System/Library/Frameworks/Foundation.framework"; sourceTree = SDKROOT; fileEncoding = undefined; lastKnownFileType = wrapper.framework; explicitFileType = undefined; includeInIndex = 0; };
		7346F2CE713B41ABBF65F7FF /* GLKit.framework */ = {isa = PBXFileReference; name = "GLKit.framework"; path = "System/Library/Frameworks/GLKit.framework"; sourceTree = SDKROOT; fileEncoding = undefined; lastKnownFileType = wrapper.framework; explicitFileType = undefined; includeInIndex = 0; };
		262F347962EE4A5EAE56CCF3 /* MediaPlayer.framework */ = {isa = PBXFileReference; name = "MediaPlayer.framework"; path = "System/Library/Frameworks/MediaPlayer.framework"; sourceTree = SDKROOT; fileEncoding = undefined; lastKnownFileType = wrapper.framework; explicitFileType = undefined; includeInIndex = 0; };
		8CDA9952751A45548733ACB8 /* MessageUI.framework */ = {isa = PBXFileReference; name = "MessageUI.framework"; path = "System/Library/Frameworks/MessageUI.framework"; sourceTree = SDKROOT; fileEncoding = undefined; lastKnownFileType = wrapper.framework; explicitFileType = undefined; includeInIndex = 0; };
		80A049C4983C43CBB0610F37 /* OpenGLES.framework */ = {isa = PBXFileReference; name = "OpenGLES.framework"; path = "System/Library/Frameworks/OpenGLES.framework"; sourceTree = SDKROOT; fileEncoding = undefined; lastKnownFileType = wrapper.framework; explicitFileType = undefined; includeInIndex = 0; };
		0626011B7DA74DDF8626C045 /* SafariServices.framework */ = {isa = PBXFileReference; name = "SafariServices.framework"; path = "System/Library/Frameworks/SafariServices.framework"; sourceTree = SDKROOT; fileEncoding = undefined; lastKnownFileType = wrapper.framework; explicitFileType = undefined; includeInIndex = 0; };
		4EB9C8EFCF3842E7BFD316A0 /* StoreKit.framework */ = {isa = PBXFileReference; name = "StoreKit.framework"; path = "System/Library/Frameworks/StoreKit.framework"; sourceTree = SDKROOT; fileEncoding = undefined; lastKnownFileType = wrapper.framework; explicitFileType = undefined; includeInIndex = 0; };
		105957BEBEF643CBA1E07760 /* SystemConfiguration.framework */ = {isa = PBXFileReference; name = "SystemConfiguration.framework"; path = "System/Library/Frameworks/SystemConfiguration.framework"; sourceTree = SDKROOT; fileEncoding = undefined; lastKnownFileType = wrapper.framework; explicitFileType = undefined; includeInIndex = 0; };
		1612C5F0519F4A7B80A05783 /* UIKit.framework */ = {isa = PBXFileReference; name = "UIKit.framework"; path = "System/Library/Frameworks/UIKit.framework"; sourceTree = SDKROOT; fileEncoding = undefined; lastKnownFileType = wrapper.framework; explicitFileType = undefined; includeInIndex = 0; };
		229E49F685064A35A9F3F486 /* iAd.framework */ = {isa = PBXFileReference; name = "iAd.framework"; path = "System/Library/Frameworks/iAd.framework"; sourceTree = SDKROOT; fileEncoding = undefined; lastKnownFileType = wrapper.framework; explicitFileType = undefined; includeInIndex = 0; };
/* End PBXFileReference section */

/* Begin PBXFrameworksBuildPhase section */
		1D60588F0D05DD3D006BFB54 /* Frameworks */ = {
			isa = PBXFrameworksBuildPhase;
			buildActionMask = 2147483647;
			files = (
				301BF552109A68D80062928A /* libCordova.a in Frameworks */,
				17D81D7E32F84D75A2450796 /* CFNetwork.framework in Frameworks */,
				2FE16E32D0564EC997224737 /* AdSupport.framework in Frameworks */,
				A0AEE84505D1461E9ABD41E3 /* AudioToolbox.framework in Frameworks */,
				6FD8BD2274F94E2AAFB3F279 /* AVFoundation.framework in Frameworks */,
				C1604C9F225A4E0A9A958A73 /* CoreBluetooth.framework in Frameworks */,
				810B28975ABD4F2C9A21FDD8 /* CoreLocation.framework in Frameworks */,
				7A3548A205CB47C48F8B67AE /* CoreMedia.framework in Frameworks */,
				74602AF8E13841BEBF98313E /* CoreMotion.framework in Frameworks */,
				ABE1F045DA4F448594CB501F /* CoreTelephony.framework in Frameworks */,
				6DA3802F130546D5A5AEA368 /* CoreVideo.framework in Frameworks */,
				831AFA76B16A4496AB7D8390 /* EventKit.framework in Frameworks */,
				8BBD31FD0C3041D39F2B226C /* EventKitUI.framework in Frameworks */,
				E7185FCC81634E63924055FB /* Foundation.framework in Frameworks */,
				F8165EC0F1E94EBC9235F4F6 /* GLKit.framework in Frameworks */,
				9A4E05640F9D4A4598AB0132 /* MediaPlayer.framework in Frameworks */,
				A6A2A395B28A49E9A2269C6A /* MessageUI.framework in Frameworks */,
				320E50878E9B4570B21D90D4 /* OpenGLES.framework in Frameworks */,
				ABC44DCF6FDF4336AF62271B /* SafariServices.framework in Frameworks */,
				1966E0C8605741ACA14173B6 /* StoreKit.framework in Frameworks */,
				837940ED30E04CF4B92AE6CB /* SystemConfiguration.framework in Frameworks */,
				266D336CEF104012979AF822 /* UIKit.framework in Frameworks */,
				8B633A285B8047E1BFD2E9AB /* iAd.framework in Frameworks */,
			);
			runOnlyForDeploymentPostprocessing = 0;
		};
/* End PBXFrameworksBuildPhase section */

/* Begin PBXGroup section */
		080E96DDFE201D6D7F000001 /* Classes */ = {
			isa = PBXGroup;
			children = (
				302D95EE14D2391D003F00A1 /* MainViewController.h */,
				302D95EF14D2391D003F00A1 /* MainViewController.m */,
				302D95F014D2391D003F00A1 /* MainViewController.xib */,
				1D3623240D0F684500981E51 /* AppDelegate.h */,
				1D3623250D0F684500981E51 /* AppDelegate.m */,
			);
			name = Classes;
			path = "MobFoxCor/Classes";
			sourceTree = SOURCE_ROOT;
		};
		19C28FACFE9D520D11CA2CBB /* Products */ = {
			isa = PBXGroup;
			children = (
				1D6058910D05DD3D006BFB54 /* MobFoxCor.app */,
			);
			name = Products;
			sourceTree = "<group>";
		};
		29B97314FDCFA39411CA2CEA /* CustomTemplate */ = {
			isa = PBXGroup;
			children = (
				EB87FDF41871DAF40020F90C /* config.xml */,
				EB87FDF31871DA8E0020F90C /* www */,
				EB87FDF11871DA420020F90C /* Staging */,
				301BF52D109A57CC0062928A /* CordovaLib.xcodeproj */,
				080E96DDFE201D6D7F000001 /* Classes */,
				307C750510C5A3420062BCA9 /* Plugins */,
				29B97315FDCFA39411CA2CEA /* Other Sources */,
				29B97317FDCFA39411CA2CEA /* Resources */,
				29B97323FDCFA39411CA2CEA /* Frameworks */,
				19C28FACFE9D520D11CA2CBB /* Products */,
			);
			name = CustomTemplate;
			sourceTree = "<group>";
		};
		29B97315FDCFA39411CA2CEA /* Other Sources */ = {
			isa = PBXGroup;
			children = (
				32CA4F630368D1EE00C91783 /* MobFoxCor-Prefix.pch */,
				29B97316FDCFA39411CA2CEA /* main.m */,
				ED33DF2A687741AEAF9F8254 /* Bridging-Header.h */,
			);
			name = "Other Sources";
			path = "MobFoxCor";
			sourceTree = "<group>";
		};
		29B97317FDCFA39411CA2CEA /* Resources */ = {
			isa = PBXGroup;
			children = (
				0207DA571B56EA530066E2B4 /* Images.xcassets */,
				3047A50E1AB8057F00498E2A /* config */,
				8D1107310486CEB800E47090 /* MobFoxCor-Info.plist */,
			);
			name = Resources;
			path = "MobFoxCor/Resources";
			sourceTree = "<group>";
		};
		29B97323FDCFA39411CA2CEA /* Frameworks */ = {
			isa = PBXGroup;
			children = (
				BF8C8344D21C4A3688AF6D1F /* CFNetwork.framework */,
				758AFB65FECA439994155A9E /* AdSupport.framework */,
				F930009970B74A6692602F60 /* AudioToolbox.framework */,
				3A668449F9A14CE699B11F5F /* AVFoundation.framework */,
				3D5F9653CD294FFD9CAC9F5E /* CoreBluetooth.framework */,
				0ED766A233A6481997AA3BEA /* CoreLocation.framework */,
				DA0A72BE57FB4919BCB5C7DD /* CoreMedia.framework */,
				5488929934774E3D8860B7C6 /* CoreMotion.framework */,
				14B836E791734EA9AA11B3FD /* CoreTelephony.framework */,
				4081BFA30CC14104B38BBB01 /* CoreVideo.framework */,
				110153A5056F4D6B9C678222 /* EventKit.framework */,
				9840263805E345ACA12AD874 /* EventKitUI.framework */,
				DD90C58D8B574235A871E3EE /* Foundation.framework */,
				7346F2CE713B41ABBF65F7FF /* GLKit.framework */,
				262F347962EE4A5EAE56CCF3 /* MediaPlayer.framework */,
				8CDA9952751A45548733ACB8 /* MessageUI.framework */,
				80A049C4983C43CBB0610F37 /* OpenGLES.framework */,
				0626011B7DA74DDF8626C045 /* SafariServices.framework */,
				4EB9C8EFCF3842E7BFD316A0 /* StoreKit.framework */,
				105957BEBEF643CBA1E07760 /* SystemConfiguration.framework */,
				1612C5F0519F4A7B80A05783 /* UIKit.framework */,
				229E49F685064A35A9F3F486 /* iAd.framework */,
			);
			name = Frameworks;
			sourceTree = "<group>";
		};
		301BF52E109A57CC0062928A /* Products */ = {
			isa = PBXGroup;
			children = (
				301BF535109A57CC0062928A /* libCordova.a */,
			);
			name = Products;
			sourceTree = "<group>";
		};
		3047A50E1AB8057F00498E2A /* config */ = {
			isa = PBXGroup;
			children = (
				3047A50F1AB8059700498E2A /* build-debug.xcconfig */,
				3047A5101AB8059700498E2A /* build-release.xcconfig */,
				3047A5111AB8059700498E2A /* build.xcconfig */,
			);
			name = config;
			sourceTree = "<group>";
		};
		307C750510C5A3420062BCA9 /* Plugins */ = {
			isa = PBXGroup;
			children = (
			);
			name = Plugins;
			path = "MobFoxCor/Plugins";
			sourceTree = SOURCE_ROOT;
		};
		EB87FDF11871DA420020F90C /* Staging */ = {
			isa = PBXGroup;
			children = (
				F840E1F0165FE0F500CFE078 /* config.xml */,
				301BF56E109A69640062928A /* www */,
			);
			name = Staging;
			sourceTree = "<group>";
		};
/* End PBXGroup section */

/* Begin PBXNativeTarget section */
		1D6058900D05DD3D006BFB54 /* MobFoxCor */ = {
			isa = PBXNativeTarget;
			buildConfigurationList = 1D6058960D05DD3E006BFB54 /* Build configuration list for PBXNativeTarget "MobFoxCor" */;
			buildPhases = (
				304B58A110DAC018002A0835 /* Copy www directory */,
				1D60588D0D05DD3D006BFB54 /* Resources */,
				1D60588E0D05DD3D006BFB54 /* Sources */,
				1D60588F0D05DD3D006BFB54 /* Frameworks */,
			);
			buildRules = (
			);
			dependencies = (
				301BF551109A68C00062928A /* PBXTargetDependency */,
			);
			name = "MobFoxCor";
			productName = "MobFoxCor";
			productReference = 1D6058910D05DD3D006BFB54 /* MobFoxCor.app */;
			productType = "com.apple.product-type.application";
		};
/* End PBXNativeTarget section */

/* Begin PBXProject section */
		29B97313FDCFA39411CA2CEA /* Project object */ = {
			isa = PBXProject;
			attributes = {
				LastUpgradeCheck = 510;
			};
			buildConfigurationList = C01FCF4E08A954540054247B /* Build configuration list for PBXProject "__NON-CLI__" */;
			compatibilityVersion = "Xcode 3.2";
			developmentRegion = English;
			hasScannedForEncodings = 1;
			mainGroup = 29B97314FDCFA39411CA2CEA /* CustomTemplate */;
			projectDirPath = "";
			projectReferences = (
				{
					ProductGroup = 301BF52E109A57CC0062928A /* Products */;
					ProjectRef = 301BF52D109A57CC0062928A /* CordovaLib.xcodeproj */;
				},
			);
			projectRoot = "";
			targets = (
				1D6058900D05DD3D006BFB54 /* MobFoxCor */,
			);
		};
/* End PBXProject section */

/* Begin PBXReferenceProxy section */
		301BF535109A57CC0062928A /* libCordova.a */ = {
			isa = PBXReferenceProxy;
			fileType = archive.ar;
			path = libCordova.a;
			remoteRef = 301BF534109A57CC0062928A /* PBXContainerItemProxy */;
			sourceTree = BUILT_PRODUCTS_DIR;
		};
/* End PBXReferenceProxy section */

/* Begin PBXResourcesBuildPhase section */
		1D60588D0D05DD3D006BFB54 /* Resources */ = {
			isa = PBXResourcesBuildPhase;
			buildActionMask = 2147483647;
			files = (
				302D95F214D2391D003F00A1 /* MainViewController.xib in Resources */,
				0207DA581B56EA530066E2B4 /* Images.xcassets in Resources */,
			);
			runOnlyForDeploymentPostprocessing = 0;
		};
/* End PBXResourcesBuildPhase section */

/* Begin PBXShellScriptBuildPhase section */
		304B58A110DAC018002A0835 /* Copy www directory */ = {
			isa = PBXShellScriptBuildPhase;
			buildActionMask = 2147483647;
			files = (
			);
			inputPaths = (
			);
			name = "Copy www directory";
			outputPaths = (
			);
			runOnlyForDeploymentPostprocessing = 0;
			shellPath = /bin/sh;
			shellScript = "NODEJS_PATH=/usr/local/bin; NVM_NODE_PATH=~/.nvm/versions/node/`nvm version 2>/dev/null`/bin; N_NODE_PATH=`find /usr/local/n/versions/node/* -maxdepth 0 -type d 2>/dev/null | tail -1`/bin; XCODE_NODE_PATH=`xcode-select --print-path`/usr/share/xcs/Node/bin; PATH=$NODEJS_PATH:$NVM_NODE_PATH:$N_NODE_PATH:$XCODE_NODE_PATH:$PATH && node cordova/lib/copy-www-build-step.js";
			showEnvVarsInLog = 0;
		};
/* End PBXShellScriptBuildPhase section */

/* Begin PBXSourcesBuildPhase section */
		1D60588E0D05DD3D006BFB54 /* Sources */ = {
			isa = PBXSourcesBuildPhase;
			buildActionMask = 2147483647;
			files = (
				1D60589B0D05DD56006BFB54 /* main.m in Sources */,
				1D3623260D0F684500981E51 /* AppDelegate.m in Sources */,
				302D95F114D2391D003F00A1 /* MainViewController.m in Sources */,
			);
			runOnlyForDeploymentPostprocessing = 0;
		};
/* End PBXSourcesBuildPhase section */

/* Begin PBXTargetDependency section */
		301BF551109A68C00062928A /* PBXTargetDependency */ = {
			isa = PBXTargetDependency;
			name = CordovaLib;
			targetProxy = 301BF550109A68C00062928A /* PBXContainerItemProxy */;
		};
/* End PBXTargetDependency section */

/* Begin XCBuildConfiguration section */
		1D6058940D05DD3E006BFB54 /* Debug */ = {
			isa = XCBuildConfiguration;
			baseConfigurationReference = 3047A50F1AB8059700498E2A /* build-debug.xcconfig */;
			buildSettings = {
				ALWAYS_SEARCH_USER_PATHS = NO;
				ASSETCATALOG_COMPILER_APPICON_NAME = AppIcon;
				ASSETCATALOG_COMPILER_LAUNCHIMAGE_NAME = LaunchImage;
				CLANG_ENABLE_MODULES = YES;
				CLANG_ENABLE_OBJC_ARC = YES;
				COPY_PHASE_STRIP = NO;
				GCC_DYNAMIC_NO_PIC = NO;
				GCC_OPTIMIZATION_LEVEL = 0;
				GCC_PRECOMPILE_PREFIX_HEADER = YES;
				GCC_PREFIX_HEADER = "MobFoxCor/MobFoxCor-Prefix.pch";
				GCC_THUMB_SUPPORT = NO;
				GCC_VERSION = "";
				INFOPLIST_FILE = "MobFoxCor/MobFoxCor-Info.plist";
				LD_RUNPATH_SEARCH_PATHS = "@executable_path/Frameworks";
				PRODUCT_NAME = "MobFoxCor";
				LIBRARY_SEARCH_PATHS = (
					"$(inherited)",
				);
				FRAMEWORK_SEARCH_PATHS = (
					"$(inherited)",
					"\"MobFoxCor/Plugins/cordova-plugin-admobpro\"",
					"\"MobFoxCor/Plugins/com.mobfox.cordova\"",
					"\"MobFoxCor/Plugins/cordova-plugin-admobpro\"",
					"\"MobFoxCor/Plugins/com.mobfox.cordova\"",
					"\"MobFoxCor/Plugins/cordova-plugin-admobpro\"",
					"\"MobFoxCor/Plugins/com.mobfox.cordova\"",
					"\"MobFoxCor/Plugins/cordova-plugin-admobpro\"",
					"\"MobFoxCor/Plugins/com.mobfox.cordova\"",
					"\"MobFoxCor/Plugins/cordova-plugin-admobpro\"",
					"\"MobFoxCor/Plugins/com.mobfox.cordova\"",
					"\"MobFoxCor/Plugins/cordova-plugin-admobpro\"",
					"\"MobFoxCor/Plugins/com.mobfox.cordova\"",
					"\"MobFoxCor/Plugins/cordova-plugin-admobpro\"",
					"\"MobFoxCor/Plugins/com.mobfox.cordova\"",
					"\"MobFoxCor/Plugins/cordova-plugin-admobpro\"",
					"\"MobFoxCor/Plugins/com.mobfox.cordova\"",
					"\"MobFoxCor/Plugins/cordova-plugin-admobpro\"",
					"\"MobFoxCor/Plugins/com.mobfox.cordova\"",
					"\"MobFoxCor/Plugins/cordova-plugin-admobpro\"",
					"\"MobFoxCor/Plugins/com.mobfox.cordova\"",
					"\"MobFoxCor/Plugins/cordova-plugin-admobpro\"",
					"\"MobFoxCor/Plugins/com.mobfox.cordova\"",
					"\"MobFoxCor/Plugins/cordova-plugin-admobpro\"",
					"\"MobFoxCor/Plugins/com.mobfox.cordova\"",
					"\"MobFoxCor/Plugins/cordova-plugin-admobpro\"",
					"\"MobFoxCor/Plugins/com.mobfox.cordova\"",
					"\"MobFoxCor/Plugins/cordova-plugin-admobpro\"",
					"\"MobFoxCor/Plugins/com.mobfox.cordova\"",
					"\"MobFoxCor/Plugins/cordova-plugin-admobpro\"",
					"\"MobFoxCor/Plugins/com.mobfox.cordova\"",
					"\"MobFoxCor/Plugins/cordova-plugin-admobpro\"",
					"\"MobFoxCor/Plugins/com.mobfox.cordova\"",
					"\"MobFoxCor/Plugins/cordova-plugin-admobpro\"",
					"\"MobFoxCor/Plugins/com.mobfox.cordova\"",
					"\"MobFoxCor/Plugins/cordova-plugin-admobpro\"",
					"\"MobFoxCor/Plugins/com.mobfox.cordova\"",
					"\"MobFoxCor/Plugins/cordova-plugin-admobpro\"",
					"\"MobFoxCor/Plugins/com.mobfox.cordova\"",
					"\"MobFoxCor/Plugins/cordova-plugin-admobpro\"",
					"\"MobFoxCor/Plugins/com.mobfox.cordova\"",
					"\"MobFoxCor/Plugins/cordova-plugin-admobpro\"",
					"\"MobFoxCor/Plugins/com.mobfox.cordova\"",
					"\"MobFoxCor/Plugins/cordova-plugin-admobpro\"",
					"\"MobFoxCor/Plugins/com.mobfox.cordova\"",
					"\"MobFoxCor/Plugins/cordova-plugin-admobpro\"",
					"\"MobFoxCor/Plugins/com.mobfox.cordova\"",
					"\"MobFoxCor/Plugins/cordova-plugin-admobpro\"",
					"\"MobFoxCor/Plugins/com.mobfox.cordova\"",
					"\"MobFoxCor/Plugins/cordova-plugin-admobpro\"",
					"\"MobFoxCor/Plugins/com.mobfox.cordova\"",
					"\"MobFoxCor/Plugins/cordova-plugin-admobpro\"",
					"\"MobFoxCor/Plugins/com.mobfox.cordova\"",
					"\"MobFoxCor/Plugins/cordova-plugin-admobpro\"",
					"\"MobFoxCor/Plugins/com.mobfox.cordova\"",
					"\"MobFoxCor/Plugins/cordova-plugin-admobpro\"",
					"\"MobFoxCor/Plugins/com.mobfox.cordova\"",
					"\"MobFoxCor/Plugins/cordova-plugin-admobpro\"",
					"\"MobFoxCor/Plugins/com.mobfox.cordova\"",
					"\"MobFoxCor/Plugins/cordova-plugin-admobpro\"",
					"\"MobFoxCor/Plugins/com.mobfox.cordova\"",
					"\"MobFoxCor/Plugins/cordova-plugin-admobpro\"",
					"\"MobFoxCor/Plugins/com.mobfox.cordova\"",
					"\"MobFoxCor/Plugins/cordova-plugin-admobpro\"",
					"\"MobFoxCor/Plugins/com.mobfox.cordova\"",
					"\"MobFoxCor/Plugins/cordova-plugin-admobpro\"",
					"\"MobFoxCor/Plugins/com.mobfox.cordova\"",
					"\"MobFoxCor/Plugins/cordova-plugin-admobpro\"",
					"\"MobFoxCor/Plugins/com.mobfox.cordova\"",
					"\"MobFoxCor/Plugins/cordova-plugin-admobpro\"",
					"\"MobFoxCor/Plugins/com.mobfox.cordova\"",
					"\"MobFoxCor/Plugins/cordova-plugin-admobpro\"",
					"\"MobFoxCor/Plugins/com.mobfox.cordova\"",
					"\"MobFoxCor/Plugins/cordova-plugin-admobpro\"",
					"\"MobFoxCor/Plugins/com.mobfox.cordova\"",
					"\"MobFoxCor/Plugins/cordova-plugin-admobpro\"",
					"\"MobFoxCor/Plugins/com.mobfox.cordova\"",
					"\"MobFoxCor/Plugins/cordova-plugin-admobpro\"",
					"\"MobFoxCor/Plugins/com.mobfox.cordova\"",
					"\"MobFoxCor/Plugins/cordova-plugin-admobpro\"",
					"\"MobFoxCor/Plugins/com.mobfox.cordova\"",
					"\"MobFoxCor/Plugins/cordova-plugin-admobpro\"",
					"\"MobFoxCor/Plugins/com.mobfox.cordova\"",
					"\"MobFoxCor/Plugins/cordova-plugin-admobpro\"",
					"\"MobFoxCor/Plugins/com.mobfox.cordova\"",
					"\"MobFoxCor/Plugins/cordova-plugin-admobpro\"",
					"\"MobFoxCor/Plugins/com.mobfox.cordova\"",
					"\"MobFoxCor/Plugins/cordova-plugin-admobpro\"",
					"\"MobFoxCor/Plugins/com.mobfox.cordova\"",
					"\"MobFoxCor/Plugins/cordova-plugin-admobpro\"",
					"\"MobFoxCor/Plugins/com.mobfox.cordova\"",
					"\"MobFoxCor/Plugins/cordova-plugin-admobpro\"",
					"\"MobFoxCor/Plugins/com.mobfox.cordova\"",
					"\"MobFoxCor/Plugins/cordova-plugin-admobpro\"",
					"\"MobFoxCor/Plugins/com.mobfox.cordova\"",
					"\"MobFoxCor/Plugins/cordova-plugin-admobpro\"",
					"\"MobFoxCor/Plugins/com.mobfox.cordova\"",
					"\"MobFoxCor/Plugins/cordova-plugin-admobpro\"",
					"\"MobFoxCor/Plugins/com.mobfox.cordova\"",
					"\"MobFoxCor/Plugins/cordova-plugin-admobpro\"",
					"\"MobFoxCor/Plugins/com.mobfox.cordova\"",
					"\"MobFoxCor/Plugins/cordova-plugin-admobpro\"",
					"\"MobFoxCor/Plugins/com.mobfox.cordova\"",
					"\"MobFoxCor/Plugins/cordova-plugin-admobpro\"",
					"\"MobFoxCor/Plugins/com.mobfox.cordova\"",
					"\"MobFoxCor/Plugins/cordova-plugin-admobpro\"",
					"\"MobFoxCor/Plugins/com.mobfox.cordova\"",
					"\"MobFoxCor/Plugins/cordova-plugin-admobpro\"",
					"\"MobFoxCor/Plugins/com.mobfox.cordova\"",
					"\"MobFoxCor/Plugins/cordova-plugin-admobpro\"",
					"\"MobFoxCor/Plugins/com.mobfox.cordova\"",
					"\"MobFoxCor/Plugins/cordova-plugin-admobpro\"",
					"\"MobFoxCor/Plugins/com.mobfox.cordova\"",
					"\"MobFoxCor/Plugins/cordova-plugin-admobpro\"",
					"\"MobFoxCor/Plugins/com.mobfox.cordova\"",
					"\"MobFoxCor/Plugins/cordova-plugin-admobpro\"",
					"\"MobFoxCor/Plugins/com.mobfox.cordova\"",
					"\"MobFoxCor/Plugins/cordova-plugin-admobpro\"",
					"\"MobFoxCor/Plugins/com.mobfox.cordova\"",
					"\"MobFoxCor/Plugins/cordova-plugin-admobpro\"",
					"\"MobFoxCor/Plugins/com.mobfox.cordova\"",
					"\"MobFoxCor/Plugins/cordova-plugin-admobpro\"",
					"\"MobFoxCor/Plugins/com.mobfox.cordova\"",
					"\"MobFoxCor/Plugins/cordova-plugin-admobpro\"",
					"\"MobFoxCor/Plugins/com.mobfox.cordova\"",
					"\"MobFoxCor/Plugins/cordova-plugin-admobpro\"",
					"\"MobFoxCor/Plugins/com.mobfox.cordova\"",
					"\"MobFoxCor/Plugins/cordova-plugin-admobpro\"",
					"\"MobFoxCor/Plugins/com.mobfox.cordova\"",
					"\"MobFoxCor/Plugins/com.mobfox.cordova\"",
					"\"MobFoxCor/Plugins/cordova-plugin-admobpro\"",
					"\"MobFoxCor/Plugins/com.mobfox.cordova\"",
					"\"MobFoxCor/Plugins/com.mobfox.cordova\"",
					"\"MobFoxCor/Plugins/cordova-plugin-admobpro\"",
					"\"MobFoxCor/Plugins/com.mobfox.cordova\"",
					"\"MobFoxCor/Plugins/com.mobfox.cordova\"",
					"\"MobFoxCor/Plugins/cordova-plugin-admobpro\"",
					"\"MobFoxCor/Plugins/com.mobfox.cordova\"",
					"\"MobFoxCor/Plugins/com.mobfox.cordova\"",
					"\"MobFoxCor/Plugins/cordova-plugin-admobpro\"",
					"\"MobFoxCor/Plugins/com.mobfox.cordova\"",
					"\"MobFoxCor/Plugins/com.mobfox.cordova\"",
					"\"MobFoxCor/Plugins/cordova-plugin-admobpro\"",
					"\"MobFoxCor/Plugins/com.mobfox.cordova\"",
					"\"MobFoxCor/Plugins/com.mobfox.cordova\"",
					"\"MobFoxCor/Plugins/cordova-plugin-admobpro\"",
					"\"MobFoxCor/Plugins/com.mobfox.cordova\"",
					"\"MobFoxCor/Plugins/com.mobfox.cordova\"",
					"\"MobFoxCor/Plugins/cordova-plugin-admobpro\"",
					"\"MobFoxCor/Plugins/com.mobfox.cordova\"",
					"\"MobFoxCor/Plugins/com.mobfox.cordova\"",
					"\"MobFoxCor/Plugins/cordova-plugin-admobpro\"",
					"\"MobFoxCor/Plugins/com.mobfox.cordova\"",
					"\"MobFoxCor/Plugins/com.mobfox.cordova\"",
					"\"MobFoxCor/Plugins/cordova-plugin-admobpro\"",
					"\"MobFoxCor/Plugins/com.mobfox.cordova\"",
					"\"MobFoxCor/Plugins/com.mobfox.cordova\"",
					"\"MobFoxCor/Plugins/cordova-plugin-admobpro\"",
					"\"MobFoxCor/Plugins/com.mobfox.cordova\"",
					"\"MobFoxCor/Plugins/com.mobfox.cordova\"",
					"\"MobFoxCor/Plugins/cordova-plugin-admobpro\"",
					"\"MobFoxCor/Plugins/com.mobfox.cordova\"",
					"\"MobFoxCor/Plugins/com.mobfox.cordova\"",
					"\"MobFoxCor/Plugins/cordova-plugin-admobpro\"",
					"\"MobFoxCor/Plugins/com.mobfox.cordova\"",
					"\"MobFoxCor/Plugins/com.mobfox.cordova\"",
					"\"MobFoxCor/Plugins/cordova-plugin-admobpro\"",
					"\"MobFoxCor/Plugins/com.mobfox.cordova\"",
					"\"MobFoxCor/Plugins/com.mobfox.cordova\"",
					"\"MobFoxCor/Plugins/cordova-plugin-admobpro\"",
					"\"MobFoxCor/Plugins/com.mobfox.cordova\"",
					"\"MobFoxCor/Plugins/com.mobfox.cordova\"",
					"\"MobFoxCor/Plugins/cordova-plugin-admobpro\"",
					"\"MobFoxCor/Plugins/com.mobfox.cordova\"",
					"\"MobFoxCor/Plugins/com.mobfox.cordova\"",
					"\"MobFoxCor/Plugins/cordova-plugin-admobpro\"",
					"\"MobFoxCor/Plugins/com.mobfox.cordova\"",
					"\"MobFoxCor/Plugins/com.mobfox.cordova\"",
					"\"MobFoxCor/Plugins/cordova-plugin-admobpro\"",
					"\"MobFoxCor/Plugins/com.mobfox.cordova\"",
					"\"MobFoxCor/Plugins/com.mobfox.cordova\"",
					"\"MobFoxCor/Plugins/cordova-plugin-admobpro\"",
					"\"MobFoxCor/Plugins/com.mobfox.cordova\"",
					"\"MobFoxCor/Plugins/com.mobfox.cordova\"",
					"\"MobFoxCor/Plugins/cordova-plugin-admobpro\"",
					"\"MobFoxCor/Plugins/com.mobfox.cordova\"",
					"\"MobFoxCor/Plugins/com.mobfox.cordova\"",
					"\"MobFoxCor/Plugins/cordova-plugin-admobpro\"",
					"\"MobFoxCor/Plugins/com.mobfox.cordova\"",
					"\"MobFoxCor/Plugins/com.mobfox.cordova\"",
					"\"MobFoxCor/Plugins/cordova-plugin-admobpro\"",
					"\"MobFoxCor/Plugins/com.mobfox.cordova\"",
					"\"MobFoxCor/Plugins/com.mobfox.cordova\"",
					"\"MobFoxCor/Plugins/cordova-plugin-admobpro\"",
					"\"MobFoxCor/Plugins/com.mobfox.cordova\"",
					"\"MobFoxCor/Plugins/com.mobfox.cordova\"",
					"\"MobFoxCor/Plugins/cordova-plugin-admobpro\"",
					"\"MobFoxCor/Plugins/com.mobfox.cordova\"",
					"\"MobFoxCor/Plugins/com.mobfox.cordova\"",
					"\"MobFoxCor/Plugins/cordova-plugin-admobpro\"",
					"\"MobFoxCor/Plugins/com.mobfox.cordova\"",
					"\"MobFoxCor/Plugins/com.mobfox.cordova\"",
					"\"MobFoxCor/Plugins/cordova-plugin-admobpro\"",
					"\"MobFoxCor/Plugins/com.mobfox.cordova\"",
					"\"MobFoxCor/Plugins/com.mobfox.cordova\"",
					"\"MobFoxCor/Plugins/cordova-plugin-admobpro\"",
					"\"MobFoxCor/Plugins/com.mobfox.cordova\"",
					"\"MobFoxCor/Plugins/com.mobfox.cordova\"",
					"\"MobFoxCor/Plugins/cordova-plugin-admobpro\"",
					"\"MobFoxCor/Plugins/com.mobfox.cordova\"",
					"\"MobFoxCor/Plugins/com.mobfox.cordova\"",
					"\"MobFoxCor/Plugins/cordova-plugin-admobpro\"",
					"\"MobFoxCor/Plugins/com.mobfox.cordova\"",
					"\"MobFoxCor/Plugins/com.mobfox.cordova\"",
					"\"MobFoxCor/Plugins/cordova-plugin-admobpro\"",
					"\"MobFoxCor/Plugins/com.mobfox.cordova\"",
					"\"MobFoxCor/Plugins/com.mobfox.cordova\"",
					"\"MobFoxCor/Plugins/cordova-plugin-admobpro\"",
					"\"MobFoxCor/Plugins/com.mobfox.cordova\"",
					"\"MobFoxCor/Plugins/com.mobfox.cordova\"",
					"\"MobFoxCor/Plugins/cordova-plugin-admobpro\"",
					"\"MobFoxCor/Plugins/com.mobfox.cordova\"",
					"\"MobFoxCor/Plugins/com.mobfox.cordova\"",
					"\"MobFoxCor/Plugins/cordova-plugin-admobpro\"",
					"\"MobFoxCor/Plugins/com.mobfox.cordova\"",
					"\"MobFoxCor/Plugins/cordova-plugin-admobpro\"",
					"\"MobFoxCor/Plugins/com.mobfox.cordova\"",
					"\"MobFoxCor/Plugins/cordova-plugin-admobpro\"",
					"\"MobFoxCor/Plugins/com.mobfox.cordova\"",
					"\"MobFoxCor/Plugins/cordova-plugin-admobpro\"",
					"\"MobFoxCor/Plugins/com.mobfox.cordova\"",
					"\"MobFoxCor/Plugins/cordova-plugin-admobpro\"",
					"\"MobFoxCor/Plugins/com.mobfox.cordova\"",
					"\"MobFoxCor/Plugins/cordova-plugin-admobpro\"",
					"\"MobFoxCor/Plugins/com.mobfox.cordova\"",
					"\"MobFoxCor/Plugins/cordova-plugin-admobpro\"",
					"\"MobFoxCor/Plugins/com.mobfox.cordova\"",
					"\"MobFoxCor/Plugins/cordova-plugin-admobpro\"",
					"\"MobFoxCor/Plugins/com.mobfox.cordova\"",
					"\"MobFoxCor/Plugins/cordova-plugin-admobpro\"",
					"\"MobFoxCor/Plugins/com.mobfox.cordova\"",
					"\"MobFoxCor/Plugins/cordova-plugin-admobpro\"",
					"\"MobFoxCor/Plugins/com.mobfox.cordova\"",
					"\"MobFoxCor/Plugins/cordova-plugin-admobpro\"",
					"\"MobFoxCor/Plugins/com.mobfox.cordova\"",
					"\"MobFoxCor/Plugins/cordova-plugin-admobpro\"",
					"\"MobFoxCor/Plugins/com.mobfox.cordova\"",
					"\"MobFoxCor/Plugins/cordova-plugin-admobpro\"",
					"\"MobFoxCor/Plugins/com.mobfox.cordova\"",
					"\"MobFoxCor/Plugins/cordova-plugin-admobpro\"",
					"\"MobFoxCor/Plugins/com.mobfox.cordova\"",
					"\"MobFoxCor/Plugins/cordova-plugin-admobpro\"",
					"\"MobFoxCor/Plugins/com.mobfox.cordova\"",
					"\"MobFoxCor/Plugins/cordova-plugin-admobpro\"",
					"\"MobFoxCor/Plugins/com.mobfox.cordova\"",
					"\"MobFoxCor/Plugins/cordova-plugin-admobpro\"",
					"\"MobFoxCor/Plugins/com.mobfox.cordova\"",
					"\"MobFoxCor/Plugins/cordova-plugin-admobpro\"",
					"\"MobFoxCor/Plugins/com.mobfox.cordova\"",
					"\"MobFoxCor/Plugins/cordova-plugin-admobpro\"",
					"\"MobFoxCor/Plugins/com.mobfox.cordova\"",
					"\"MobFoxCor/Plugins/cordova-plugin-admobpro\"",
					"\"MobFoxCor/Plugins/com.mobfox.cordova\"",
					"\"MobFoxCor/Plugins/cordova-plugin-admobpro\"",
					"\"MobFoxCor/Plugins/com.mobfox.cordova\"",
					"\"MobFoxCor/Plugins/cordova-plugin-admobpro\"",
					"\"MobFoxCor/Plugins/com.mobfox.cordova\"",
					"\"MobFoxCor/Plugins/cordova-plugin-admobpro\"",
					"\"MobFoxCor/Plugins/com.mobfox.cordova\"",
					"\"MobFoxCor/Plugins/cordova-plugin-admobpro\"",
					"\"MobFoxCor/Plugins/com.mobfox.cordova\"",
					"\"MobFoxCor/Plugins/cordova-plugin-admobpro\"",
					"\"MobFoxCor/Plugins/com.mobfox.cordova\"",
					"\"MobFoxCor/Plugins/cordova-plugin-admobpro\"",
					"\"MobFoxCor/Plugins/com.mobfox.cordova\"",
					"\"MobFoxCor/Plugins/cordova-plugin-admobpro\"",
					"\"MobFoxCor/Plugins/com.mobfox.cordova\"",
					"\"MobFoxCor/Plugins/cordova-plugin-admobpro\"",
					"\"MobFoxCor/Plugins/com.mobfox.cordova\"",
					"\"MobFoxCor/Plugins/cordova-plugin-admobpro\"",
					"\"MobFoxCor/Plugins/com.mobfox.cordova\"",
					"\"MobFoxCor/Plugins/cordova-plugin-admobpro\"",
					"\"MobFoxCor/Plugins/com.mobfox.cordova\"",
					"\"MobFoxCor/Plugins/cordova-plugin-admobpro\"",
					"\"MobFoxCor/Plugins/com.mobfox.cordova\"",
					"\"MobFoxCor/Plugins/cordova-plugin-admobpro\"",
					"\"MobFoxCor/Plugins/com.mobfox.cordova\"",
					"\"MobFoxCor/Plugins/cordova-plugin-admobpro\"",
					"\"MobFoxCor/Plugins/com.mobfox.cordova\"",
					"\"MobFoxCor/Plugins/cordova-plugin-admobpro\"",
					"\"MobFoxCor/Plugins/com.mobfox.cordova\"",
					"\"MobFoxCor/Plugins/cordova-plugin-admobpro\"",
					"\"MobFoxCor/Plugins/com.mobfox.cordova\"",
					"\"MobFoxCor/Plugins/cordova-plugin-admobpro\"",
					"\"MobFoxCor/Plugins/com.mobfox.cordova\"",
					"\"MobFoxCor/Plugins/cordova-plugin-admobpro\"",
					"\"MobFoxCor/Plugins/com.mobfox.cordova\"",
					"\"MobFoxCor/Plugins/cordova-plugin-admobpro\"",
					"\"MobFoxCor/Plugins/com.mobfox.cordova\"",
					"\"MobFoxCor/Plugins/cordova-plugin-admobpro\"",
					"\"MobFoxCor/Plugins/com.mobfox.cordova\"",
					"\"MobFoxCor/Plugins/cordova-plugin-admobpro\"",
					"\"MobFoxCor/Plugins/com.mobfox.cordova\"",
					"\"MobFoxCor/Plugins/cordova-plugin-admobpro\"",
					"\"MobFoxCor/Plugins/com.mobfox.cordova\"",
					"\"MobFoxCor/Plugins/cordova-plugin-admobpro\"",
					"\"MobFoxCor/Plugins/com.mobfox.cordova\"",
					"\"MobFoxCor/Plugins/cordova-plugin-admobpro\"",
					"\"MobFoxCor/Plugins/com.mobfox.cordova\"",
					"\"MobFoxCor/Plugins/cordova-plugin-admobpro\"",
					"\"MobFoxCor/Plugins/com.mobfox.cordova\"",
					"\"MobFoxCor/Plugins/cordova-plugin-admobpro\"",
					"\"MobFoxCor/Plugins/com.mobfox.cordova\"",
					"\"MobFoxCor/Plugins/cordova-plugin-admobpro\"",
					"\"MobFoxCor/Plugins/com.mobfox.cordova\"",
					"\"MobFoxCor/Plugins/cordova-plugin-admobpro\"",
					"\"MobFoxCor/Plugins/com.mobfox.cordova\"",
					"\"MobFoxCor/Plugins/cordova-plugin-admobpro\"",
					"\"MobFoxCor/Plugins/com.mobfox.cordova\"",
					"\"MobFoxCor/Plugins/cordova-plugin-admobpro\"",
					"\"MobFoxCor/Plugins/com.mobfox.cordova\"",
					"\"MobFoxCor/Plugins/cordova-plugin-admobpro\"",
					"\"MobFoxCor/Plugins/com.mobfox.cordova\"",
					"\"MobFoxCor/Plugins/cordova-plugin-admobpro\"",
					"\"MobFoxCor/Plugins/com.mobfox.cordova\"",
					"\"MobFoxCor/Plugins/cordova-plugin-admobpro\"",
					"\"MobFoxCor/Plugins/com.mobfox.cordova\"",
					"\"MobFoxCor/Plugins/cordova-plugin-admobpro\"",
					"\"MobFoxCor/Plugins/com.mobfox.cordova\"",
					"\"MobFoxCor/Plugins/cordova-plugin-admobpro\"",
					"\"MobFoxCor/Plugins/com.mobfox.cordova\"",
					"\"MobFoxCor/Plugins/cordova-plugin-admobpro\"",
					"\"MobFoxCor/Plugins/com.mobfox.cordova\"",
					"\"MobFoxCor/Plugins/cordova-plugin-admobpro\"",
					"\"MobFoxCor/Plugins/com.mobfox.cordova\"",
					"\"MobFoxCor/Plugins/cordova-plugin-admobpro\"",
					"\"MobFoxCor/Plugins/com.mobfox.cordova\"",
					"\"MobFoxCor/Plugins/cordova-plugin-admobpro\"",
					"\"MobFoxCor/Plugins/com.mobfox.cordova\"",
					"\"MobFoxCor/Plugins/cordova-plugin-admobpro\"",
					"\"MobFoxCor/Plugins/com.mobfox.cordova\"",
					"\"MobFoxCor/Plugins/cordova-plugin-admobpro\"",
					"\"MobFoxCor/Plugins/com.mobfox.cordova\"",
					"\"MobFoxCor/Plugins/cordova-plugin-admobpro\"",
					"\"MobFoxCor/Plugins/com.mobfox.cordova\"",
					"\"MobFoxCor/Plugins/cordova-plugin-admobpro\"",
					"\"MobFoxCor/Plugins/com.mobfox.cordova\"",
					"\"MobFoxCor/Plugins/cordova-plugin-admobpro\"",
					"\"MobFoxCor/Plugins/com.mobfox.cordova\"",
					"\"MobFoxCor/Plugins/cordova-plugin-admobpro\"",
					"\"MobFoxCor/Plugins/com.mobfox.cordova\"",
					"\"MobFoxCor/Plugins/cordova-plugin-admobpro\"",
					"\"MobFoxCor/Plugins/com.mobfox.cordova\"",
					"\"MobFoxCor/Plugins/cordova-plugin-admobpro\"",
					"\"MobFoxCor/Plugins/com.mobfox.cordova\"",
					"\"MobFoxCor/Plugins/cordova-plugin-admobpro\"",
					"\"MobFoxCor/Plugins/com.mobfox.cordova\"",
					"\"MobFoxCor/Plugins/cordova-plugin-admobpro\"",
					"\"MobFoxCor/Plugins/com.mobfox.cordova\"",
					"\"MobFoxCor/Plugins/cordova-plugin-admobpro\"",
					"\"MobFoxCor/Plugins/com.mobfox.cordova\"",
					"\"MobFoxCor/Plugins/cordova-plugin-admobpro\"",
					"\"MobFoxCor/Plugins/com.mobfox.cordova\"",
					"\"MobFoxCor/Plugins/cordova-plugin-admobpro\"",
					"\"MobFoxCor/Plugins/com.mobfox.cordova\"",
					"\"MobFoxCor/Plugins/cordova-plugin-admobpro\"",
					"\"MobFoxCor/Plugins/com.mobfox.cordova\"",
					"\"MobFoxCor/Plugins/cordova-plugin-admobpro\"",
					"\"MobFoxCor/Plugins/com.mobfox.cordova\"",
					"\"MobFoxCor/Plugins/cordova-plugin-admobpro\"",
					"\"MobFoxCor/Plugins/com.mobfox.cordova\"",
					"\"MobFoxCor/Plugins/cordova-plugin-admobpro\"",
					"\"MobFoxCor/Plugins/com.mobfox.cordova\"",
					"\"MobFoxCor/Plugins/cordova-plugin-admobpro\"",
					"\"MobFoxCor/Plugins/com.mobfox.cordova\"",
					"\"MobFoxCor/Plugins/cordova-plugin-admobpro\"",
					"\"MobFoxCor/Plugins/com.mobfox.cordova\"",
					"\"MobFoxCor/Plugins/cordova-plugin-admobpro\"",
					"\"MobFoxCor/Plugins/com.mobfox.cordova\"",
				);
			};
			name = Debug;
		};
		1D6058950D05DD3E006BFB54 /* Release */ = {
			isa = XCBuildConfiguration;
			baseConfigurationReference = 3047A5101AB8059700498E2A /* build-release.xcconfig */;
			buildSettings = {
				ALWAYS_SEARCH_USER_PATHS = NO;
				ASSETCATALOG_COMPILER_APPICON_NAME = AppIcon;
				ASSETCATALOG_COMPILER_LAUNCHIMAGE_NAME = LaunchImage;
				CLANG_ENABLE_MODULES = YES;
				CLANG_ENABLE_OBJC_ARC = YES;
				COPY_PHASE_STRIP = YES;
				GCC_PRECOMPILE_PREFIX_HEADER = YES;
				GCC_PREFIX_HEADER = "MobFoxCor/MobFoxCor-Prefix.pch";
				GCC_THUMB_SUPPORT = NO;
				GCC_VERSION = "";
				INFOPLIST_FILE = "MobFoxCor/MobFoxCor-Info.plist";
				PRODUCT_NAME = "MobFoxCor";
				LIBRARY_SEARCH_PATHS = (
					"$(inherited)",
				);
				FRAMEWORK_SEARCH_PATHS = (
					"$(inherited)",
					"\"MobFoxCor/Plugins/cordova-plugin-admobpro\"",
					"\"MobFoxCor/Plugins/com.mobfox.cordova\"",
					"\"MobFoxCor/Plugins/cordova-plugin-admobpro\"",
					"\"MobFoxCor/Plugins/com.mobfox.cordova\"",
					"\"MobFoxCor/Plugins/cordova-plugin-admobpro\"",
					"\"MobFoxCor/Plugins/com.mobfox.cordova\"",
					"\"MobFoxCor/Plugins/cordova-plugin-admobpro\"",
					"\"MobFoxCor/Plugins/com.mobfox.cordova\"",
					"\"MobFoxCor/Plugins/cordova-plugin-admobpro\"",
					"\"MobFoxCor/Plugins/com.mobfox.cordova\"",
					"\"MobFoxCor/Plugins/cordova-plugin-admobpro\"",
					"\"MobFoxCor/Plugins/com.mobfox.cordova\"",
					"\"MobFoxCor/Plugins/cordova-plugin-admobpro\"",
					"\"MobFoxCor/Plugins/com.mobfox.cordova\"",
					"\"MobFoxCor/Plugins/cordova-plugin-admobpro\"",
					"\"MobFoxCor/Plugins/com.mobfox.cordova\"",
					"\"MobFoxCor/Plugins/cordova-plugin-admobpro\"",
					"\"MobFoxCor/Plugins/com.mobfox.cordova\"",
					"\"MobFoxCor/Plugins/cordova-plugin-admobpro\"",
					"\"MobFoxCor/Plugins/com.mobfox.cordova\"",
					"\"MobFoxCor/Plugins/cordova-plugin-admobpro\"",
					"\"MobFoxCor/Plugins/com.mobfox.cordova\"",
					"\"MobFoxCor/Plugins/cordova-plugin-admobpro\"",
					"\"MobFoxCor/Plugins/com.mobfox.cordova\"",
					"\"MobFoxCor/Plugins/cordova-plugin-admobpro\"",
					"\"MobFoxCor/Plugins/com.mobfox.cordova\"",
					"\"MobFoxCor/Plugins/cordova-plugin-admobpro\"",
					"\"MobFoxCor/Plugins/com.mobfox.cordova\"",
					"\"MobFoxCor/Plugins/cordova-plugin-admobpro\"",
					"\"MobFoxCor/Plugins/com.mobfox.cordova\"",
					"\"MobFoxCor/Plugins/cordova-plugin-admobpro\"",
					"\"MobFoxCor/Plugins/com.mobfox.cordova\"",
					"\"MobFoxCor/Plugins/cordova-plugin-admobpro\"",
					"\"MobFoxCor/Plugins/com.mobfox.cordova\"",
					"\"MobFoxCor/Plugins/cordova-plugin-admobpro\"",
					"\"MobFoxCor/Plugins/com.mobfox.cordova\"",
					"\"MobFoxCor/Plugins/cordova-plugin-admobpro\"",
					"\"MobFoxCor/Plugins/com.mobfox.cordova\"",
					"\"MobFoxCor/Plugins/cordova-plugin-admobpro\"",
					"\"MobFoxCor/Plugins/com.mobfox.cordova\"",
					"\"MobFoxCor/Plugins/cordova-plugin-admobpro\"",
					"\"MobFoxCor/Plugins/com.mobfox.cordova\"",
					"\"MobFoxCor/Plugins/cordova-plugin-admobpro\"",
					"\"MobFoxCor/Plugins/com.mobfox.cordova\"",
					"\"MobFoxCor/Plugins/cordova-plugin-admobpro\"",
					"\"MobFoxCor/Plugins/com.mobfox.cordova\"",
					"\"MobFoxCor/Plugins/cordova-plugin-admobpro\"",
					"\"MobFoxCor/Plugins/com.mobfox.cordova\"",
					"\"MobFoxCor/Plugins/cordova-plugin-admobpro\"",
					"\"MobFoxCor/Plugins/com.mobfox.cordova\"",
					"\"MobFoxCor/Plugins/cordova-plugin-admobpro\"",
					"\"MobFoxCor/Plugins/com.mobfox.cordova\"",
					"\"MobFoxCor/Plugins/cordova-plugin-admobpro\"",
					"\"MobFoxCor/Plugins/com.mobfox.cordova\"",
					"\"MobFoxCor/Plugins/cordova-plugin-admobpro\"",
					"\"MobFoxCor/Plugins/com.mobfox.cordova\"",
					"\"MobFoxCor/Plugins/cordova-plugin-admobpro\"",
					"\"MobFoxCor/Plugins/com.mobfox.cordova\"",
					"\"MobFoxCor/Plugins/cordova-plugin-admobpro\"",
					"\"MobFoxCor/Plugins/com.mobfox.cordova\"",
					"\"MobFoxCor/Plugins/cordova-plugin-admobpro\"",
					"\"MobFoxCor/Plugins/com.mobfox.cordova\"",
					"\"MobFoxCor/Plugins/cordova-plugin-admobpro\"",
					"\"MobFoxCor/Plugins/com.mobfox.cordova\"",
					"\"MobFoxCor/Plugins/cordova-plugin-admobpro\"",
					"\"MobFoxCor/Plugins/com.mobfox.cordova\"",
					"\"MobFoxCor/Plugins/cordova-plugin-admobpro\"",
					"\"MobFoxCor/Plugins/com.mobfox.cordova\"",
					"\"MobFoxCor/Plugins/cordova-plugin-admobpro\"",
					"\"MobFoxCor/Plugins/com.mobfox.cordova\"",
					"\"MobFoxCor/Plugins/cordova-plugin-admobpro\"",
					"\"MobFoxCor/Plugins/com.mobfox.cordova\"",
					"\"MobFoxCor/Plugins/cordova-plugin-admobpro\"",
					"\"MobFoxCor/Plugins/com.mobfox.cordova\"",
					"\"MobFoxCor/Plugins/cordova-plugin-admobpro\"",
					"\"MobFoxCor/Plugins/com.mobfox.cordova\"",
					"\"MobFoxCor/Plugins/cordova-plugin-admobpro\"",
					"\"MobFoxCor/Plugins/com.mobfox.cordova\"",
					"\"MobFoxCor/Plugins/cordova-plugin-admobpro\"",
					"\"MobFoxCor/Plugins/com.mobfox.cordova\"",
					"\"MobFoxCor/Plugins/cordova-plugin-admobpro\"",
					"\"MobFoxCor/Plugins/com.mobfox.cordova\"",
					"\"MobFoxCor/Plugins/cordova-plugin-admobpro\"",
					"\"MobFoxCor/Plugins/com.mobfox.cordova\"",
					"\"MobFoxCor/Plugins/cordova-plugin-admobpro\"",
					"\"MobFoxCor/Plugins/com.mobfox.cordova\"",
					"\"MobFoxCor/Plugins/cordova-plugin-admobpro\"",
					"\"MobFoxCor/Plugins/com.mobfox.cordova\"",
					"\"MobFoxCor/Plugins/cordova-plugin-admobpro\"",
					"\"MobFoxCor/Plugins/com.mobfox.cordova\"",
					"\"MobFoxCor/Plugins/cordova-plugin-admobpro\"",
					"\"MobFoxCor/Plugins/com.mobfox.cordova\"",
					"\"MobFoxCor/Plugins/cordova-plugin-admobpro\"",
					"\"MobFoxCor/Plugins/com.mobfox.cordova\"",
					"\"MobFoxCor/Plugins/cordova-plugin-admobpro\"",
					"\"MobFoxCor/Plugins/com.mobfox.cordova\"",
					"\"MobFoxCor/Plugins/cordova-plugin-admobpro\"",
					"\"MobFoxCor/Plugins/com.mobfox.cordova\"",
					"\"MobFoxCor/Plugins/cordova-plugin-admobpro\"",
					"\"MobFoxCor/Plugins/com.mobfox.cordova\"",
					"\"MobFoxCor/Plugins/cordova-plugin-admobpro\"",
					"\"MobFoxCor/Plugins/com.mobfox.cordova\"",
					"\"MobFoxCor/Plugins/cordova-plugin-admobpro\"",
					"\"MobFoxCor/Plugins/com.mobfox.cordova\"",
					"\"MobFoxCor/Plugins/cordova-plugin-admobpro\"",
					"\"MobFoxCor/Plugins/com.mobfox.cordova\"",
					"\"MobFoxCor/Plugins/cordova-plugin-admobpro\"",
					"\"MobFoxCor/Plugins/com.mobfox.cordova\"",
					"\"MobFoxCor/Plugins/cordova-plugin-admobpro\"",
					"\"MobFoxCor/Plugins/com.mobfox.cordova\"",
					"\"MobFoxCor/Plugins/cordova-plugin-admobpro\"",
					"\"MobFoxCor/Plugins/com.mobfox.cordova\"",
					"\"MobFoxCor/Plugins/cordova-plugin-admobpro\"",
					"\"MobFoxCor/Plugins/com.mobfox.cordova\"",
					"\"MobFoxCor/Plugins/cordova-plugin-admobpro\"",
					"\"MobFoxCor/Plugins/com.mobfox.cordova\"",
					"\"MobFoxCor/Plugins/cordova-plugin-admobpro\"",
					"\"MobFoxCor/Plugins/com.mobfox.cordova\"",
					"\"MobFoxCor/Plugins/cordova-plugin-admobpro\"",
					"\"MobFoxCor/Plugins/com.mobfox.cordova\"",
					"\"MobFoxCor/Plugins/cordova-plugin-admobpro\"",
					"\"MobFoxCor/Plugins/com.mobfox.cordova\"",
					"\"MobFoxCor/Plugins/cordova-plugin-admobpro\"",
					"\"MobFoxCor/Plugins/com.mobfox.cordova\"",
					"\"MobFoxCor/Plugins/cordova-plugin-admobpro\"",
					"\"MobFoxCor/Plugins/com.mobfox.cordova\"",
					"\"MobFoxCor/Plugins/cordova-plugin-admobpro\"",
					"\"MobFoxCor/Plugins/com.mobfox.cordova\"",
					"\"MobFoxCor/Plugins/com.mobfox.cordova\"",
					"\"MobFoxCor/Plugins/cordova-plugin-admobpro\"",
					"\"MobFoxCor/Plugins/com.mobfox.cordova\"",
					"\"MobFoxCor/Plugins/com.mobfox.cordova\"",
					"\"MobFoxCor/Plugins/cordova-plugin-admobpro\"",
					"\"MobFoxCor/Plugins/com.mobfox.cordova\"",
					"\"MobFoxCor/Plugins/com.mobfox.cordova\"",
					"\"MobFoxCor/Plugins/cordova-plugin-admobpro\"",
					"\"MobFoxCor/Plugins/com.mobfox.cordova\"",
					"\"MobFoxCor/Plugins/com.mobfox.cordova\"",
					"\"MobFoxCor/Plugins/cordova-plugin-admobpro\"",
					"\"MobFoxCor/Plugins/com.mobfox.cordova\"",
					"\"MobFoxCor/Plugins/com.mobfox.cordova\"",
					"\"MobFoxCor/Plugins/cordova-plugin-admobpro\"",
					"\"MobFoxCor/Plugins/com.mobfox.cordova\"",
					"\"MobFoxCor/Plugins/com.mobfox.cordova\"",
					"\"MobFoxCor/Plugins/cordova-plugin-admobpro\"",
					"\"MobFoxCor/Plugins/com.mobfox.cordova\"",
					"\"MobFoxCor/Plugins/com.mobfox.cordova\"",
					"\"MobFoxCor/Plugins/cordova-plugin-admobpro\"",
					"\"MobFoxCor/Plugins/com.mobfox.cordova\"",
					"\"MobFoxCor/Plugins/com.mobfox.cordova\"",
					"\"MobFoxCor/Plugins/cordova-plugin-admobpro\"",
					"\"MobFoxCor/Plugins/com.mobfox.cordova\"",
					"\"MobFoxCor/Plugins/com.mobfox.cordova\"",
					"\"MobFoxCor/Plugins/cordova-plugin-admobpro\"",
					"\"MobFoxCor/Plugins/com.mobfox.cordova\"",
					"\"MobFoxCor/Plugins/com.mobfox.cordova\"",
					"\"MobFoxCor/Plugins/cordova-plugin-admobpro\"",
					"\"MobFoxCor/Plugins/com.mobfox.cordova\"",
					"\"MobFoxCor/Plugins/com.mobfox.cordova\"",
					"\"MobFoxCor/Plugins/cordova-plugin-admobpro\"",
					"\"MobFoxCor/Plugins/com.mobfox.cordova\"",
					"\"MobFoxCor/Plugins/com.mobfox.cordova\"",
					"\"MobFoxCor/Plugins/cordova-plugin-admobpro\"",
					"\"MobFoxCor/Plugins/com.mobfox.cordova\"",
					"\"MobFoxCor/Plugins/com.mobfox.cordova\"",
					"\"MobFoxCor/Plugins/cordova-plugin-admobpro\"",
					"\"MobFoxCor/Plugins/com.mobfox.cordova\"",
					"\"MobFoxCor/Plugins/com.mobfox.cordova\"",
					"\"MobFoxCor/Plugins/cordova-plugin-admobpro\"",
					"\"MobFoxCor/Plugins/com.mobfox.cordova\"",
					"\"MobFoxCor/Plugins/com.mobfox.cordova\"",
					"\"MobFoxCor/Plugins/cordova-plugin-admobpro\"",
					"\"MobFoxCor/Plugins/com.mobfox.cordova\"",
					"\"MobFoxCor/Plugins/com.mobfox.cordova\"",
					"\"MobFoxCor/Plugins/cordova-plugin-admobpro\"",
					"\"MobFoxCor/Plugins/com.mobfox.cordova\"",
					"\"MobFoxCor/Plugins/com.mobfox.cordova\"",
					"\"MobFoxCor/Plugins/cordova-plugin-admobpro\"",
					"\"MobFoxCor/Plugins/com.mobfox.cordova\"",
					"\"MobFoxCor/Plugins/com.mobfox.cordova\"",
					"\"MobFoxCor/Plugins/cordova-plugin-admobpro\"",
					"\"MobFoxCor/Plugins/com.mobfox.cordova\"",
					"\"MobFoxCor/Plugins/com.mobfox.cordova\"",
					"\"MobFoxCor/Plugins/cordova-plugin-admobpro\"",
					"\"MobFoxCor/Plugins/com.mobfox.cordova\"",
					"\"MobFoxCor/Plugins/com.mobfox.cordova\"",
					"\"MobFoxCor/Plugins/cordova-plugin-admobpro\"",
					"\"MobFoxCor/Plugins/com.mobfox.cordova\"",
					"\"MobFoxCor/Plugins/com.mobfox.cordova\"",
					"\"MobFoxCor/Plugins/cordova-plugin-admobpro\"",
					"\"MobFoxCor/Plugins/com.mobfox.cordova\"",
					"\"MobFoxCor/Plugins/com.mobfox.cordova\"",
					"\"MobFoxCor/Plugins/cordova-plugin-admobpro\"",
					"\"MobFoxCor/Plugins/com.mobfox.cordova\"",
					"\"MobFoxCor/Plugins/com.mobfox.cordova\"",
					"\"MobFoxCor/Plugins/cordova-plugin-admobpro\"",
					"\"MobFoxCor/Plugins/com.mobfox.cordova\"",
					"\"MobFoxCor/Plugins/com.mobfox.cordova\"",
					"\"MobFoxCor/Plugins/cordova-plugin-admobpro\"",
					"\"MobFoxCor/Plugins/com.mobfox.cordova\"",
					"\"MobFoxCor/Plugins/com.mobfox.cordova\"",
					"\"MobFoxCor/Plugins/cordova-plugin-admobpro\"",
					"\"MobFoxCor/Plugins/com.mobfox.cordova\"",
					"\"MobFoxCor/Plugins/com.mobfox.cordova\"",
					"\"MobFoxCor/Plugins/cordova-plugin-admobpro\"",
					"\"MobFoxCor/Plugins/com.mobfox.cordova\"",
					"\"MobFoxCor/Plugins/com.mobfox.cordova\"",
					"\"MobFoxCor/Plugins/cordova-plugin-admobpro\"",
					"\"MobFoxCor/Plugins/com.mobfox.cordova\"",
					"\"MobFoxCor/Plugins/com.mobfox.cordova\"",
					"\"MobFoxCor/Plugins/cordova-plugin-admobpro\"",
					"\"MobFoxCor/Plugins/com.mobfox.cordova\"",
					"\"MobFoxCor/Plugins/com.mobfox.cordova\"",
					"\"MobFoxCor/Plugins/cordova-plugin-admobpro\"",
					"\"MobFoxCor/Plugins/com.mobfox.cordova\"",
					"\"MobFoxCor/Plugins/com.mobfox.cordova\"",
					"\"MobFoxCor/Plugins/cordova-plugin-admobpro\"",
					"\"MobFoxCor/Plugins/com.mobfox.cordova\"",
					"\"MobFoxCor/Plugins/com.mobfox.cordova\"",
					"\"MobFoxCor/Plugins/cordova-plugin-admobpro\"",
					"\"MobFoxCor/Plugins/com.mobfox.cordova\"",
					"\"MobFoxCor/Plugins/com.mobfox.cordova\"",
					"\"MobFoxCor/Plugins/cordova-plugin-admobpro\"",
					"\"MobFoxCor/Plugins/com.mobfox.cordova\"",
					"\"MobFoxCor/Plugins/cordova-plugin-admobpro\"",
					"\"MobFoxCor/Plugins/com.mobfox.cordova\"",
					"\"MobFoxCor/Plugins/cordova-plugin-admobpro\"",
					"\"MobFoxCor/Plugins/com.mobfox.cordova\"",
					"\"MobFoxCor/Plugins/cordova-plugin-admobpro\"",
					"\"MobFoxCor/Plugins/com.mobfox.cordova\"",
					"\"MobFoxCor/Plugins/cordova-plugin-admobpro\"",
					"\"MobFoxCor/Plugins/com.mobfox.cordova\"",
					"\"MobFoxCor/Plugins/cordova-plugin-admobpro\"",
					"\"MobFoxCor/Plugins/com.mobfox.cordova\"",
					"\"MobFoxCor/Plugins/cordova-plugin-admobpro\"",
					"\"MobFoxCor/Plugins/com.mobfox.cordova\"",
					"\"MobFoxCor/Plugins/cordova-plugin-admobpro\"",
					"\"MobFoxCor/Plugins/com.mobfox.cordova\"",
					"\"MobFoxCor/Plugins/cordova-plugin-admobpro\"",
					"\"MobFoxCor/Plugins/com.mobfox.cordova\"",
					"\"MobFoxCor/Plugins/cordova-plugin-admobpro\"",
					"\"MobFoxCor/Plugins/com.mobfox.cordova\"",
					"\"MobFoxCor/Plugins/cordova-plugin-admobpro\"",
					"\"MobFoxCor/Plugins/com.mobfox.cordova\"",
					"\"MobFoxCor/Plugins/cordova-plugin-admobpro\"",
					"\"MobFoxCor/Plugins/com.mobfox.cordova\"",
					"\"MobFoxCor/Plugins/cordova-plugin-admobpro\"",
					"\"MobFoxCor/Plugins/com.mobfox.cordova\"",
					"\"MobFoxCor/Plugins/cordova-plugin-admobpro\"",
					"\"MobFoxCor/Plugins/com.mobfox.cordova\"",
					"\"MobFoxCor/Plugins/cordova-plugin-admobpro\"",
					"\"MobFoxCor/Plugins/com.mobfox.cordova\"",
					"\"MobFoxCor/Plugins/cordova-plugin-admobpro\"",
					"\"MobFoxCor/Plugins/com.mobfox.cordova\"",
					"\"MobFoxCor/Plugins/cordova-plugin-admobpro\"",
					"\"MobFoxCor/Plugins/com.mobfox.cordova\"",
					"\"MobFoxCor/Plugins/cordova-plugin-admobpro\"",
					"\"MobFoxCor/Plugins/com.mobfox.cordova\"",
					"\"MobFoxCor/Plugins/cordova-plugin-admobpro\"",
					"\"MobFoxCor/Plugins/com.mobfox.cordova\"",
					"\"MobFoxCor/Plugins/cordova-plugin-admobpro\"",
					"\"MobFoxCor/Plugins/com.mobfox.cordova\"",
					"\"MobFoxCor/Plugins/cordova-plugin-admobpro\"",
					"\"MobFoxCor/Plugins/com.mobfox.cordova\"",
					"\"MobFoxCor/Plugins/cordova-plugin-admobpro\"",
					"\"MobFoxCor/Plugins/com.mobfox.cordova\"",
					"\"MobFoxCor/Plugins/cordova-plugin-admobpro\"",
					"\"MobFoxCor/Plugins/com.mobfox.cordova\"",
					"\"MobFoxCor/Plugins/cordova-plugin-admobpro\"",
					"\"MobFoxCor/Plugins/com.mobfox.cordova\"",
					"\"MobFoxCor/Plugins/cordova-plugin-admobpro\"",
					"\"MobFoxCor/Plugins/com.mobfox.cordova\"",
					"\"MobFoxCor/Plugins/cordova-plugin-admobpro\"",
					"\"MobFoxCor/Plugins/com.mobfox.cordova\"",
					"\"MobFoxCor/Plugins/cordova-plugin-admobpro\"",
					"\"MobFoxCor/Plugins/com.mobfox.cordova\"",
					"\"MobFoxCor/Plugins/cordova-plugin-admobpro\"",
					"\"MobFoxCor/Plugins/com.mobfox.cordova\"",
					"\"MobFoxCor/Plugins/cordova-plugin-admobpro\"",
					"\"MobFoxCor/Plugins/com.mobfox.cordova\"",
					"\"MobFoxCor/Plugins/cordova-plugin-admobpro\"",
					"\"MobFoxCor/Plugins/com.mobfox.cordova\"",
					"\"MobFoxCor/Plugins/cordova-plugin-admobpro\"",
					"\"MobFoxCor/Plugins/com.mobfox.cordova\"",
					"\"MobFoxCor/Plugins/cordova-plugin-admobpro\"",
					"\"MobFoxCor/Plugins/com.mobfox.cordova\"",
					"\"MobFoxCor/Plugins/cordova-plugin-admobpro\"",
					"\"MobFoxCor/Plugins/com.mobfox.cordova\"",
					"\"MobFoxCor/Plugins/cordova-plugin-admobpro\"",
					"\"MobFoxCor/Plugins/com.mobfox.cordova\"",
					"\"MobFoxCor/Plugins/cordova-plugin-admobpro\"",
					"\"MobFoxCor/Plugins/com.mobfox.cordova\"",
					"\"MobFoxCor/Plugins/cordova-plugin-admobpro\"",
					"\"MobFoxCor/Plugins/com.mobfox.cordova\"",
					"\"MobFoxCor/Plugins/cordova-plugin-admobpro\"",
					"\"MobFoxCor/Plugins/com.mobfox.cordova\"",
					"\"MobFoxCor/Plugins/cordova-plugin-admobpro\"",
					"\"MobFoxCor/Plugins/com.mobfox.cordova\"",
					"\"MobFoxCor/Plugins/cordova-plugin-admobpro\"",
					"\"MobFoxCor/Plugins/com.mobfox.cordova\"",
					"\"MobFoxCor/Plugins/cordova-plugin-admobpro\"",
					"\"MobFoxCor/Plugins/com.mobfox.cordova\"",
					"\"MobFoxCor/Plugins/cordova-plugin-admobpro\"",
					"\"MobFoxCor/Plugins/com.mobfox.cordova\"",
					"\"MobFoxCor/Plugins/cordova-plugin-admobpro\"",
					"\"MobFoxCor/Plugins/com.mobfox.cordova\"",
					"\"MobFoxCor/Plugins/cordova-plugin-admobpro\"",
					"\"MobFoxCor/Plugins/com.mobfox.cordova\"",
					"\"MobFoxCor/Plugins/cordova-plugin-admobpro\"",
					"\"MobFoxCor/Plugins/com.mobfox.cordova\"",
					"\"MobFoxCor/Plugins/cordova-plugin-admobpro\"",
					"\"MobFoxCor/Plugins/com.mobfox.cordova\"",
					"\"MobFoxCor/Plugins/cordova-plugin-admobpro\"",
					"\"MobFoxCor/Plugins/com.mobfox.cordova\"",
					"\"MobFoxCor/Plugins/cordova-plugin-admobpro\"",
					"\"MobFoxCor/Plugins/com.mobfox.cordova\"",
					"\"MobFoxCor/Plugins/cordova-plugin-admobpro\"",
					"\"MobFoxCor/Plugins/com.mobfox.cordova\"",
					"\"MobFoxCor/Plugins/cordova-plugin-admobpro\"",
					"\"MobFoxCor/Plugins/com.mobfox.cordova\"",
					"\"MobFoxCor/Plugins/cordova-plugin-admobpro\"",
					"\"MobFoxCor/Plugins/com.mobfox.cordova\"",
					"\"MobFoxCor/Plugins/cordova-plugin-admobpro\"",
					"\"MobFoxCor/Plugins/com.mobfox.cordova\"",
					"\"MobFoxCor/Plugins/cordova-plugin-admobpro\"",
					"\"MobFoxCor/Plugins/com.mobfox.cordova\"",
					"\"MobFoxCor/Plugins/cordova-plugin-admobpro\"",
					"\"MobFoxCor/Plugins/com.mobfox.cordova\"",
					"\"MobFoxCor/Plugins/cordova-plugin-admobpro\"",
					"\"MobFoxCor/Plugins/com.mobfox.cordova\"",
					"\"MobFoxCor/Plugins/cordova-plugin-admobpro\"",
					"\"MobFoxCor/Plugins/com.mobfox.cordova\"",
					"\"MobFoxCor/Plugins/cordova-plugin-admobpro\"",
					"\"MobFoxCor/Plugins/com.mobfox.cordova\"",
					"\"MobFoxCor/Plugins/cordova-plugin-admobpro\"",
					"\"MobFoxCor/Plugins/com.mobfox.cordova\"",
					"\"MobFoxCor/Plugins/cordova-plugin-admobpro\"",
					"\"MobFoxCor/Plugins/com.mobfox.cordova\"",
					"\"MobFoxCor/Plugins/cordova-plugin-admobpro\"",
					"\"MobFoxCor/Plugins/com.mobfox.cordova\"",
					"\"MobFoxCor/Plugins/cordova-plugin-admobpro\"",
					"\"MobFoxCor/Plugins/com.mobfox.cordova\"",
					"\"MobFoxCor/Plugins/cordova-plugin-admobpro\"",
					"\"MobFoxCor/Plugins/com.mobfox.cordova\"",
					"\"MobFoxCor/Plugins/cordova-plugin-admobpro\"",
					"\"MobFoxCor/Plugins/com.mobfox.cordova\"",
					"\"MobFoxCor/Plugins/cordova-plugin-admobpro\"",
					"\"MobFoxCor/Plugins/com.mobfox.cordova\"",
					"\"MobFoxCor/Plugins/cordova-plugin-admobpro\"",
					"\"MobFoxCor/Plugins/com.mobfox.cordova\"",
					"\"MobFoxCor/Plugins/cordova-plugin-admobpro\"",
					"\"MobFoxCor/Plugins/com.mobfox.cordova\"",
					"\"MobFoxCor/Plugins/cordova-plugin-admobpro\"",
					"\"MobFoxCor/Plugins/com.mobfox.cordova\"",
					"\"MobFoxCor/Plugins/cordova-plugin-admobpro\"",
					"\"MobFoxCor/Plugins/com.mobfox.cordova\"",
					"\"MobFoxCor/Plugins/cordova-plugin-admobpro\"",
					"\"MobFoxCor/Plugins/com.mobfox.cordova\"",
					"\"MobFoxCor/Plugins/cordova-plugin-admobpro\"",
					"\"MobFoxCor/Plugins/com.mobfox.cordova\"",
					"\"MobFoxCor/Plugins/cordova-plugin-admobpro\"",
					"\"MobFoxCor/Plugins/com.mobfox.cordova\"",
					"\"MobFoxCor/Plugins/cordova-plugin-admobpro\"",
					"\"MobFoxCor/Plugins/com.mobfox.cordova\"",
					"\"MobFoxCor/Plugins/cordova-plugin-admobpro\"",
					"\"MobFoxCor/Plugins/com.mobfox.cordova\"",
					"\"MobFoxCor/Plugins/cordova-plugin-admobpro\"",
					"\"MobFoxCor/Plugins/com.mobfox.cordova\"",
					"\"MobFoxCor/Plugins/cordova-plugin-admobpro\"",
					"\"MobFoxCor/Plugins/com.mobfox.cordova\"",
					"\"MobFoxCor/Plugins/cordova-plugin-admobpro\"",
					"\"MobFoxCor/Plugins/com.mobfox.cordova\"",
					"\"MobFoxCor/Plugins/cordova-plugin-admobpro\"",
					"\"MobFoxCor/Plugins/com.mobfox.cordova\"",
					"\"MobFoxCor/Plugins/cordova-plugin-admobpro\"",
					"\"MobFoxCor/Plugins/com.mobfox.cordova\"",
					"\"MobFoxCor/Plugins/cordova-plugin-admobpro\"",
					"\"MobFoxCor/Plugins/com.mobfox.cordova\"",
				);
			};
			name = Release;
		};
		C01FCF4F08A954540054247B /* Debug */ = {
			isa = XCBuildConfiguration;
			baseConfigurationReference = 3047A5111AB8059700498E2A /* build.xcconfig */;
			buildSettings = {
				CLANG_ENABLE_MODULES = YES;
				CLANG_ENABLE_OBJC_ARC = YES;
				CLANG_WARN_BOOL_CONVERSION = YES;
				CLANG_WARN_CONSTANT_CONVERSION = YES;
				CLANG_WARN_EMPTY_BODY = YES;
				CLANG_WARN_ENUM_CONVERSION = YES;
				CLANG_WARN_INT_CONVERSION = YES;
				CLANG_WARN__DUPLICATE_METHOD_MATCH = YES;
				GCC_C_LANGUAGE_STANDARD = c99;
				GCC_THUMB_SUPPORT = NO;
				GCC_VERSION = "";
				GCC_WARN_ABOUT_RETURN_TYPE = YES;
				GCC_WARN_UNDECLARED_SELECTOR = YES;
				GCC_WARN_UNINITIALIZED_AUTOS = YES;
				GCC_WARN_UNUSED_FUNCTION = YES;
				GCC_WARN_UNUSED_VARIABLE = YES;
				ONLY_ACTIVE_ARCH = YES;
				SDKROOT = iphoneos;
				SKIP_INSTALL = NO;
			};
			name = Debug;
		};
		C01FCF5008A954540054247B /* Release */ = {
			isa = XCBuildConfiguration;
			baseConfigurationReference = 3047A5111AB8059700498E2A /* build.xcconfig */;
			buildSettings = {
				CLANG_ENABLE_MODULES = YES;
				CLANG_ENABLE_OBJC_ARC = YES;
				CLANG_WARN_BOOL_CONVERSION = YES;
				CLANG_WARN_CONSTANT_CONVERSION = YES;
				CLANG_WARN_EMPTY_BODY = YES;
				CLANG_WARN_ENUM_CONVERSION = YES;
				CLANG_WARN_INT_CONVERSION = YES;
				CLANG_WARN__DUPLICATE_METHOD_MATCH = YES;
				GCC_C_LANGUAGE_STANDARD = c99;
				GCC_THUMB_SUPPORT = NO;
				GCC_VERSION = "";
				GCC_WARN_ABOUT_RETURN_TYPE = YES;
				GCC_WARN_UNDECLARED_SELECTOR = YES;
				GCC_WARN_UNINITIALIZED_AUTOS = YES;
				GCC_WARN_UNUSED_FUNCTION = YES;
				GCC_WARN_UNUSED_VARIABLE = YES;
				SDKROOT = iphoneos;
				SKIP_INSTALL = NO;
			};
			name = Release;
		};
/* End XCBuildConfiguration section */

/* Begin XCConfigurationList section */
		1D6058960D05DD3E006BFB54 /* Build configuration list for PBXNativeTarget "MobFoxCor" */ = {
			isa = XCConfigurationList;
			buildConfigurations = (
				1D6058940D05DD3E006BFB54 /* Debug */,
				1D6058950D05DD3E006BFB54 /* Release */,
			);
			defaultConfigurationIsVisible = 0;
			defaultConfigurationName = Release;
		};
		C01FCF4E08A954540054247B /* Build configuration list for PBXProject "__NON-CLI__" */ = {
			isa = XCConfigurationList;
			buildConfigurations = (
				C01FCF4F08A954540054247B /* Debug */,
				C01FCF5008A954540054247B /* Release */,
			);
			defaultConfigurationIsVisible = 0;
			defaultConfigurationName = Release;
		};
/* End XCConfigurationList section */
	};
	rootObject = 29B97313FDCFA39411CA2CEA /* Project object */;
}
