// !$*UTF8*$!
{
	archiveVersion = 1;
	classes = {
	};
	objectVersion = 46;
	objects = {
/* Begin PBXBuildFile section */
		0207DA581B56EA530066E2B4 /* Images.xcassets in Resources */ = {isa = PBXBuildFile; fileRef = 0207DA571B56EA530066E2B4 /* Images.xcassets */; };
		1D3623260D0F684500981E51 /* AppDelegate.m in Sources */ = {isa = PBXBuildFile; fileRef = 1D3623250D0F684500981E51 /* AppDelegate.m */; };
		1D60589B0D05DD56006BFB54 /* main.m in Sources */ = {isa = PBXBuildFile; fileRef = 29B97316FDCFA39411CA2CEA /* main.m */; };
		301BF552109A68D80062928A /* libCordova.a in Frameworks */ = {isa = PBXBuildFile; fileRef = 301BF535109A57CC0062928A /* libCordova.a */; };
		302D95F114D2391D003F00A1 /* MainViewController.m in Sources */ = {isa = PBXBuildFile; fileRef = 302D95EF14D2391D003F00A1 /* MainViewController.m */; };
		302D95F214D2391D003F00A1 /* MainViewController.xib in Resources */ = {isa = PBXBuildFile; fileRef = 302D95F014D2391D003F00A1 /* MainViewController.xib */; };
		6AFF5BF91D6E424B00AB3073 /* CDVLaunchScreen.storyboard in Resources */ = {isa = PBXBuildFile; fileRef = 6AFF5BF81D6E424B00AB3073 /* CDVLaunchScreen.storyboard */; };
		B25E336FB58941A1A3ACAB7D /* CDVPluginExt.m in Sources */ = {isa = PBXBuildFile; fileRef = BCB599C5589D42629FD9567D /* CDVPluginExt.m */; };
		D2FA25FF76A144BBAFE417F2 /* libCordovaGenericAd.a in Frameworks */ = {isa = PBXBuildFile; fileRef = 56267ECEAC9D4B938AA9A057 /* libCordovaGenericAd.a */; };
		4C39CB458395438283CD69BD /* CFNetwork.framework in Frameworks */ = {isa = PBXBuildFile; fileRef = 06AB4008A3834451A8A0F681 /* CFNetwork.framework */; };
		130260BE63B94BD1A86E40C7 /* CDVAdMobPlugin.m in Sources */ = {isa = PBXBuildFile; fileRef = D63592AEA75E4D73A54A05C4 /* CDVAdMobPlugin.m */; };
		38E0AECE8908410680CDC040 /* AdMobMediation.m in Sources */ = {isa = PBXBuildFile; fileRef = 6FBA06D18FE54917889D0A02 /* AdMobMediation.m */; };
		34E719A65B4843E89D1FBD04 /* GoogleMobileAds.framework in Frameworks */ = {isa = PBXBuildFile; fileRef = 84721A7C3B744C4D8A61AE83 /* GoogleMobileAds.framework */; };
		EDAACA7C098041BCBFD17897 /* AdSupport.framework in Frameworks */ = {isa = PBXBuildFile; fileRef = FC15E00A56E14016AB1A3BDF /* AdSupport.framework */; };
		2544E4B0F22D4884A090B29A /* AudioToolbox.framework in Frameworks */ = {isa = PBXBuildFile; fileRef = EEEACBC0B5434694A18F2700 /* AudioToolbox.framework */; };
		00337CACBDA74772B7D25CC2 /* AVFoundation.framework in Frameworks */ = {isa = PBXBuildFile; fileRef = 53122D29B6D949C2B444FDF0 /* AVFoundation.framework */; };
		D6ECEA65236C42F2B20E2543 /* CoreBluetooth.framework in Frameworks */ = {isa = PBXBuildFile; fileRef = 3F87F18D8E934A92BCB1F58C /* CoreBluetooth.framework */; };
		26E270C1DDED4A489C6CBECF /* CoreLocation.framework in Frameworks */ = {isa = PBXBuildFile; fileRef = EEE487A1F9534D57A40CA74B /* CoreLocation.framework */; };
		C5C9841F36B4481CB8EA3152 /* CoreMedia.framework in Frameworks */ = {isa = PBXBuildFile; fileRef = 1A02E33C0FD44880BE1525AA /* CoreMedia.framework */; };
		68E4F62357094A1DACED3826 /* CoreMotion.framework in Frameworks */ = {isa = PBXBuildFile; fileRef = FF1A661315774788A7FDB29B /* CoreMotion.framework */; };
		065C6DD147B84157ABEB429B /* CoreTelephony.framework in Frameworks */ = {isa = PBXBuildFile; fileRef = B049EAD2EBB242519843F8B4 /* CoreTelephony.framework */; };
		92BA80D082344D3181B1448D /* CoreVideo.framework in Frameworks */ = {isa = PBXBuildFile; fileRef = BD28F6B47EAF4F87A970B682 /* CoreVideo.framework */; };
		2555566C2CB945ED8FC53025 /* EventKit.framework in Frameworks */ = {isa = PBXBuildFile; fileRef = 27B6DC7CE8944F4CBEBEE8FC /* EventKit.framework */; };
		F8E8E300F6314DC3A5B6E374 /* EventKitUI.framework in Frameworks */ = {isa = PBXBuildFile; fileRef = FF5B475E88E8400BA588EF29 /* EventKitUI.framework */; };
		F426B36123844C428608A13C /* Foundation.framework in Frameworks */ = {isa = PBXBuildFile; fileRef = 0D800207917C470198B6136C /* Foundation.framework */; };
		80F2B452940C48C191B394D3 /* GLKit.framework in Frameworks */ = {isa = PBXBuildFile; fileRef = 4DC7A2284F4F4453B8E53A56 /* GLKit.framework */; };
		D1685728BF8549E2A4D1C6C1 /* MediaPlayer.framework in Frameworks */ = {isa = PBXBuildFile; fileRef = 74A539E7B3CF4229BB2BB61E /* MediaPlayer.framework */; };
		E1FF598917554676B53BFED5 /* MessageUI.framework in Frameworks */ = {isa = PBXBuildFile; fileRef = BC5B961B0A9141D491FB2922 /* MessageUI.framework */; };
		04C957AD20B44BDB87D72496 /* OpenGLES.framework in Frameworks */ = {isa = PBXBuildFile; fileRef = 006FE44AEF5047E6A5D2C312 /* OpenGLES.framework */; };
		99F3050A262445D7977B616B /* SafariServices.framework in Frameworks */ = {isa = PBXBuildFile; fileRef = AC25FB2183B541168698FAED /* SafariServices.framework */; };
		37943F38CD6E45009043CF41 /* StoreKit.framework in Frameworks */ = {isa = PBXBuildFile; fileRef = 4298E4D570194483938ED31E /* StoreKit.framework */; };
		744BA9BCE0F14CC187D3F101 /* SystemConfiguration.framework in Frameworks */ = {isa = PBXBuildFile; fileRef = 936DC873A612428B89327348 /* SystemConfiguration.framework */; };
		6F523351C96C4B4892D18096 /* UIKit.framework in Frameworks */ = {isa = PBXBuildFile; fileRef = EEE2627E3AE9445EAF5DE491 /* UIKit.framework */; };
		E771C37B8B0143E690814911 /* MobFoxPlugin.m in Sources */ = {isa = PBXBuildFile; fileRef = A209F0801F1246ABB8C7557F /* MobFoxPlugin.m */; };
		CF11428CB758444191F9A253 /* MobFoxSDKCore.framework in Frameworks */ = {isa = PBXBuildFile; fileRef = E49D6FDFE6624ECBB73A8B26 /* MobFoxSDKCore.framework */; };
		F64A140B78F14D7492E94D17 /* iAd.framework in Frameworks */ = {isa = PBXBuildFile; fileRef = 6927D5551F9848BE88325EAC /* iAd.framework */; };
/* End PBXBuildFile section */

/* Begin PBXContainerItemProxy section */
		301BF534109A57CC0062928A /* PBXContainerItemProxy */ = {
			isa = PBXContainerItemProxy;
			containerPortal = 301BF52D109A57CC0062928A /* CordovaLib.xcodeproj */;
			proxyType = 2;
			remoteGlobalIDString = D2AAC07E0554694100DB518D;
			remoteInfo = CordovaLib;
		};
		301BF550109A68C00062928A /* PBXContainerItemProxy */ = {
			isa = PBXContainerItemProxy;
			containerPortal = 301BF52D109A57CC0062928A /* CordovaLib.xcodeproj */;
			proxyType = 1;
			remoteGlobalIDString = D2AAC07D0554694100DB518D;
			remoteInfo = CordovaLib;
		};
/* End PBXContainerItemProxy section */

/* Begin PBXFileReference section */
		0207DA571B56EA530066E2B4 /* Images.xcassets */ = {isa = PBXFileReference; lastKnownFileType = folder.assetcatalog; name = Images.xcassets; path = MobFoxCor/Images.xcassets; sourceTree = SOURCE_ROOT; };
		1D3623240D0F684500981E51 /* AppDelegate.h */ = {isa = PBXFileReference; fileEncoding = 4; lastKnownFileType = sourcecode.c.h; path = AppDelegate.h; sourceTree = "<group>"; };
		1D3623250D0F684500981E51 /* AppDelegate.m */ = {isa = PBXFileReference; fileEncoding = 4; lastKnownFileType = sourcecode.c.objc; path = AppDelegate.m; sourceTree = "<group>"; };
		1D6058910D05DD3D006BFB54 /* MobFoxCor.app */ = {isa = PBXFileReference; explicitFileType = wrapper.application; includeInIndex = 0; path = MobFoxCor.app; sourceTree = BUILT_PRODUCTS_DIR; };
		29B97316FDCFA39411CA2CEA /* main.m */ = {isa = PBXFileReference; fileEncoding = 4; lastKnownFileType = sourcecode.c.objc; path = main.m; sourceTree = "<group>"; };
		301BF52D109A57CC0062928A /* CordovaLib.xcodeproj */ = {isa = PBXFileReference; lastKnownFileType = "wrapper.pb-project"; name = CordovaLib.xcodeproj; path = CordovaLib/CordovaLib.xcodeproj; sourceTree = "<group>"; };
		301BF56E109A69640062928A /* www */ = {isa = PBXFileReference; lastKnownFileType = folder; path = www; sourceTree = SOURCE_ROOT; };
		302D95EE14D2391D003F00A1 /* MainViewController.h */ = {isa = PBXFileReference; fileEncoding = 4; lastKnownFileType = sourcecode.c.h; path = MainViewController.h; sourceTree = "<group>"; };
		302D95EF14D2391D003F00A1 /* MainViewController.m */ = {isa = PBXFileReference; fileEncoding = 4; lastKnownFileType = sourcecode.c.objc; path = MainViewController.m; sourceTree = "<group>"; };
		302D95F014D2391D003F00A1 /* MainViewController.xib */ = {isa = PBXFileReference; fileEncoding = 4; lastKnownFileType = file.xib; path = MainViewController.xib; sourceTree = "<group>"; };
		3047A50F1AB8059700498E2A /* build-debug.xcconfig */ = {isa = PBXFileReference; fileEncoding = 4; lastKnownFileType = text.xcconfig; name = "build-debug.xcconfig"; path = "cordova/build-debug.xcconfig"; sourceTree = SOURCE_ROOT; };
		3047A5101AB8059700498E2A /* build-release.xcconfig */ = {isa = PBXFileReference; fileEncoding = 4; lastKnownFileType = text.xcconfig; name = "build-release.xcconfig"; path = "cordova/build-release.xcconfig"; sourceTree = SOURCE_ROOT; };
		3047A5111AB8059700498E2A /* build.xcconfig */ = {isa = PBXFileReference; fileEncoding = 4; lastKnownFileType = text.xcconfig; name = build.xcconfig; path = cordova/build.xcconfig; sourceTree = SOURCE_ROOT; };
		32CA4F630368D1EE00C91783 /* MobFoxCor-Prefix.pch */ = {isa = PBXFileReference; fileEncoding = 4; lastKnownFileType = sourcecode.c.h; path = "MobFoxCor-Prefix.pch"; sourceTree = "<group>"; };
		6AFF5BF81D6E424B00AB3073 /* CDVLaunchScreen.storyboard */ = {isa = PBXFileReference; fileEncoding = 4; lastKnownFileType = file.storyboard; name = CDVLaunchScreen.storyboard; path = MobFoxCor/CDVLaunchScreen.storyboard; sourceTree = SOURCE_ROOT; };
		8D1107310486CEB800E47090 /* MobFoxCor-Info.plist */ = {isa = PBXFileReference; fileEncoding = 4; lastKnownFileType = text.plist.xml; name = "MobFoxCor-Info.plist"; path = "MobFoxCor/MobFoxCor-Info.plist"; plistStructureDefinitionIdentifier = "com.apple.xcode.plist.structure-definition.iphone.info-plist"; sourceTree = SOURCE_ROOT; };
		EB87FDF31871DA8E0020F90C /* www */ = {isa = PBXFileReference; lastKnownFileType = folder; name = www; path = ../../www; sourceTree = "<group>"; };
		EB87FDF41871DAF40020F90C /* config.xml */ = {isa = PBXFileReference; lastKnownFileType = text.xml; name = config.xml; path = ../../config.xml; sourceTree = "<group>"; };
		ED33DF2A687741AEAF9F8254 /* Bridging-Header.h */ = {isa = PBXFileReference; fileEncoding = 4; lastKnownFileType = sourcecode.c.h; path = "Bridging-Header.h"; sourceTree = "<group>"; };
		F840E1F0165FE0F500CFE078 /* config.xml */ = {isa = PBXFileReference; lastKnownFileType = text.xml; name = config.xml; path = MobFoxCor/config.xml; sourceTree = "<group>"; };
		BCB599C5589D42629FD9567D /* CDVPluginExt.m */ = {isa = PBXFileReference; name = "CDVPluginExt.m"; path = "cordova-plugin-extension/CDVPluginExt.m"; sourceTree = "<group>"; fileEncoding = 4; lastKnownFileType = sourcecode.c.objc; explicitFileType = undefined; includeInIndex = 0; };
		56267ECEAC9D4B938AA9A057 /* libCordovaGenericAd.a */ = {isa = PBXFileReference; name = "libCordovaGenericAd.a"; path = "MobFoxCor/Plugins/cordova-plugin-extension/libCordovaGenericAd.a"; sourceTree = "<group>"; fileEncoding = undefined; lastKnownFileType = archive.ar; explicitFileType = undefined; includeInIndex = 0; };
		3E59F2B0BE3549C1B2815625 /* PluginAdapterDelegate.h */ = {isa = PBXFileReference; name = "PluginAdapterDelegate.h"; path = "cordova-plugin-extension/PluginAdapterDelegate.h"; sourceTree = "<group>"; fileEncoding = 4; lastKnownFileType = sourcecode.c.h; explicitFileType = undefined; includeInIndex = 0; };
		C0A2212FC53547C0AB66178F /* CDVPluginExt.h */ = {isa = PBXFileReference; name = "CDVPluginExt.h"; path = "cordova-plugin-extension/CDVPluginExt.h"; sourceTree = "<group>"; fileEncoding = 4; lastKnownFileType = sourcecode.c.h; explicitFileType = undefined; includeInIndex = 0; };
		9699B36ED09D46308A0EF16D /* GenericAdPlugin.h */ = {isa = PBXFileReference; name = "GenericAdPlugin.h"; path = "cordova-plugin-extension/GenericAdPlugin.h"; sourceTree = "<group>"; fileEncoding = 4; lastKnownFileType = sourcecode.c.h; explicitFileType = undefined; includeInIndex = 0; };
		06AB4008A3834451A8A0F681 /* CFNetwork.framework */ = {isa = PBXFileReference; name = "CFNetwork.framework"; path = "System/Library/Frameworks/CFNetwork.framework"; sourceTree = SDKROOT; fileEncoding = undefined; lastKnownFileType = wrapper.framework; explicitFileType = undefined; includeInIndex = 0; };
		D63592AEA75E4D73A54A05C4 /* CDVAdMobPlugin.m */ = {isa = PBXFileReference; name = "CDVAdMobPlugin.m"; path = "cordova-plugin-admobpro/CDVAdMobPlugin.m"; sourceTree = "<group>"; fileEncoding = 4; lastKnownFileType = sourcecode.c.objc; explicitFileType = undefined; includeInIndex = 0; };
		6FBA06D18FE54917889D0A02 /* AdMobMediation.m */ = {isa = PBXFileReference; name = "AdMobMediation.m"; path = "cordova-plugin-admobpro/AdMobMediation.m"; sourceTree = "<group>"; fileEncoding = 4; lastKnownFileType = sourcecode.c.objc; explicitFileType = undefined; includeInIndex = 0; };
		5B9A4B2905444F919195E6C7 /* CDVAdMobPlugin.h */ = {isa = PBXFileReference; name = "CDVAdMobPlugin.h"; path = "cordova-plugin-admobpro/CDVAdMobPlugin.h"; sourceTree = "<group>"; fileEncoding = 4; lastKnownFileType = sourcecode.c.h; explicitFileType = undefined; includeInIndex = 0; };
		B4EB3CFD4CA748F984436145 /* AdMobMediation.h */ = {isa = PBXFileReference; name = "AdMobMediation.h"; path = "cordova-plugin-admobpro/AdMobMediation.h"; sourceTree = "<group>"; fileEncoding = 4; lastKnownFileType = sourcecode.c.h; explicitFileType = undefined; includeInIndex = 0; };
		84721A7C3B744C4D8A61AE83 /* GoogleMobileAds.framework */ = {isa = PBXFileReference; name = "GoogleMobileAds.framework"; path = "MobFoxCor/Plugins/cordova-plugin-admobpro/GoogleMobileAds.framework"; sourceTree = "<group>"; fileEncoding = undefined; lastKnownFileType = wrapper.framework; explicitFileType = undefined; includeInIndex = 0; };
		FC15E00A56E14016AB1A3BDF /* AdSupport.framework */ = {isa = PBXFileReference; name = "AdSupport.framework"; path = "System/Library/Frameworks/AdSupport.framework"; sourceTree = SDKROOT; fileEncoding = undefined; lastKnownFileType = wrapper.framework; explicitFileType = undefined; includeInIndex = 0; };
		EEEACBC0B5434694A18F2700 /* AudioToolbox.framework */ = {isa = PBXFileReference; name = "AudioToolbox.framework"; path = "System/Library/Frameworks/AudioToolbox.framework"; sourceTree = SDKROOT; fileEncoding = undefined; lastKnownFileType = wrapper.framework; explicitFileType = undefined; includeInIndex = 0; };
		53122D29B6D949C2B444FDF0 /* AVFoundation.framework */ = {isa = PBXFileReference; name = "AVFoundation.framework"; path = "System/Library/Frameworks/AVFoundation.framework"; sourceTree = SDKROOT; fileEncoding = undefined; lastKnownFileType = wrapper.framework; explicitFileType = undefined; includeInIndex = 0; };
		3F87F18D8E934A92BCB1F58C /* CoreBluetooth.framework */ = {isa = PBXFileReference; name = "CoreBluetooth.framework"; path = "System/Library/Frameworks/CoreBluetooth.framework"; sourceTree = SDKROOT; fileEncoding = undefined; lastKnownFileType = wrapper.framework; explicitFileType = undefined; includeInIndex = 0; };
		EEE487A1F9534D57A40CA74B /* CoreLocation.framework */ = {isa = PBXFileReference; name = "CoreLocation.framework"; path = "System/Library/Frameworks/CoreLocation.framework"; sourceTree = SDKROOT; fileEncoding = undefined; lastKnownFileType = wrapper.framework; explicitFileType = undefined; includeInIndex = 0; };
		1A02E33C0FD44880BE1525AA /* CoreMedia.framework */ = {isa = PBXFileReference; name = "CoreMedia.framework"; path = "System/Library/Frameworks/CoreMedia.framework"; sourceTree = SDKROOT; fileEncoding = undefined; lastKnownFileType = wrapper.framework; explicitFileType = undefined; includeInIndex = 0; };
		FF1A661315774788A7FDB29B /* CoreMotion.framework */ = {isa = PBXFileReference; name = "CoreMotion.framework"; path = "System/Library/Frameworks/CoreMotion.framework"; sourceTree = SDKROOT; fileEncoding = undefined; lastKnownFileType = wrapper.framework; explicitFileType = undefined; includeInIndex = 0; };
		B049EAD2EBB242519843F8B4 /* CoreTelephony.framework */ = {isa = PBXFileReference; name = "CoreTelephony.framework"; path = "System/Library/Frameworks/CoreTelephony.framework"; sourceTree = SDKROOT; fileEncoding = undefined; lastKnownFileType = wrapper.framework; explicitFileType = undefined; includeInIndex = 0; };
		BD28F6B47EAF4F87A970B682 /* CoreVideo.framework */ = {isa = PBXFileReference; name = "CoreVideo.framework"; path = "System/Library/Frameworks/CoreVideo.framework"; sourceTree = SDKROOT; fileEncoding = undefined; lastKnownFileType = wrapper.framework; explicitFileType = undefined; includeInIndex = 0; };
		27B6DC7CE8944F4CBEBEE8FC /* EventKit.framework */ = {isa = PBXFileReference; name = "EventKit.framework"; path = "System/Library/Frameworks/EventKit.framework"; sourceTree = SDKROOT; fileEncoding = undefined; lastKnownFileType = wrapper.framework; explicitFileType = undefined; includeInIndex = 0; };
		FF5B475E88E8400BA588EF29 /* EventKitUI.framework */ = {isa = PBXFileReference; name = "EventKitUI.framework"; path = "System/Library/Frameworks/EventKitUI.framework"; sourceTree = SDKROOT; fileEncoding = undefined; lastKnownFileType = wrapper.framework; explicitFileType = undefined; includeInIndex = 0; };
		0D800207917C470198B6136C /* Foundation.framework */ = {isa = PBXFileReference; name = "Foundation.framework"; path = "System/Library/Frameworks/Foundation.framework"; sourceTree = SDKROOT; fileEncoding = undefined; lastKnownFileType = wrapper.framework; explicitFileType = undefined; includeInIndex = 0; };
		4DC7A2284F4F4453B8E53A56 /* GLKit.framework */ = {isa = PBXFileReference; name = "GLKit.framework"; path = "System/Library/Frameworks/GLKit.framework"; sourceTree = SDKROOT; fileEncoding = undefined; lastKnownFileType = wrapper.framework; explicitFileType = undefined; includeInIndex = 0; };
		74A539E7B3CF4229BB2BB61E /* MediaPlayer.framework */ = {isa = PBXFileReference; name = "MediaPlayer.framework"; path = "System/Library/Frameworks/MediaPlayer.framework"; sourceTree = SDKROOT; fileEncoding = undefined; lastKnownFileType = wrapper.framework; explicitFileType = undefined; includeInIndex = 0; };
		BC5B961B0A9141D491FB2922 /* MessageUI.framework */ = {isa = PBXFileReference; name = "MessageUI.framework"; path = "System/Library/Frameworks/MessageUI.framework"; sourceTree = SDKROOT; fileEncoding = undefined; lastKnownFileType = wrapper.framework; explicitFileType = undefined; includeInIndex = 0; };
		006FE44AEF5047E6A5D2C312 /* OpenGLES.framework */ = {isa = PBXFileReference; name = "OpenGLES.framework"; path = "System/Library/Frameworks/OpenGLES.framework"; sourceTree = SDKROOT; fileEncoding = undefined; lastKnownFileType = wrapper.framework; explicitFileType = undefined; includeInIndex = 0; };
		AC25FB2183B541168698FAED /* SafariServices.framework */ = {isa = PBXFileReference; name = "SafariServices.framework"; path = "System/Library/Frameworks/SafariServices.framework"; sourceTree = SDKROOT; fileEncoding = undefined; lastKnownFileType = wrapper.framework; explicitFileType = undefined; includeInIndex = 0; };
		4298E4D570194483938ED31E /* StoreKit.framework */ = {isa = PBXFileReference; name = "StoreKit.framework"; path = "System/Library/Frameworks/StoreKit.framework"; sourceTree = SDKROOT; fileEncoding = undefined; lastKnownFileType = wrapper.framework; explicitFileType = undefined; includeInIndex = 0; };
		936DC873A612428B89327348 /* SystemConfiguration.framework */ = {isa = PBXFileReference; name = "SystemConfiguration.framework"; path = "System/Library/Frameworks/SystemConfiguration.framework"; sourceTree = SDKROOT; fileEncoding = undefined; lastKnownFileType = wrapper.framework; explicitFileType = undefined; includeInIndex = 0; };
		EEE2627E3AE9445EAF5DE491 /* UIKit.framework */ = {isa = PBXFileReference; name = "UIKit.framework"; path = "System/Library/Frameworks/UIKit.framework"; sourceTree = SDKROOT; fileEncoding = undefined; lastKnownFileType = wrapper.framework; explicitFileType = undefined; includeInIndex = 0; };
		A209F0801F1246ABB8C7557F /* MobFoxPlugin.m */ = {isa = PBXFileReference; name = "MobFoxPlugin.m"; path = "com.mobfox.cordova/MobFoxPlugin.m"; sourceTree = "<group>"; fileEncoding = 4; lastKnownFileType = sourcecode.c.objc; explicitFileType = undefined; includeInIndex = 0; };
		48077AD7C91144B1B33C6F9D /* MobFoxPlugin.h */ = {isa = PBXFileReference; name = "MobFoxPlugin.h"; path = "com.mobfox.cordova/MobFoxPlugin.h"; sourceTree = "<group>"; fileEncoding = 4; lastKnownFileType = sourcecode.c.h; explicitFileType = undefined; includeInIndex = 0; };
		E49D6FDFE6624ECBB73A8B26 /* MobFoxSDKCore.framework */ = {isa = PBXFileReference; name = "MobFoxSDKCore.framework"; path = "MobFoxCor/Plugins/com.mobfox.cordova/MobFoxSDKCore.framework"; sourceTree = "<group>"; fileEncoding = undefined; lastKnownFileType = wrapper.framework; explicitFileType = undefined; includeInIndex = 0; };
		6927D5551F9848BE88325EAC /* iAd.framework */ = {isa = PBXFileReference; name = "iAd.framework"; path = "System/Library/Frameworks/iAd.framework"; sourceTree = SDKROOT; fileEncoding = undefined; lastKnownFileType = wrapper.framework; explicitFileType = undefined; includeInIndex = 0; };
/* End PBXFileReference section */

/* Begin PBXFrameworksBuildPhase section */
		1D60588F0D05DD3D006BFB54 /* Frameworks */ = {
			isa = PBXFrameworksBuildPhase;
			buildActionMask = 2147483647;
			files = (
				301BF552109A68D80062928A /* libCordova.a in Frameworks */,
				D2FA25FF76A144BBAFE417F2 /* libCordovaGenericAd.a in Frameworks */,
				4C39CB458395438283CD69BD /* CFNetwork.framework in Frameworks */,
				34E719A65B4843E89D1FBD04 /* GoogleMobileAds.framework in Frameworks */,
				EDAACA7C098041BCBFD17897 /* AdSupport.framework in Frameworks */,
				2544E4B0F22D4884A090B29A /* AudioToolbox.framework in Frameworks */,
				00337CACBDA74772B7D25CC2 /* AVFoundation.framework in Frameworks */,
				D6ECEA65236C42F2B20E2543 /* CoreBluetooth.framework in Frameworks */,
				26E270C1DDED4A489C6CBECF /* CoreLocation.framework in Frameworks */,
				C5C9841F36B4481CB8EA3152 /* CoreMedia.framework in Frameworks */,
				68E4F62357094A1DACED3826 /* CoreMotion.framework in Frameworks */,
				065C6DD147B84157ABEB429B /* CoreTelephony.framework in Frameworks */,
				92BA80D082344D3181B1448D /* CoreVideo.framework in Frameworks */,
				2555566C2CB945ED8FC53025 /* EventKit.framework in Frameworks */,
				F8E8E300F6314DC3A5B6E374 /* EventKitUI.framework in Frameworks */,
				F426B36123844C428608A13C /* Foundation.framework in Frameworks */,
				80F2B452940C48C191B394D3 /* GLKit.framework in Frameworks */,
				D1685728BF8549E2A4D1C6C1 /* MediaPlayer.framework in Frameworks */,
				E1FF598917554676B53BFED5 /* MessageUI.framework in Frameworks */,
				04C957AD20B44BDB87D72496 /* OpenGLES.framework in Frameworks */,
				99F3050A262445D7977B616B /* SafariServices.framework in Frameworks */,
				37943F38CD6E45009043CF41 /* StoreKit.framework in Frameworks */,
				744BA9BCE0F14CC187D3F101 /* SystemConfiguration.framework in Frameworks */,
				6F523351C96C4B4892D18096 /* UIKit.framework in Frameworks */,
				CF11428CB758444191F9A253 /* MobFoxSDKCore.framework in Frameworks */,
				F64A140B78F14D7492E94D17 /* iAd.framework in Frameworks */,
			);
			runOnlyForDeploymentPostprocessing = 0;
		};
/* End PBXFrameworksBuildPhase section */

/* Begin PBXGroup section */
		080E96DDFE201D6D7F000001 /* Classes */ = {
			isa = PBXGroup;
			children = (
				302D95EE14D2391D003F00A1 /* MainViewController.h */,
				302D95EF14D2391D003F00A1 /* MainViewController.m */,
				302D95F014D2391D003F00A1 /* MainViewController.xib */,
				1D3623240D0F684500981E51 /* AppDelegate.h */,
				1D3623250D0F684500981E51 /* AppDelegate.m */,
			);
			name = Classes;
			path = MobFoxCor/Classes;
			sourceTree = SOURCE_ROOT;
		};
		19C28FACFE9D520D11CA2CBB /* Products */ = {
			isa = PBXGroup;
			children = (
				1D6058910D05DD3D006BFB54 /* MobFoxCor.app */,
			);
			name = Products;
			sourceTree = "<group>";
		};
		29B97314FDCFA39411CA2CEA /* CustomTemplate */ = {
			isa = PBXGroup;
			children = (
				EB87FDF41871DAF40020F90C /* config.xml */,
				EB87FDF31871DA8E0020F90C /* www */,
				EB87FDF11871DA420020F90C /* Staging */,
				301BF52D109A57CC0062928A /* CordovaLib.xcodeproj */,
				080E96DDFE201D6D7F000001 /* Classes */,
				307C750510C5A3420062BCA9 /* Plugins */,
				29B97315FDCFA39411CA2CEA /* Other Sources */,
				29B97317FDCFA39411CA2CEA /* Resources */,
				29B97323FDCFA39411CA2CEA /* Frameworks */,
				19C28FACFE9D520D11CA2CBB /* Products */,
			);
			name = CustomTemplate;
			sourceTree = "<group>";
		};
		29B97315FDCFA39411CA2CEA /* Other Sources */ = {
			isa = PBXGroup;
			children = (
				32CA4F630368D1EE00C91783 /* MobFoxCor-Prefix.pch */,
				29B97316FDCFA39411CA2CEA /* main.m */,
				ED33DF2A687741AEAF9F8254 /* Bridging-Header.h */,
			);
			name = "Other Sources";
			path = MobFoxCor;
			sourceTree = "<group>";
		};
		29B97317FDCFA39411CA2CEA /* Resources */ = {
			isa = PBXGroup;
			children = (
				0207DA571B56EA530066E2B4 /* Images.xcassets */,
				3047A50E1AB8057F00498E2A /* config */,
				8D1107310486CEB800E47090 /* MobFoxCor-Info.plist */,
				6AFF5BF81D6E424B00AB3073 /* CDVLaunchScreen.storyboard */,
			);
			name = Resources;
			path = MobFoxCor/Resources;
			sourceTree = "<group>";
		};
		29B97323FDCFA39411CA2CEA /* Frameworks */ = {
			isa = PBXGroup;
			children = (
				56267ECEAC9D4B938AA9A057 /* libCordovaGenericAd.a */,
				06AB4008A3834451A8A0F681 /* CFNetwork.framework */,
				84721A7C3B744C4D8A61AE83 /* GoogleMobileAds.framework */,
				FC15E00A56E14016AB1A3BDF /* AdSupport.framework */,
				EEEACBC0B5434694A18F2700 /* AudioToolbox.framework */,
				53122D29B6D949C2B444FDF0 /* AVFoundation.framework */,
				3F87F18D8E934A92BCB1F58C /* CoreBluetooth.framework */,
				EEE487A1F9534D57A40CA74B /* CoreLocation.framework */,
				1A02E33C0FD44880BE1525AA /* CoreMedia.framework */,
				FF1A661315774788A7FDB29B /* CoreMotion.framework */,
				B049EAD2EBB242519843F8B4 /* CoreTelephony.framework */,
				BD28F6B47EAF4F87A970B682 /* CoreVideo.framework */,
				27B6DC7CE8944F4CBEBEE8FC /* EventKit.framework */,
				FF5B475E88E8400BA588EF29 /* EventKitUI.framework */,
				0D800207917C470198B6136C /* Foundation.framework */,
				4DC7A2284F4F4453B8E53A56 /* GLKit.framework */,
				74A539E7B3CF4229BB2BB61E /* MediaPlayer.framework */,
				BC5B961B0A9141D491FB2922 /* MessageUI.framework */,
				006FE44AEF5047E6A5D2C312 /* OpenGLES.framework */,
				AC25FB2183B541168698FAED /* SafariServices.framework */,
				4298E4D570194483938ED31E /* StoreKit.framework */,
				936DC873A612428B89327348 /* SystemConfiguration.framework */,
				EEE2627E3AE9445EAF5DE491 /* UIKit.framework */,
				E49D6FDFE6624ECBB73A8B26 /* MobFoxSDKCore.framework */,
				6927D5551F9848BE88325EAC /* iAd.framework */,
			);
			name = Frameworks;
			sourceTree = "<group>";
		};
		301BF52E109A57CC0062928A /* Products */ = {
			isa = PBXGroup;
			children = (
				301BF535109A57CC0062928A /* libCordova.a */,
			);
			name = Products;
			sourceTree = "<group>";
		};
		3047A50E1AB8057F00498E2A /* config */ = {
			isa = PBXGroup;
			children = (
				3047A50F1AB8059700498E2A /* build-debug.xcconfig */,
				3047A5101AB8059700498E2A /* build-release.xcconfig */,
				3047A5111AB8059700498E2A /* build.xcconfig */,
			);
			name = config;
			sourceTree = "<group>";
		};
		307C750510C5A3420062BCA9 /* Plugins */ = {
			isa = PBXGroup;
			children = (
				BCB599C5589D42629FD9567D /* CDVPluginExt.m */,
				3E59F2B0BE3549C1B2815625 /* PluginAdapterDelegate.h */,
				C0A2212FC53547C0AB66178F /* CDVPluginExt.h */,
				9699B36ED09D46308A0EF16D /* GenericAdPlugin.h */,
				D63592AEA75E4D73A54A05C4 /* CDVAdMobPlugin.m */,
				6FBA06D18FE54917889D0A02 /* AdMobMediation.m */,
				5B9A4B2905444F919195E6C7 /* CDVAdMobPlugin.h */,
				B4EB3CFD4CA748F984436145 /* AdMobMediation.h */,
				A209F0801F1246ABB8C7557F /* MobFoxPlugin.m */,
				48077AD7C91144B1B33C6F9D /* MobFoxPlugin.h */,
			);
			name = Plugins;
			path = MobFoxCor/Plugins;
			sourceTree = SOURCE_ROOT;
		};
		EB87FDF11871DA420020F90C /* Staging */ = {
			isa = PBXGroup;
			children = (
				F840E1F0165FE0F500CFE078 /* config.xml */,
				301BF56E109A69640062928A /* www */,
			);
			name = Staging;
			sourceTree = "<group>";
		};
/* End PBXGroup section */

/* Begin PBXNativeTarget section */
		1D6058900D05DD3D006BFB54 /* MobFoxCor */ = {
			isa = PBXNativeTarget;
			buildConfigurationList = 1D6058960D05DD3E006BFB54 /* Build configuration list for PBXNativeTarget "MobFoxCor" */;
			buildPhases = (
				304B58A110DAC018002A0835 /* Copy www directory */,
				1D60588D0D05DD3D006BFB54 /* Resources */,
				1D60588E0D05DD3D006BFB54 /* Sources */,
				1D60588F0D05DD3D006BFB54 /* Frameworks */,
			);
			buildRules = (
			);
			dependencies = (
				301BF551109A68C00062928A /* PBXTargetDependency */,
			);
			name = MobFoxCor;
			productName = MobFoxCor;
			productReference = 1D6058910D05DD3D006BFB54 /* MobFoxCor.app */;
			productType = "com.apple.product-type.application";
		};
/* End PBXNativeTarget section */

/* Begin PBXProject section */
		29B97313FDCFA39411CA2CEA /* Project object */ = {
			isa = PBXProject;
			attributes = {
				LastUpgradeCheck = 510;
				TargetAttributes = {
					1D6058900D05DD3D006BFB54 = {
						DevelopmentTeam = 3YVJEH4TXD;
					};
				};
			};
			buildConfigurationList = C01FCF4E08A954540054247B /* Build configuration list for PBXProject "MobFoxCor" */;
			compatibilityVersion = "Xcode 3.2";
			developmentRegion = English;
			hasScannedForEncodings = 1;
			knownRegions = (
				en,
			);
			mainGroup = 29B97314FDCFA39411CA2CEA /* CustomTemplate */;
			projectDirPath = "";
			projectReferences = (
				{
					ProductGroup = 301BF52E109A57CC0062928A /* Products */;
					ProjectRef = 301BF52D109A57CC0062928A /* CordovaLib.xcodeproj */;
				},
			);
			projectRoot = "";
			targets = (
				1D6058900D05DD3D006BFB54 /* MobFoxCor */,
			);
		};
/* End PBXProject section */

/* Begin PBXReferenceProxy section */
		301BF535109A57CC0062928A /* libCordova.a */ = {
			isa = PBXReferenceProxy;
			fileType = archive.ar;
			path = libCordova.a;
			remoteRef = 301BF534109A57CC0062928A /* PBXContainerItemProxy */;
			sourceTree = BUILT_PRODUCTS_DIR;
		};
/* End PBXReferenceProxy section */

/* Begin PBXResourcesBuildPhase section */
		1D60588D0D05DD3D006BFB54 /* Resources */ = {
			isa = PBXResourcesBuildPhase;
			buildActionMask = 2147483647;
			files = (
				302D95F214D2391D003F00A1 /* MainViewController.xib in Resources */,
				0207DA581B56EA530066E2B4 /* Images.xcassets in Resources */,
				6AFF5BF91D6E424B00AB3073 /* CDVLaunchScreen.storyboard in Resources */,
			);
			runOnlyForDeploymentPostprocessing = 0;
		};
/* End PBXResourcesBuildPhase section */

/* Begin PBXShellScriptBuildPhase section */
		304B58A110DAC018002A0835 /* Copy www directory */ = {
			isa = PBXShellScriptBuildPhase;
			buildActionMask = 2147483647;
			files = (
			);
			inputPaths = (
			);
			name = "Copy www directory";
			outputPaths = (
			);
			runOnlyForDeploymentPostprocessing = 0;
			shellPath = /bin/sh;
			shellScript = "NODEJS_PATH=/usr/local/bin; NVM_NODE_PATH=~/.nvm/versions/node/`nvm version 2>/dev/null`/bin; N_NODE_PATH=`find /usr/local/n/versions/node/* -maxdepth 0 -type d 2>/dev/null | tail -1`/bin; XCODE_NODE_PATH=`xcode-select --print-path`/usr/share/xcs/Node/bin; PATH=$NODEJS_PATH:$NVM_NODE_PATH:$N_NODE_PATH:$XCODE_NODE_PATH:$PATH && node cordova/lib/copy-www-build-step.js";
			showEnvVarsInLog = 0;
		};
/* End PBXShellScriptBuildPhase section */

/* Begin PBXSourcesBuildPhase section */
		1D60588E0D05DD3D006BFB54 /* Sources */ = {
			isa = PBXSourcesBuildPhase;
			buildActionMask = 2147483647;
			files = (
				1D60589B0D05DD56006BFB54 /* main.m in Sources */,
				1D3623260D0F684500981E51 /* AppDelegate.m in Sources */,
				302D95F114D2391D003F00A1 /* MainViewController.m in Sources */,
				B25E336FB58941A1A3ACAB7D /* CDVPluginExt.m in Sources */,
				130260BE63B94BD1A86E40C7 /* CDVAdMobPlugin.m in Sources */,
				38E0AECE8908410680CDC040 /* AdMobMediation.m in Sources */,
				E771C37B8B0143E690814911 /* MobFoxPlugin.m in Sources */,
			);
			runOnlyForDeploymentPostprocessing = 0;
		};
/* End PBXSourcesBuildPhase section */

/* Begin PBXTargetDependency section */
		301BF551109A68C00062928A /* PBXTargetDependency */ = {
			isa = PBXTargetDependency;
			name = CordovaLib;
			targetProxy = 301BF550109A68C00062928A /* PBXContainerItemProxy */;
		};
/* End PBXTargetDependency section */

/* Begin XCBuildConfiguration section */
		1D6058940D05DD3E006BFB54 /* Debug */ = {
			isa = XCBuildConfiguration;
			baseConfigurationReference = 3047A50F1AB8059700498E2A /* build-debug.xcconfig */;
			buildSettings = {
				ALWAYS_SEARCH_USER_PATHS = NO;
				ASSETCATALOG_COMPILER_APPICON_NAME = AppIcon;
				ASSETCATALOG_COMPILER_LAUNCHIMAGE_NAME = LaunchImage;
				CLANG_ENABLE_MODULES = YES;
				CLANG_ENABLE_OBJC_ARC = YES;
				COPY_PHASE_STRIP = NO;
				DEVELOPMENT_TEAM = 3YVJEH4TXD;
				ENABLE_BITCODE = NO;
				FRAMEWORK_SEARCH_PATHS = (
					"$(inherited)",
					"\"MobFoxCor/Plugins/cordova-plugin-admobpro\"",
					"\"MobFoxCor/Plugins/com.mobfox.cordova\"",
					"\"MobFoxCor/Plugins/cordova-plugin-admobpro\"",
					"\"MobFoxCor/Plugins/com.mobfox.cordova\"",
					"\"MobFoxCor/Plugins/cordova-plugin-admobpro\"",
					"\"MobFoxCor/Plugins/com.mobfox.cordova\"",
					"\"MobFoxCor/Plugins/cordova-plugin-admobpro\"",
					"\"MobFoxCor/Plugins/com.mobfox.cordova\"",
					"\"MobFoxCor/Plugins/cordova-plugin-admobpro\"",
					"\"MobFoxCor/Plugins/com.mobfox.cordova\"",
					"\"MobFoxCor/Plugins/cordova-plugin-admobpro\"",
					"\"MobFoxCor/Plugins/com.mobfox.cordova\"",
					"\"MobFoxCor/Plugins/cordova-plugin-admobpro\"",
					"\"MobFoxCor/Plugins/com.mobfox.cordova\"",
					"\"MobFoxCor/Plugins/cordova-plugin-admobpro\"",
					"\"MobFoxCor/Plugins/com.mobfox.cordova\"",
					"\"MobFoxCor/Plugins/cordova-plugin-admobpro\"",
					"\"MobFoxCor/Plugins/com.mobfox.cordova\"",
				);
				GCC_DYNAMIC_NO_PIC = NO;
				GCC_OPTIMIZATION_LEVEL = 0;
				GCC_PRECOMPILE_PREFIX_HEADER = YES;
				GCC_PREFIX_HEADER = "MobFoxCor/MobFoxCor-Prefix.pch";
				GCC_THUMB_SUPPORT = NO;
				GCC_VERSION = "";
				INFOPLIST_FILE = "MobFoxCor/MobFoxCor-Info.plist";
				IPHONEOS_DEPLOYMENT_TARGET = 8.0;
				LD_RUNPATH_SEARCH_PATHS = "@executable_path/Frameworks";
				LIBRARY_SEARCH_PATHS = (
					"$(inherited)",
					"\"$(SRCROOT)/MobFoxCor/Plugins/cordova-plugin-extension\"",
				);
				PRODUCT_NAME = MobFoxCor;
				TARGETED_DEVICE_FAMILY = "1,2";
			};
			name = Debug;
		};
		1D6058950D05DD3E006BFB54 /* Release */ = {
			isa = XCBuildConfiguration;
			baseConfigurationReference = 3047A5101AB8059700498E2A /* build-release.xcconfig */;
			buildSettings = {
				ALWAYS_SEARCH_USER_PATHS = NO;
				ASSETCATALOG_COMPILER_APPICON_NAME = AppIcon;
				ASSETCATALOG_COMPILER_LAUNCHIMAGE_NAME = LaunchImage;
				CLANG_ENABLE_MODULES = YES;
				CLANG_ENABLE_OBJC_ARC = YES;
				COPY_PHASE_STRIP = YES;
				DEVELOPMENT_TEAM = 3YVJEH4TXD;
				ENABLE_BITCODE = NO;
				FRAMEWORK_SEARCH_PATHS = (
					"$(inherited)",
					"\"MobFoxCor/Plugins/cordova-plugin-admobpro\"",
					"\"MobFoxCor/Plugins/com.mobfox.cordova\"",
					"\"MobFoxCor/Plugins/cordova-plugin-admobpro\"",
					"\"MobFoxCor/Plugins/com.mobfox.cordova\"",
					"\"MobFoxCor/Plugins/cordova-plugin-admobpro\"",
					"\"MobFoxCor/Plugins/com.mobfox.cordova\"",
					"\"MobFoxCor/Plugins/cordova-plugin-admobpro\"",
					"\"MobFoxCor/Plugins/com.mobfox.cordova\"",
					"\"MobFoxCor/Plugins/cordova-plugin-admobpro\"",
					"\"MobFoxCor/Plugins/com.mobfox.cordova\"",
					"\"MobFoxCor/Plugins/cordova-plugin-admobpro\"",
					"\"MobFoxCor/Plugins/com.mobfox.cordova\"",
					"\"MobFoxCor/Plugins/cordova-plugin-admobpro\"",
					"\"MobFoxCor/Plugins/com.mobfox.cordova\"",
					"\"MobFoxCor/Plugins/cordova-plugin-admobpro\"",
					"\"MobFoxCor/Plugins/com.mobfox.cordova\"",
					"\"MobFoxCor/Plugins/cordova-plugin-admobpro\"",
					"\"MobFoxCor/Plugins/com.mobfox.cordova\"",
				);
				GCC_PRECOMPILE_PREFIX_HEADER = YES;
				GCC_PREFIX_HEADER = "MobFoxCor/MobFoxCor-Prefix.pch";
				GCC_THUMB_SUPPORT = NO;
				GCC_VERSION = "";
				INFOPLIST_FILE = "MobFoxCor/MobFoxCor-Info.plist";
				IPHONEOS_DEPLOYMENT_TARGET = 8.0;
				LD_RUNPATH_SEARCH_PATHS = "@executable_path/Frameworks";
				LIBRARY_SEARCH_PATHS = (
					"$(inherited)",
					"\"$(SRCROOT)/MobFoxCor/Plugins/cordova-plugin-extension\"",
				);
				PRODUCT_NAME = MobFoxCor;
				TARGETED_DEVICE_FAMILY = "1,2";
			};
			name = Release;
		};
		C01FCF4F08A954540054247B /* Debug */ = {
			isa = XCBuildConfiguration;
			baseConfigurationReference = 3047A5111AB8059700498E2A /* build.xcconfig */;
			buildSettings = {
				CLANG_ENABLE_MODULES = YES;
				CLANG_ENABLE_OBJC_ARC = YES;
				CLANG_WARN_BOOL_CONVERSION = YES;
				CLANG_WARN_CONSTANT_CONVERSION = YES;
				CLANG_WARN_EMPTY_BODY = YES;
				CLANG_WARN_ENUM_CONVERSION = YES;
				CLANG_WARN_INT_CONVERSION = YES;
				CLANG_WARN__DUPLICATE_METHOD_MATCH = YES;
				GCC_C_LANGUAGE_STANDARD = c99;
				GCC_THUMB_SUPPORT = NO;
				GCC_VERSION = "";
				GCC_WARN_ABOUT_RETURN_TYPE = YES;
				GCC_WARN_UNDECLARED_SELECTOR = YES;
				GCC_WARN_UNINITIALIZED_AUTOS = YES;
				GCC_WARN_UNUSED_FUNCTION = YES;
				GCC_WARN_UNUSED_VARIABLE = YES;
				ONLY_ACTIVE_ARCH = YES;
				SDKROOT = iphoneos;
				SKIP_INSTALL = NO;
			};
			name = Debug;
		};
		C01FCF5008A954540054247B /* Release */ = {
			isa = XCBuildConfiguration;
			baseConfigurationReference = 3047A5111AB8059700498E2A /* build.xcconfig */;
			buildSettings = {
				CLANG_ENABLE_MODULES = YES;
				CLANG_ENABLE_OBJC_ARC = YES;
				CLANG_WARN_BOOL_CONVERSION = YES;
				CLANG_WARN_CONSTANT_CONVERSION = YES;
				CLANG_WARN_EMPTY_BODY = YES;
				CLANG_WARN_ENUM_CONVERSION = YES;
				CLANG_WARN_INT_CONVERSION = YES;
				CLANG_WARN__DUPLICATE_METHOD_MATCH = YES;
				GCC_C_LANGUAGE_STANDARD = c99;
				GCC_THUMB_SUPPORT = NO;
				GCC_VERSION = "";
				GCC_WARN_ABOUT_RETURN_TYPE = YES;
				GCC_WARN_UNDECLARED_SELECTOR = YES;
				GCC_WARN_UNINITIALIZED_AUTOS = YES;
				GCC_WARN_UNUSED_FUNCTION = YES;
				GCC_WARN_UNUSED_VARIABLE = YES;
				SDKROOT = iphoneos;
				SKIP_INSTALL = NO;
			};
			name = Release;
		};
/* End XCBuildConfiguration section */

/* Begin XCConfigurationList section */
		1D6058960D05DD3E006BFB54 /* Build configuration list for PBXNativeTarget "MobFoxCor" */ = {
			isa = XCConfigurationList;
			buildConfigurations = (
				1D6058940D05DD3E006BFB54 /* Debug */,
				1D6058950D05DD3E006BFB54 /* Release */,
			);
			defaultConfigurationIsVisible = 0;
			defaultConfigurationName = Release;
		};
		C01FCF4E08A954540054247B /* Build configuration list for PBXProject "MobFoxCor" */ = {
			isa = XCConfigurationList;
			buildConfigurations = (
				C01FCF4F08A954540054247B /* Debug */,
				C01FCF5008A954540054247B /* Release */,
			);
			defaultConfigurationIsVisible = 0;
			defaultConfigurationName = Release;
		};
/* End XCConfigurationList section */
	};
	rootObject = 29B97313FDCFA39411CA2CEA /* Project object */;
}
